{
  "version": 4,
  "terraform_version": "1.14.4",
  "serial": 270,
  "lineage": "751f97df-817e-0c55-de2a-f52739212d51",
  "outputs": {
    "acm_certificate_arn": {
      "value": "arn:aws:acm:us-east-1:072951074420:certificate/8e4248ad-959d-4ae8-9af3-8d2f9fe8219b",
      "type": "string"
    },
    "arn": {
      "value": "arn:aws:elasticloadbalancing:us-east-1:072951074420:loadbalancer/app/HR-test-ALB/6da0334049f578b5",
      "type": "string"
    },
    "arn_suffix": {
      "value": "app/HR-test-ALB/6da0334049f578b5",
      "type": "string"
    },
    "autoscaling_group_arn": {
      "value": "arn:aws:autoscaling:us-east-1:072951074420:autoScalingGroup:6c741123-3735-412f-be62-112f6824bd1e:autoScalingGroupName/my_autoscaling_group",
      "type": "string"
    },
    "autoscaling_group_id": {
      "value": "my_autoscaling_group",
      "type": "string"
    },
    "autoscaling_group_name": {
      "value": "my_autoscaling_group",
      "type": "string"
    },
    "azs": {
      "value": [
        "us-east-1a",
        "us-east-1b"
      ],
      "type": [
        "list",
        "string"
      ]
    },
    "dns_name": {
      "value": "HR-test-ALB-1226060512.us-east-1.elb.amazonaws.com",
      "type": "string"
    },
    "ec2_bastion_instance_id": {
      "value": [
        "i-0faa2515c38c1069a",
        "i-0a86956080e7dec55"
      ],
      "type": [
        "tuple",
        [
          "string",
          "string"
        ]
      ]
    },
    "ec2_bastion_instance_ip": {
      "value": [
        "3.225.60.5",
        "100.24.90.191"
      ],
      "type": [
        "tuple",
        [
          "string",
          "string"
        ]
      ]
    },
    "ec2_private_instance_app1_id": {
      "value": [
        "i-06f5dcd1ba6d3f281",
        "i-0e25ad1c1036beff5"
      ],
      "type": [
        "tuple",
        [
          "string",
          "string"
        ]
      ]
    },
    "ec2_private_instance_app1_ip": {
      "value": [
        "10.0.1.36",
        "10.0.2.221"
      ],
      "type": [
        "tuple",
        [
          "string",
          "string"
        ]
      ]
    },
    "id": {
      "value": "arn:aws:elasticloadbalancing:us-east-1:072951074420:loadbalancer/app/HR-test-ALB/6da0334049f578b5",
      "type": "string"
    },
    "launch_template_id": {
      "value": "lt-06e27dcd121e2f642",
      "type": "string"
    },
    "launch_template_version": {
      "value": 1,
      "type": "number"
    },
    "listener_rules": {
      "value": {
        "my-https/myapp1_rule": {
          "action": [
            {
              "authenticate_cognito": [],
              "authenticate_oidc": [],
              "fixed_response": [],
              "forward": [
                {
                  "stickiness": [
                    {
                      "duration": 3600,
                      "enabled": true
                    }
                  ],
                  "target_group": [
                    {
                      "arn": "arn:aws:elasticloadbalancing:us-east-1:072951074420:targetgroup/my-TG120260302090834484100000007/7a8db5eee3c6abbb",
                      "weight": 100
                    }
                  ]
                }
              ],
              "jwt_validation": [],
              "order": 1,
              "redirect": [],
              "target_group_arn": "",
              "type": "forward"
            }
          ],
          "arn": "arn:aws:elasticloadbalancing:us-east-1:072951074420:listener-rule/app/HR-test-ALB/6da0334049f578b5/0976ed5ded701691/cbee2186bd0b6847",
          "condition": [
            {
              "host_header": [],
              "http_header": [],
              "http_request_method": [],
              "path_pattern": [
                {
                  "regex_values": [],
                  "values": [
                    "/app1*"
                  ]
                }
              ],
              "query_string": [],
              "source_ip": []
            }
          ],
          "id": "arn:aws:elasticloadbalancing:us-east-1:072951074420:listener-rule/app/HR-test-ALB/6da0334049f578b5/0976ed5ded701691/cbee2186bd0b6847",
          "listener_arn": "arn:aws:elasticloadbalancing:us-east-1:072951074420:listener/app/HR-test-ALB/6da0334049f578b5/0976ed5ded701691",
          "priority": 1,
          "region": "us-east-1",
          "tags": {
            "environment": "test",
            "owners": "HR"
          },
          "tags_all": {
            "environment": "test",
            "owners": "HR"
          },
          "transform": []
        }
      },
      "type": [
        "object",
        {
          "my-https/myapp1_rule": [
            "object",
            {
              "action": [
                "list",
                [
                  "object",
                  {
                    "authenticate_cognito": [
                      "list",
                      [
                        "object",
                        {
                          "authentication_request_extra_params": [
                            "map",
                            "string"
                          ],
                          "on_unauthenticated_request": "string",
                          "scope": "string",
                          "session_cookie_name": "string",
                          "session_timeout": "number",
                          "user_pool_arn": "string",
                          "user_pool_client_id": "string",
                          "user_pool_domain": "string"
                        }
                      ]
                    ],
                    "authenticate_oidc": [
                      "list",
                      [
                        "object",
                        {
                          "authentication_request_extra_params": [
                            "map",
                            "string"
                          ],
                          "authorization_endpoint": "string",
                          "client_id": "string",
                          "client_secret": "string",
                          "issuer": "string",
                          "on_unauthenticated_request": "string",
                          "scope": "string",
                          "session_cookie_name": "string",
                          "session_timeout": "number",
                          "token_endpoint": "string",
                          "user_info_endpoint": "string"
                        }
                      ]
                    ],
                    "fixed_response": [
                      "list",
                      [
                        "object",
                        {
                          "content_type": "string",
                          "message_body": "string",
                          "status_code": "string"
                        }
                      ]
                    ],
                    "forward": [
                      "list",
                      [
                        "object",
                        {
                          "stickiness": [
                            "list",
                            [
                              "object",
                              {
                                "duration": "number",
                                "enabled": "bool"
                              }
                            ]
                          ],
                          "target_group": [
                            "set",
                            [
                              "object",
                              {
                                "arn": "string",
                                "weight": "number"
                              }
                            ]
                          ]
                        }
                      ]
                    ],
                    "jwt_validation": [
                      "list",
                      [
                        "object",
                        {
                          "additional_claim": [
                            "set",
                            [
                              "object",
                              {
                                "format": "string",
                                "name": "string",
                                "values": [
                                  "set",
                                  "string"
                                ]
                              }
                            ]
                          ],
                          "issuer": "string",
                          "jwks_endpoint": "string"
                        }
                      ]
                    ],
                    "order": "number",
                    "redirect": [
                      "list",
                      [
                        "object",
                        {
                          "host": "string",
                          "path": "string",
                          "port": "string",
                          "protocol": "string",
                          "query": "string",
                          "status_code": "string"
                        }
                      ]
                    ],
                    "target_group_arn": "string",
                    "type": "string"
                  }
                ]
              ],
              "arn": "string",
              "condition": [
                "set",
                [
                  "object",
                  {
                    "host_header": [
                      "list",
                      [
                        "object",
                        {
                          "regex_values": [
                            "set",
                            "string"
                          ],
                          "values": [
                            "set",
                            "string"
                          ]
                        }
                      ]
                    ],
                    "http_header": [
                      "list",
                      [
                        "object",
                        {
                          "http_header_name": "string",
                          "regex_values": [
                            "set",
                            "string"
                          ],
                          "values": [
                            "set",
                            "string"
                          ]
                        }
                      ]
                    ],
                    "http_request_method": [
                      "list",
                      [
                        "object",
                        {
                          "values": [
                            "set",
                            "string"
                          ]
                        }
                      ]
                    ],
                    "path_pattern": [
                      "list",
                      [
                        "object",
                        {
                          "regex_values": [
                            "set",
                            "string"
                          ],
                          "values": [
                            "set",
                            "string"
                          ]
                        }
                      ]
                    ],
                    "query_string": [
                      "set",
                      [
                        "object",
                        {
                          "key": "string",
                          "value": "string"
                        }
                      ]
                    ],
                    "source_ip": [
                      "list",
                      [
                        "object",
                        {
                          "values": [
                            "set",
                            "string"
                          ]
                        }
                      ]
                    ]
                  }
                ]
              ],
              "id": "string",
              "listener_arn": "string",
              "priority": "number",
              "region": "string",
              "tags": [
                "map",
                "string"
              ],
              "tags_all": [
                "map",
                "string"
              ],
              "transform": [
                "set",
                [
                  "object",
                  {
                    "host_header_rewrite_config": [
                      "list",
                      [
                        "object",
                        {
                          "rewrite": [
                            "list",
                            [
                              "object",
                              {
                                "regex": "string",
                                "replace": "string"
                              }
                            ]
                          ]
                        }
                      ]
                    ],
                    "type": "string",
                    "url_rewrite_config": [
                      "list",
                      [
                        "object",
                        {
                          "rewrite": [
                            "list",
                            [
                              "object",
                              {
                                "regex": "string",
                                "replace": "string"
                              }
                            ]
                          ]
                        }
                      ]
                    ]
                  }
                ]
              ]
            }
          ]
        }
      ],
      "sensitive": true
    },
    "listeners": {
      "value": {
        "my-http-https-redirect": {
          "alpn_policy": null,
          "arn": "arn:aws:elasticloadbalancing:us-east-1:072951074420:listener/app/HR-test-ALB/6da0334049f578b5/f572e19050897c98",
          "certificate_arn": null,
          "default_action": [
            {
              "authenticate_cognito": [],
              "authenticate_oidc": [],
              "fixed_response": [],
              "forward": [],
              "jwt_validation": [],
              "order": 1,
              "redirect": [
                {
                  "host": "#{host}",
                  "path": "/#{path}",
                  "port": "443",
                  "protocol": "HTTPS",
                  "query": "#{query}",
                  "status_code": "HTTP_301"
                }
              ],
              "target_group_arn": "",
              "type": "redirect"
            }
          ],
          "id": "arn:aws:elasticloadbalancing:us-east-1:072951074420:listener/app/HR-test-ALB/6da0334049f578b5/f572e19050897c98",
          "load_balancer_arn": "arn:aws:elasticloadbalancing:us-east-1:072951074420:loadbalancer/app/HR-test-ALB/6da0334049f578b5",
          "mutual_authentication": [],
          "port": 80,
          "protocol": "HTTP",
          "region": "us-east-1",
          "routing_http_request_x_amzn_mtls_clientcert_header_name": null,
          "routing_http_request_x_amzn_mtls_clientcert_issuer_header_name": null,
          "routing_http_request_x_amzn_mtls_clientcert_leaf_header_name": null,
          "routing_http_request_x_amzn_mtls_clientcert_serial_number_header_name": null,
          "routing_http_request_x_amzn_mtls_clientcert_subject_header_name": null,
          "routing_http_request_x_amzn_mtls_clientcert_validity_header_name": null,
          "routing_http_request_x_amzn_tls_cipher_suite_header_name": null,
          "routing_http_request_x_amzn_tls_version_header_name": null,
          "routing_http_response_access_control_allow_credentials_header_value": "",
          "routing_http_response_access_control_allow_headers_header_value": "",
          "routing_http_response_access_control_allow_methods_header_value": "",
          "routing_http_response_access_control_allow_origin_header_value": "",
          "routing_http_response_access_control_expose_headers_header_value": "",
          "routing_http_response_access_control_max_age_header_value": "",
          "routing_http_response_content_security_policy_header_value": "",
          "routing_http_response_server_enabled": true,
          "routing_http_response_strict_transport_security_header_value": "",
          "routing_http_response_x_content_type_options_header_value": "",
          "routing_http_response_x_frame_options_header_value": "",
          "ssl_policy": "",
          "tags": {
            "environment": "test",
            "owners": "HR"
          },
          "tags_all": {
            "environment": "test",
            "owners": "HR"
          },
          "tcp_idle_timeout_seconds": null,
          "timeouts": null
        },
        "my-https": {
          "alpn_policy": null,
          "arn": "arn:aws:elasticloadbalancing:us-east-1:072951074420:listener/app/HR-test-ALB/6da0334049f578b5/0976ed5ded701691",
          "certificate_arn": "arn:aws:acm:us-east-1:072951074420:certificate/8e4248ad-959d-4ae8-9af3-8d2f9fe8219b",
          "default_action": [
            {
              "authenticate_cognito": [],
              "authenticate_oidc": [],
              "fixed_response": [
                {
                  "content_type": "text/plain",
                  "message_body": "This is a fixed response for root context",
                  "status_code": "200"
                }
              ],
              "forward": [],
              "jwt_validation": [],
              "order": 1,
              "redirect": [],
              "target_group_arn": "",
              "type": "fixed-response"
            }
          ],
          "id": "arn:aws:elasticloadbalancing:us-east-1:072951074420:listener/app/HR-test-ALB/6da0334049f578b5/0976ed5ded701691",
          "load_balancer_arn": "arn:aws:elasticloadbalancing:us-east-1:072951074420:loadbalancer/app/HR-test-ALB/6da0334049f578b5",
          "mutual_authentication": [
            {
              "advertise_trust_store_ca_names": "",
              "ignore_client_certificate_expiry": false,
              "mode": "off",
              "trust_store_arn": ""
            }
          ],
          "port": 443,
          "protocol": "HTTPS",
          "region": "us-east-1",
          "routing_http_request_x_amzn_mtls_clientcert_header_name": "",
          "routing_http_request_x_amzn_mtls_clientcert_issuer_header_name": "",
          "routing_http_request_x_amzn_mtls_clientcert_leaf_header_name": "",
          "routing_http_request_x_amzn_mtls_clientcert_serial_number_header_name": "",
          "routing_http_request_x_amzn_mtls_clientcert_subject_header_name": "",
          "routing_http_request_x_amzn_mtls_clientcert_validity_header_name": "",
          "routing_http_request_x_amzn_tls_cipher_suite_header_name": "",
          "routing_http_request_x_amzn_tls_version_header_name": "",
          "routing_http_response_access_control_allow_credentials_header_value": "",
          "routing_http_response_access_control_allow_headers_header_value": "",
          "routing_http_response_access_control_allow_methods_header_value": "",
          "routing_http_response_access_control_allow_origin_header_value": "",
          "routing_http_response_access_control_expose_headers_header_value": "",
          "routing_http_response_access_control_max_age_header_value": "",
          "routing_http_response_content_security_policy_header_value": "",
          "routing_http_response_server_enabled": true,
          "routing_http_response_strict_transport_security_header_value": "",
          "routing_http_response_x_content_type_options_header_value": "",
          "routing_http_response_x_frame_options_header_value": "",
          "ssl_policy": "ELBSecurityPolicy-TLS13-1-2-Res-2021-06",
          "tags": {
            "environment": "test",
            "owners": "HR"
          },
          "tags_all": {
            "environment": "test",
            "owners": "HR"
          },
          "tcp_idle_timeout_seconds": null,
          "timeouts": null
        }
      },
      "type": [
        "object",
        {
          "my-http-https-redirect": [
            "object",
            {
              "alpn_policy": "string",
              "arn": "string",
              "certificate_arn": "string",
              "default_action": [
                "list",
                [
                  "object",
                  {
                    "authenticate_cognito": [
                      "list",
                      [
                        "object",
                        {
                          "authentication_request_extra_params": [
                            "map",
                            "string"
                          ],
                          "on_unauthenticated_request": "string",
                          "scope": "string",
                          "session_cookie_name": "string",
                          "session_timeout": "number",
                          "user_pool_arn": "string",
                          "user_pool_client_id": "string",
                          "user_pool_domain": "string"
                        }
                      ]
                    ],
                    "authenticate_oidc": [
                      "list",
                      [
                        "object",
                        {
                          "authentication_request_extra_params": [
                            "map",
                            "string"
                          ],
                          "authorization_endpoint": "string",
                          "client_id": "string",
                          "client_secret": "string",
                          "issuer": "string",
                          "on_unauthenticated_request": "string",
                          "scope": "string",
                          "session_cookie_name": "string",
                          "session_timeout": "number",
                          "token_endpoint": "string",
                          "user_info_endpoint": "string"
                        }
                      ]
                    ],
                    "fixed_response": [
                      "list",
                      [
                        "object",
                        {
                          "content_type": "string",
                          "message_body": "string",
                          "status_code": "string"
                        }
                      ]
                    ],
                    "forward": [
                      "list",
                      [
                        "object",
                        {
                          "stickiness": [
                            "list",
                            [
                              "object",
                              {
                                "duration": "number",
                                "enabled": "bool"
                              }
                            ]
                          ],
                          "target_group": [
                            "set",
                            [
                              "object",
                              {
                                "arn": "string",
                                "weight": "number"
                              }
                            ]
                          ]
                        }
                      ]
                    ],
                    "jwt_validation": [
                      "list",
                      [
                        "object",
                        {
                          "additional_claim": [
                            "set",
                            [
                              "object",
                              {
                                "format": "string",
                                "name": "string",
                                "values": [
                                  "set",
                                  "string"
                                ]
                              }
                            ]
                          ],
                          "issuer": "string",
                          "jwks_endpoint": "string"
                        }
                      ]
                    ],
                    "order": "number",
                    "redirect": [
                      "list",
                      [
                        "object",
                        {
                          "host": "string",
                          "path": "string",
                          "port": "string",
                          "protocol": "string",
                          "query": "string",
                          "status_code": "string"
                        }
                      ]
                    ],
                    "target_group_arn": "string",
                    "type": "string"
                  }
                ]
              ],
              "id": "string",
              "load_balancer_arn": "string",
              "mutual_authentication": [
                "list",
                [
                  "object",
                  {
                    "advertise_trust_store_ca_names": "string",
                    "ignore_client_certificate_expiry": "bool",
                    "mode": "string",
                    "trust_store_arn": "string"
                  }
                ]
              ],
              "port": "number",
              "protocol": "string",
              "region": "string",
              "routing_http_request_x_amzn_mtls_clientcert_header_name": "string",
              "routing_http_request_x_amzn_mtls_clientcert_issuer_header_name": "string",
              "routing_http_request_x_amzn_mtls_clientcert_leaf_header_name": "string",
              "routing_http_request_x_amzn_mtls_clientcert_serial_number_header_name": "string",
              "routing_http_request_x_amzn_mtls_clientcert_subject_header_name": "string",
              "routing_http_request_x_amzn_mtls_clientcert_validity_header_name": "string",
              "routing_http_request_x_amzn_tls_cipher_suite_header_name": "string",
              "routing_http_request_x_amzn_tls_version_header_name": "string",
              "routing_http_response_access_control_allow_credentials_header_value": "string",
              "routing_http_response_access_control_allow_headers_header_value": "string",
              "routing_http_response_access_control_allow_methods_header_value": "string",
              "routing_http_response_access_control_allow_origin_header_value": "string",
              "routing_http_response_access_control_expose_headers_header_value": "string",
              "routing_http_response_access_control_max_age_header_value": "string",
              "routing_http_response_content_security_policy_header_value": "string",
              "routing_http_response_server_enabled": "bool",
              "routing_http_response_strict_transport_security_header_value": "string",
              "routing_http_response_x_content_type_options_header_value": "string",
              "routing_http_response_x_frame_options_header_value": "string",
              "ssl_policy": "string",
              "tags": [
                "map",
                "string"
              ],
              "tags_all": [
                "map",
                "string"
              ],
              "tcp_idle_timeout_seconds": "number",
              "timeouts": [
                "object",
                {
                  "create": "string",
                  "update": "string"
                }
              ]
            }
          ],
          "my-https": [
            "object",
            {
              "alpn_policy": "string",
              "arn": "string",
              "certificate_arn": "string",
              "default_action": [
                "list",
                [
                  "object",
                  {
                    "authenticate_cognito": [
                      "list",
                      [
                        "object",
                        {
                          "authentication_request_extra_params": [
                            "map",
                            "string"
                          ],
                          "on_unauthenticated_request": "string",
                          "scope": "string",
                          "session_cookie_name": "string",
                          "session_timeout": "number",
                          "user_pool_arn": "string",
                          "user_pool_client_id": "string",
                          "user_pool_domain": "string"
                        }
                      ]
                    ],
                    "authenticate_oidc": [
                      "list",
                      [
                        "object",
                        {
                          "authentication_request_extra_params": [
                            "map",
                            "string"
                          ],
                          "authorization_endpoint": "string",
                          "client_id": "string",
                          "client_secret": "string",
                          "issuer": "string",
                          "on_unauthenticated_request": "string",
                          "scope": "string",
                          "session_cookie_name": "string",
                          "session_timeout": "number",
                          "token_endpoint": "string",
                          "user_info_endpoint": "string"
                        }
                      ]
                    ],
                    "fixed_response": [
                      "list",
                      [
                        "object",
                        {
                          "content_type": "string",
                          "message_body": "string",
                          "status_code": "string"
                        }
                      ]
                    ],
                    "forward": [
                      "list",
                      [
                        "object",
                        {
                          "stickiness": [
                            "list",
                            [
                              "object",
                              {
                                "duration": "number",
                                "enabled": "bool"
                              }
                            ]
                          ],
                          "target_group": [
                            "set",
                            [
                              "object",
                              {
                                "arn": "string",
                                "weight": "number"
                              }
                            ]
                          ]
                        }
                      ]
                    ],
                    "jwt_validation": [
                      "list",
                      [
                        "object",
                        {
                          "additional_claim": [
                            "set",
                            [
                              "object",
                              {
                                "format": "string",
                                "name": "string",
                                "values": [
                                  "set",
                                  "string"
                                ]
                              }
                            ]
                          ],
                          "issuer": "string",
                          "jwks_endpoint": "string"
                        }
                      ]
                    ],
                    "order": "number",
                    "redirect": [
                      "list",
                      [
                        "object",
                        {
                          "host": "string",
                          "path": "string",
                          "port": "string",
                          "protocol": "string",
                          "query": "string",
                          "status_code": "string"
                        }
                      ]
                    ],
                    "target_group_arn": "string",
                    "type": "string"
                  }
                ]
              ],
              "id": "string",
              "load_balancer_arn": "string",
              "mutual_authentication": [
                "list",
                [
                  "object",
                  {
                    "advertise_trust_store_ca_names": "string",
                    "ignore_client_certificate_expiry": "bool",
                    "mode": "string",
                    "trust_store_arn": "string"
                  }
                ]
              ],
              "port": "number",
              "protocol": "string",
              "region": "string",
              "routing_http_request_x_amzn_mtls_clientcert_header_name": "string",
              "routing_http_request_x_amzn_mtls_clientcert_issuer_header_name": "string",
              "routing_http_request_x_amzn_mtls_clientcert_leaf_header_name": "string",
              "routing_http_request_x_amzn_mtls_clientcert_serial_number_header_name": "string",
              "routing_http_request_x_amzn_mtls_clientcert_subject_header_name": "string",
              "routing_http_request_x_amzn_mtls_clientcert_validity_header_name": "string",
              "routing_http_request_x_amzn_tls_cipher_suite_header_name": "string",
              "routing_http_request_x_amzn_tls_version_header_name": "string",
              "routing_http_response_access_control_allow_credentials_header_value": "string",
              "routing_http_response_access_control_allow_headers_header_value": "string",
              "routing_http_response_access_control_allow_methods_header_value": "string",
              "routing_http_response_access_control_allow_origin_header_value": "string",
              "routing_http_response_access_control_expose_headers_header_value": "string",
              "routing_http_response_access_control_max_age_header_value": "string",
              "routing_http_response_content_security_policy_header_value": "string",
              "routing_http_response_server_enabled": "bool",
              "routing_http_response_strict_transport_security_header_value": "string",
              "routing_http_response_x_content_type_options_header_value": "string",
              "routing_http_response_x_frame_options_header_value": "string",
              "ssl_policy": "string",
              "tags": [
                "map",
                "string"
              ],
              "tags_all": [
                "map",
                "string"
              ],
              "tcp_idle_timeout_seconds": "number",
              "timeouts": [
                "object",
                {
                  "create": "string",
                  "update": "string"
                }
              ]
            }
          ]
        }
      ],
      "sensitive": true
    },
    "mydomain_zoneID": {
      "value": "Z06754122Y7D7OGNL9RUK",
      "type": "string"
    },
    "nat_public_ips": {
      "value": [
        "3.215.0.173"
      ],
      "type": [
        "list",
        "string"
      ]
    },
    "private_security_group_description": {
      "value": "Security group for Bastion instance with SSH",
      "type": "string"
    },
    "private_security_group_id": {
      "value": "sg-035399390df60bbb6",
      "type": "string"
    },
    "private_security_group_name": {
      "value": "Private_bastion_SG-20260302090835445600000009",
      "type": "string"
    },
    "private_subnets": {
      "value": [
        "subnet-0f2d90dac1bef9a7f",
        "subnet-0c37eec27708566ac"
      ],
      "type": [
        "tuple",
        [
          "string",
          "string"
        ]
      ]
    },
    "public_security_group_description": {
      "value": "Security group for Bastion instance with SSH",
      "type": "string"
    },
    "public_security_group_id": {
      "value": "sg-0fbd7257bbc0d693d",
      "type": "string"
    },
    "public_security_group_name": {
      "value": "Public_bastion_SG-20260302090832968900000004",
      "type": "string"
    },
    "public_subnets": {
      "value": [
        "subnet-00b11d58bb56760dd",
        "subnet-0f27970ce69edda4a"
      ],
      "type": [
        "tuple",
        [
          "string",
          "string"
        ]
      ]
    },
    "target_groups": {
      "value": {
        "my_TG1": {
          "arn": "arn:aws:elasticloadbalancing:us-east-1:072951074420:targetgroup/my-TG120260302090834484100000007/7a8db5eee3c6abbb",
          "arn_suffix": "targetgroup/my-TG120260302090834484100000007/7a8db5eee3c6abbb",
          "connection_termination": null,
          "deregistration_delay": "10",
          "health_check": [
            {
              "enabled": true,
              "healthy_threshold": 3,
              "interval": 30,
              "matcher": "200-399",
              "path": "/app1/index.html",
              "port": "traffic-port",
              "protocol": "HTTP",
              "timeout": 6,
              "unhealthy_threshold": 3
            }
          ],
          "id": "arn:aws:elasticloadbalancing:us-east-1:072951074420:targetgroup/my-TG120260302090834484100000007/7a8db5eee3c6abbb",
          "ip_address_type": "ipv4",
          "lambda_multi_value_headers_enabled": false,
          "load_balancer_arns": [
            "arn:aws:elasticloadbalancing:us-east-1:072951074420:loadbalancer/app/HR-test-ALB/6da0334049f578b5"
          ],
          "load_balancing_algorithm_type": "weighted_random",
          "load_balancing_anomaly_mitigation": "on",
          "load_balancing_cross_zone_enabled": "use_load_balancer_configuration",
          "name": "my-TG120260302090834484100000007",
          "name_prefix": "my-TG1",
          "port": 80,
          "preserve_client_ip": null,
          "protocol": "HTTP",
          "protocol_version": "HTTP1",
          "proxy_protocol_v2": false,
          "region": "us-east-1",
          "slow_start": 0,
          "stickiness": [
            {
              "cookie_duration": 86400,
              "cookie_name": "",
              "enabled": false,
              "type": "lb_cookie"
            }
          ],
          "tags": {
            "environment": "test",
            "owners": "HR"
          },
          "tags_all": {
            "environment": "test",
            "owners": "HR"
          },
          "target_control_port": 0,
          "target_failover": [
            {
              "on_deregistration": null,
              "on_unhealthy": null
            }
          ],
          "target_group_health": [
            {
              "dns_failover": [
                {
                  "minimum_healthy_targets_count": "2",
                  "minimum_healthy_targets_percentage": "off"
                }
              ],
              "unhealthy_state_routing": [
                {
                  "minimum_healthy_targets_count": 1,
                  "minimum_healthy_targets_percentage": "50"
                }
              ]
            }
          ],
          "target_health_state": [
            {
              "enable_unhealthy_connection_termination": null,
              "unhealthy_draining_interval": null
            }
          ],
          "target_type": "instance",
          "vpc_id": "vpc-05a07f92180aa2b16"
        },
        "my_TG2": {
          "arn": "arn:aws:elasticloadbalancing:us-east-1:072951074420:targetgroup/my-TG120260302090833267800000006/d7c8b9e760aa19ac",
          "arn_suffix": "targetgroup/my-TG120260302090833267800000006/d7c8b9e760aa19ac",
          "connection_termination": null,
          "deregistration_delay": "10",
          "health_check": [
            {
              "enabled": true,
              "healthy_threshold": 3,
              "interval": 30,
              "matcher": "200-399",
              "path": "/app2/index.html",
              "port": "traffic-port",
              "protocol": "HTTP",
              "timeout": 6,
              "unhealthy_threshold": 3
            }
          ],
          "id": "arn:aws:elasticloadbalancing:us-east-1:072951074420:targetgroup/my-TG120260302090833267800000006/d7c8b9e760aa19ac",
          "ip_address_type": "ipv4",
          "lambda_multi_value_headers_enabled": false,
          "load_balancer_arns": [],
          "load_balancing_algorithm_type": "weighted_random",
          "load_balancing_anomaly_mitigation": "on",
          "load_balancing_cross_zone_enabled": "use_load_balancer_configuration",
          "name": "my-TG120260302090833267800000006",
          "name_prefix": "my-TG1",
          "port": 80,
          "preserve_client_ip": null,
          "protocol": "HTTP",
          "protocol_version": "HTTP1",
          "proxy_protocol_v2": false,
          "region": "us-east-1",
          "slow_start": 0,
          "stickiness": [
            {
              "cookie_duration": 86400,
              "cookie_name": "",
              "enabled": false,
              "type": "lb_cookie"
            }
          ],
          "tags": {
            "environment": "test",
            "owners": "HR"
          },
          "tags_all": {
            "environment": "test",
            "owners": "HR"
          },
          "target_control_port": 0,
          "target_failover": [
            {
              "on_deregistration": null,
              "on_unhealthy": null
            }
          ],
          "target_group_health": [
            {
              "dns_failover": [
                {
                  "minimum_healthy_targets_count": "2",
                  "minimum_healthy_targets_percentage": "off"
                }
              ],
              "unhealthy_state_routing": [
                {
                  "minimum_healthy_targets_count": 1,
                  "minimum_healthy_targets_percentage": "50"
                }
              ]
            }
          ],
          "target_health_state": [
            {
              "enable_unhealthy_connection_termination": null,
              "unhealthy_draining_interval": null
            }
          ],
          "target_type": "instance",
          "vpc_id": "vpc-05a07f92180aa2b16"
        }
      },
      "type": [
        "object",
        {
          "my_TG1": [
            "object",
            {
              "arn": "string",
              "arn_suffix": "string",
              "connection_termination": "bool",
              "deregistration_delay": "string",
              "health_check": [
                "list",
                [
                  "object",
                  {
                    "enabled": "bool",
                    "healthy_threshold": "number",
                    "interval": "number",
                    "matcher": "string",
                    "path": "string",
                    "port": "string",
                    "protocol": "string",
                    "timeout": "number",
                    "unhealthy_threshold": "number"
                  }
                ]
              ],
              "id": "string",
              "ip_address_type": "string",
              "lambda_multi_value_headers_enabled": "bool",
              "load_balancer_arns": [
                "set",
                "string"
              ],
              "load_balancing_algorithm_type": "string",
              "load_balancing_anomaly_mitigation": "string",
              "load_balancing_cross_zone_enabled": "string",
              "name": "string",
              "name_prefix": "string",
              "port": "number",
              "preserve_client_ip": "string",
              "protocol": "string",
              "protocol_version": "string",
              "proxy_protocol_v2": "bool",
              "region": "string",
              "slow_start": "number",
              "stickiness": [
                "list",
                [
                  "object",
                  {
                    "cookie_duration": "number",
                    "cookie_name": "string",
                    "enabled": "bool",
                    "type": "string"
                  }
                ]
              ],
              "tags": [
                "map",
                "string"
              ],
              "tags_all": [
                "map",
                "string"
              ],
              "target_control_port": "number",
              "target_failover": [
                "list",
                [
                  "object",
                  {
                    "on_deregistration": "string",
                    "on_unhealthy": "string"
                  }
                ]
              ],
              "target_group_health": [
                "list",
                [
                  "object",
                  {
                    "dns_failover": [
                      "list",
                      [
                        "object",
                        {
                          "minimum_healthy_targets_count": "string",
                          "minimum_healthy_targets_percentage": "string"
                        }
                      ]
                    ],
                    "unhealthy_state_routing": [
                      "list",
                      [
                        "object",
                        {
                          "minimum_healthy_targets_count": "number",
                          "minimum_healthy_targets_percentage": "string"
                        }
                      ]
                    ]
                  }
                ]
              ],
              "target_health_state": [
                "list",
                [
                  "object",
                  {
                    "enable_unhealthy_connection_termination": "bool",
                    "unhealthy_draining_interval": "number"
                  }
                ]
              ],
              "target_type": "string",
              "vpc_id": "string"
            }
          ],
          "my_TG2": [
            "object",
            {
              "arn": "string",
              "arn_suffix": "string",
              "connection_termination": "bool",
              "deregistration_delay": "string",
              "health_check": [
                "list",
                [
                  "object",
                  {
                    "enabled": "bool",
                    "healthy_threshold": "number",
                    "interval": "number",
                    "matcher": "string",
                    "path": "string",
                    "port": "string",
                    "protocol": "string",
                    "timeout": "number",
                    "unhealthy_threshold": "number"
                  }
                ]
              ],
              "id": "string",
              "ip_address_type": "string",
              "lambda_multi_value_headers_enabled": "bool",
              "load_balancer_arns": [
                "set",
                "string"
              ],
              "load_balancing_algorithm_type": "string",
              "load_balancing_anomaly_mitigation": "string",
              "load_balancing_cross_zone_enabled": "string",
              "name": "string",
              "name_prefix": "string",
              "port": "number",
              "preserve_client_ip": "string",
              "protocol": "string",
              "protocol_version": "string",
              "proxy_protocol_v2": "bool",
              "region": "string",
              "slow_start": "number",
              "stickiness": [
                "list",
                [
                  "object",
                  {
                    "cookie_duration": "number",
                    "cookie_name": "string",
                    "enabled": "bool",
                    "type": "string"
                  }
                ]
              ],
              "tags": [
                "map",
                "string"
              ],
              "tags_all": [
                "map",
                "string"
              ],
              "target_control_port": "number",
              "target_failover": [
                "list",
                [
                  "object",
                  {
                    "on_deregistration": "string",
                    "on_unhealthy": "string"
                  }
                ]
              ],
              "target_group_health": [
                "list",
                [
                  "object",
                  {
                    "dns_failover": [
                      "list",
                      [
                        "object",
                        {
                          "minimum_healthy_targets_count": "string",
                          "minimum_healthy_targets_percentage": "string"
                        }
                      ]
                    ],
                    "unhealthy_state_routing": [
                      "list",
                      [
                        "object",
                        {
                          "minimum_healthy_targets_count": "number",
                          "minimum_healthy_targets_percentage": "string"
                        }
                      ]
                    ]
                  }
                ]
              ],
              "target_health_state": [
                "list",
                [
                  "object",
                  {
                    "enable_unhealthy_connection_termination": "bool",
                    "unhealthy_draining_interval": "number"
                  }
                ]
              ],
              "target_type": "string",
              "vpc_id": "string"
            }
          ]
        }
      ]
    },
    "vpc_cidr_block": {
      "value": "10.0.0.0/16",
      "type": "string"
    },
    "vpc_id": {
      "value": "vpc-05a07f92180aa2b16",
      "type": "string"
    },
    "zone_id": {
      "value": "Z35SXDOTRQ7X7K",
      "type": "string"
    },
    "zz_ec2_private_app1": {
      "value": {
        "0": {
          "ami": "ami-0532be01f26a3de55",
          "arn": "arn:aws:ec2:us-east-1:072951074420:instance/i-06f5dcd1ba6d3f281",
          "availability_zone": "us-east-1a",
          "capacity_reservation_specification": [
            {
              "capacity_reservation_preference": "open",
              "capacity_reservation_target": []
            }
          ],
          "ebs_block_device": [],
          "ebs_volumes": {},
          "ephemeral_block_device": [],
          "iam_instance_profile_arn": null,
          "iam_instance_profile_id": null,
          "iam_instance_profile_unique": null,
          "iam_role_arn": null,
          "iam_role_name": null,
          "iam_role_unique_id": null,
          "id": "i-06f5dcd1ba6d3f281",
          "instance_state": "running",
          "ipv6_addresses": [],
          "outpost_arn": "",
          "password_data": "",
          "primary_network_interface_id": "eni-0f1eb326c943396b5",
          "private_dns": "ip-10-0-1-36.ec2.internal",
          "private_ip": "10.0.1.36",
          "public_dns": "",
          "public_ip": "",
          "root_block_device": [
            {
              "delete_on_termination": true,
              "device_name": "/dev/xvda",
              "encrypted": false,
              "iops": 3000,
              "kms_key_id": "",
              "tags": {},
              "tags_all": {},
              "throughput": 125,
              "volume_id": "vol-0bf4c338929d86db2",
              "volume_size": 8,
              "volume_type": "gp3"
            }
          ],
          "security_group_arn": "arn:aws:ec2:us-east-1:072951074420:security-group/sg-0a14c5d0cb95c1b11",
          "security_group_id": "sg-0a14c5d0cb95c1b11",
          "spot_bid_status": null,
          "spot_instance_id": null,
          "spot_request_state": null,
          "tags_all": {
            "Name": "test-Private_instance-app1",
            "environment": "test",
            "owners": "HR"
          }
        },
        "1": {
          "ami": "ami-0532be01f26a3de55",
          "arn": "arn:aws:ec2:us-east-1:072951074420:instance/i-0e25ad1c1036beff5",
          "availability_zone": "us-east-1b",
          "capacity_reservation_specification": [
            {
              "capacity_reservation_preference": "open",
              "capacity_reservation_target": []
            }
          ],
          "ebs_block_device": [],
          "ebs_volumes": {},
          "ephemeral_block_device": [],
          "iam_instance_profile_arn": null,
          "iam_instance_profile_id": null,
          "iam_instance_profile_unique": null,
          "iam_role_arn": null,
          "iam_role_name": null,
          "iam_role_unique_id": null,
          "id": "i-0e25ad1c1036beff5",
          "instance_state": "running",
          "ipv6_addresses": [],
          "outpost_arn": "",
          "password_data": "",
          "primary_network_interface_id": "eni-00a00e307186889a1",
          "private_dns": "ip-10-0-2-221.ec2.internal",
          "private_ip": "10.0.2.221",
          "public_dns": "",
          "public_ip": "",
          "root_block_device": [
            {
              "delete_on_termination": true,
              "device_name": "/dev/xvda",
              "encrypted": false,
              "iops": 3000,
              "kms_key_id": "",
              "tags": {},
              "tags_all": {},
              "throughput": 125,
              "volume_id": "vol-0347cd817707e199a",
              "volume_size": 8,
              "volume_type": "gp3"
            }
          ],
          "security_group_arn": "arn:aws:ec2:us-east-1:072951074420:security-group/sg-00ea5457f6cb3f544",
          "security_group_id": "sg-00ea5457f6cb3f544",
          "spot_bid_status": null,
          "spot_instance_id": null,
          "spot_request_state": null,
          "tags_all": {
            "Name": "test-Private_instance-app1",
            "environment": "test",
            "owners": "HR"
          }
        }
      },
      "type": [
        "object",
        {
          "0": [
            "object",
            {
              "ami": "string",
              "arn": "string",
              "availability_zone": "string",
              "capacity_reservation_specification": [
                "list",
                [
                  "object",
                  {
                    "capacity_reservation_preference": "string",
                    "capacity_reservation_target": [
                      "list",
                      [
                        "object",
                        {
                          "capacity_reservation_id": "string",
                          "capacity_reservation_resource_group_arn": "string"
                        }
                      ]
                    ]
                  }
                ]
              ],
              "ebs_block_device": [
                "set",
                [
                  "object",
                  {
                    "delete_on_termination": "bool",
                    "device_name": "string",
                    "encrypted": "bool",
                    "iops": "number",
                    "kms_key_id": "string",
                    "snapshot_id": "string",
                    "tags": [
                      "map",
                      "string"
                    ],
                    "tags_all": [
                      "map",
                      "string"
                    ],
                    "throughput": "number",
                    "volume_id": "string",
                    "volume_size": "number",
                    "volume_type": "string"
                  }
                ]
              ],
              "ebs_volumes": [
                "object",
                {}
              ],
              "ephemeral_block_device": [
                "set",
                [
                  "object",
                  {
                    "device_name": "string",
                    "no_device": "bool",
                    "virtual_name": "string"
                  }
                ]
              ],
              "iam_instance_profile_arn": "dynamic",
              "iam_instance_profile_id": "dynamic",
              "iam_instance_profile_unique": "dynamic",
              "iam_role_arn": "dynamic",
              "iam_role_name": "dynamic",
              "iam_role_unique_id": "dynamic",
              "id": "string",
              "instance_state": "string",
              "ipv6_addresses": [
                "list",
                "string"
              ],
              "outpost_arn": "string",
              "password_data": "string",
              "primary_network_interface_id": "string",
              "private_dns": "string",
              "private_ip": "string",
              "public_dns": "string",
              "public_ip": "string",
              "root_block_device": [
                "list",
                [
                  "object",
                  {
                    "delete_on_termination": "bool",
                    "device_name": "string",
                    "encrypted": "bool",
                    "iops": "number",
                    "kms_key_id": "string",
                    "tags": [
                      "map",
                      "string"
                    ],
                    "tags_all": [
                      "map",
                      "string"
                    ],
                    "throughput": "number",
                    "volume_id": "string",
                    "volume_size": "number",
                    "volume_type": "string"
                  }
                ]
              ],
              "security_group_arn": "string",
              "security_group_id": "string",
              "spot_bid_status": "dynamic",
              "spot_instance_id": "dynamic",
              "spot_request_state": "dynamic",
              "tags_all": [
                "map",
                "string"
              ]
            }
          ],
          "1": [
            "object",
            {
              "ami": "string",
              "arn": "string",
              "availability_zone": "string",
              "capacity_reservation_specification": [
                "list",
                [
                  "object",
                  {
                    "capacity_reservation_preference": "string",
                    "capacity_reservation_target": [
                      "list",
                      [
                        "object",
                        {
                          "capacity_reservation_id": "string",
                          "capacity_reservation_resource_group_arn": "string"
                        }
                      ]
                    ]
                  }
                ]
              ],
              "ebs_block_device": [
                "set",
                [
                  "object",
                  {
                    "delete_on_termination": "bool",
                    "device_name": "string",
                    "encrypted": "bool",
                    "iops": "number",
                    "kms_key_id": "string",
                    "snapshot_id": "string",
                    "tags": [
                      "map",
                      "string"
                    ],
                    "tags_all": [
                      "map",
                      "string"
                    ],
                    "throughput": "number",
                    "volume_id": "string",
                    "volume_size": "number",
                    "volume_type": "string"
                  }
                ]
              ],
              "ebs_volumes": [
                "object",
                {}
              ],
              "ephemeral_block_device": [
                "set",
                [
                  "object",
                  {
                    "device_name": "string",
                    "no_device": "bool",
                    "virtual_name": "string"
                  }
                ]
              ],
              "iam_instance_profile_arn": "dynamic",
              "iam_instance_profile_id": "dynamic",
              "iam_instance_profile_unique": "dynamic",
              "iam_role_arn": "dynamic",
              "iam_role_name": "dynamic",
              "iam_role_unique_id": "dynamic",
              "id": "string",
              "instance_state": "string",
              "ipv6_addresses": [
                "list",
                "string"
              ],
              "outpost_arn": "string",
              "password_data": "string",
              "primary_network_interface_id": "string",
              "private_dns": "string",
              "private_ip": "string",
              "public_dns": "string",
              "public_ip": "string",
              "root_block_device": [
                "list",
                [
                  "object",
                  {
                    "delete_on_termination": "bool",
                    "device_name": "string",
                    "encrypted": "bool",
                    "iops": "number",
                    "kms_key_id": "string",
                    "tags": [
                      "map",
                      "string"
                    ],
                    "tags_all": [
                      "map",
                      "string"
                    ],
                    "throughput": "number",
                    "volume_id": "string",
                    "volume_size": "number",
                    "volume_type": "string"
                  }
                ]
              ],
              "security_group_arn": "string",
              "security_group_id": "string",
              "spot_bid_status": "dynamic",
              "spot_instance_id": "dynamic",
              "spot_request_state": "dynamic",
              "tags_all": [
                "map",
                "string"
              ]
            }
          ]
        }
      ]
    }
  },
  "resources": [
    {
      "mode": "data",
      "type": "aws_ami",
      "name": "amznlinux2",
      "provider": "provider[\"registry.terraform.io/hashicorp/aws\"]",
      "instances": [
        {
          "schema_version": 0,
          "attributes": {
            "allow_unsafe_filter": null,
            "architecture": "x86_64",
            "arn": "arn:aws:ec2:us-east-1::image/ami-0532be01f26a3de55",
            "block_device_mappings": [
              {
                "device_name": "/dev/xvda",
                "ebs": {
                  "delete_on_termination": "true",
                  "encrypted": "false",
                  "iops": "3000",
                  "snapshot_id": "snap-09c6080e76e2ee4fc",
                  "throughput": "125",
                  "volume_initialization_rate": "0",
                  "volume_size": "8",
                  "volume_type": "gp3"
                },
                "no_device": "",
                "virtual_name": ""
              }
            ],
            "boot_mode": "uefi-preferred",
            "creation_date": "2026-01-22T17:35:57.000Z",
            "deprecation_time": "2026-04-22T17:41:00.000Z",
            "description": "Amazon Linux 2023 AMI 2023.10.20260120.4 x86_64 HVM kernel-6.1",
            "ena_support": true,
            "executable_users": null,
            "filter": [
              {
                "name": "name",
                "values": [
                  "al2023-ami-2023.10.20260120.4-kernel-6.1-x86_64"
                ]
              },
              {
                "name": "root-device-type",
                "values": [
                  "ebs"
                ]
              },
              {
                "name": "virtualization-type",
                "values": [
                  "hvm"
                ]
              }
            ],
            "hypervisor": "xen",
            "id": "ami-0532be01f26a3de55",
            "image_id": "ami-0532be01f26a3de55",
            "image_location": "amazon/al2023-ami-2023.10.20260120.4-kernel-6.1-x86_64",
            "image_owner_alias": "amazon",
            "image_type": "machine",
            "imds_support": "v2.0",
            "include_deprecated": false,
            "kernel_id": "",
            "last_launched_time": "",
            "most_recent": true,
            "name": "al2023-ami-2023.10.20260120.4-kernel-6.1-x86_64",
            "name_regex": null,
            "owner_id": "137112412989",
            "owners": [
              "amazon"
            ],
            "platform": "",
            "platform_details": "Linux/UNIX",
            "product_codes": [],
            "public": true,
            "ramdisk_id": "",
            "region": "us-east-1",
            "root_device_name": "/dev/xvda",
            "root_device_type": "ebs",
            "root_snapshot_id": "snap-09c6080e76e2ee4fc",
            "sriov_net_support": "simple",
            "state": "available",
            "state_reason": {
              "code": "UNSET",
              "message": "UNSET"
            },
            "tags": {},
            "timeouts": null,
            "tpm_support": "",
            "uefi_data": null,
            "usage_operation": "RunInstances",
            "virtualization_type": "hvm"
          },
          "sensitive_attributes": [],
          "identity_schema_version": 0
        }
      ]
    },
    {
      "mode": "data",
      "type": "aws_availability_zones",
      "name": "my_azs",
      "provider": "provider[\"registry.terraform.io/hashicorp/aws\"]",
      "instances": [
        {
          "schema_version": 0,
          "attributes": {
            "all_availability_zones": true,
            "exclude_names": null,
            "exclude_zone_ids": null,
            "filter": [
              {
                "name": "opt-in-status",
                "values": [
                  "not-opted-in",
                  "opted-in"
                ]
              }
            ],
            "group_names": [
              "us-east-1-atl-2",
              "us-east-1-bos-1",
              "us-east-1-bue-1",
              "us-east-1-chi-2",
              "us-east-1-dfw-2",
              "us-east-1-foe-wlz-1",
              "us-east-1-iah-2",
              "us-east-1-lim-1",
              "us-east-1-mci-1",
              "us-east-1-mia-2",
              "us-east-1-msp-1",
              "us-east-1-nyc-2",
              "us-east-1-phl-1",
              "us-east-1-scl-1",
              "us-east-1-wl1"
            ],
            "id": "us-east-1",
            "names": [
              "us-east-1-atl-2a",
              "us-east-1-bos-1a",
              "us-east-1-bue-1a",
              "us-east-1-chi-2a",
              "us-east-1-dfw-2a",
              "us-east-1-foe-wlz-1a",
              "us-east-1-iah-2a",
              "us-east-1-lim-1a",
              "us-east-1-mci-1a",
              "us-east-1-mia-2a",
              "us-east-1-msp-1a",
              "us-east-1-nyc-2a",
              "us-east-1-phl-1a",
              "us-east-1-scl-1a",
              "us-east-1-wl1-atl-wlz-1",
              "us-east-1-wl1-bna-wlz-1",
              "us-east-1-wl1-bos-wlz-1",
              "us-east-1-wl1-chi-wlz-1",
              "us-east-1-wl1-clt-wlz-1",
              "us-east-1-wl1-dfw-wlz-1",
              "us-east-1-wl1-dtw-wlz-1",
              "us-east-1-wl1-iah-wlz-1",
              "us-east-1-wl1-mia-wlz-1",
              "us-east-1-wl1-msp-wlz-1",
              "us-east-1-wl1-nyc-wlz-1",
              "us-east-1-wl1-tpa-wlz-1",
              "us-east-1-wl1-was-wlz-1"
            ],
            "region": "us-east-1",
            "state": null,
            "timeouts": null,
            "zone_ids": [
              "use1-atl2-az1",
              "use1-bos1-az1",
              "use1-bue1-az1",
              "use1-chi2-az1",
              "use1-dfw2-az1",
              "use1-foe1-wlz1",
              "use1-iah2-az1",
              "use1-lim1-az1",
              "use1-mci1-az1",
              "use1-mia2-az1",
              "use1-msp1-az1",
              "use1-nyc2-az1",
              "use1-phl1-az1",
              "use1-scl1-az1",
              "use1-wl1-atl-wlz1",
              "use1-wl1-bna-wlz1",
              "use1-wl1-bos-wlz1",
              "use1-wl1-chi-wlz1",
              "use1-wl1-clt-wlz1",
              "use1-wl1-dfw-wlz1",
              "use1-wl1-dtw-wlz1",
              "use1-wl1-iah-wlz1",
              "use1-wl1-mia-wlz1",
              "use1-wl1-msp-wlz1",
              "use1-wl1-nyc-wlz1",
              "use1-wl1-tpa-wlz1",
              "use1-wl1-was-wlz1"
            ]
          },
          "sensitive_attributes": [],
          "identity_schema_version": 0
        }
      ]
    },
    {
      "mode": "data",
      "type": "aws_route53_zone",
      "name": "mydomain",
      "provider": "provider[\"registry.terraform.io/hashicorp/aws\"]",
      "instances": [
        {
          "schema_version": 0,
          "attributes": {
            "arn": "arn:aws:route53:::hostedzone/Z06754122Y7D7OGNL9RUK",
            "caller_reference": "RISWorkflow-RD:08b6d644-4592-4e81-9db8-fa45a80843ac",
            "comment": "HostedZone created by Route53 Registrar",
            "enable_accelerated_recovery": false,
            "id": "Z06754122Y7D7OGNL9RUK",
            "linked_service_description": null,
            "linked_service_principal": null,
            "name": "suryatestdomain.com",
            "name_servers": [
              "ns-679.awsdns-20.net",
              "ns-1572.awsdns-04.co.uk",
              "ns-1045.awsdns-02.org",
              "ns-403.awsdns-50.com"
            ],
            "primary_name_server": "ns-679.awsdns-20.net",
            "private_zone": false,
            "resource_record_set_count": 4,
            "tags": {},
            "vpc_id": null,
            "zone_id": "Z06754122Y7D7OGNL9RUK"
          },
          "sensitive_attributes": [],
          "identity_schema_version": 0
        }
      ]
    },
    {
      "mode": "managed",
      "type": "aws_autoscaling_group",
      "name": "my_autoscaling_config",
      "provider": "provider[\"registry.terraform.io/hashicorp/aws\"]",
      "instances": [
        {
          "schema_version": 1,
          "attributes": {
            "arn": "arn:aws:autoscaling:us-east-1:072951074420:autoScalingGroup:6c741123-3735-412f-be62-112f6824bd1e:autoScalingGroupName/my_autoscaling_group",
            "availability_zone_distribution": [
              {
                "capacity_distribution_strategy": "balanced-best-effort"
              }
            ],
            "availability_zones": [
              "us-east-1a",
              "us-east-1b"
            ],
            "capacity_rebalance": false,
            "capacity_reservation_specification": [
              {
                "capacity_reservation_preference": "default",
                "capacity_reservation_target": []
              }
            ],
            "context": "",
            "default_cooldown": 300,
            "default_instance_warmup": 0,
            "desired_capacity": 4,
            "desired_capacity_type": "",
            "enabled_metrics": [],
            "force_delete": true,
            "force_delete_warm_pool": false,
            "health_check_grace_period": 300,
            "health_check_type": "EC2",
            "id": "my_autoscaling_group",
            "ignore_failed_scaling_activities": false,
            "initial_lifecycle_hook": [],
            "instance_maintenance_policy": [],
            "instance_refresh": [
              {
                "preferences": [
                  {
                    "alarm_specification": [],
                    "auto_rollback": false,
                    "checkpoint_delay": "",
                    "checkpoint_percentages": [],
                    "instance_warmup": "",
                    "max_healthy_percentage": 100,
                    "min_healthy_percentage": 50,
                    "scale_in_protected_instances": "Ignore",
                    "skip_matching": false,
                    "standby_instances": "Ignore"
                  }
                ],
                "strategy": "Rolling",
                "triggers": [
                  "desired_capacity"
                ]
              }
            ],
            "launch_configuration": "",
            "launch_template": [
              {
                "id": "lt-06e27dcd121e2f642",
                "name": "my_launch_template",
                "version": "$Latest"
              }
            ],
            "load_balancers": [],
            "max_instance_lifetime": 0,
            "max_size": 10,
            "metrics_granularity": "1Minute",
            "min_elb_capacity": null,
            "min_size": 2,
            "mixed_instances_policy": [],
            "name": "my_autoscaling_group",
            "name_prefix": "",
            "placement_group": "",
            "predicted_capacity": 0,
            "protect_from_scale_in": false,
            "region": "us-east-1",
            "service_linked_role_arn": "arn:aws:iam::072951074420:role/aws-service-role/autoscaling.amazonaws.com/AWSServiceRoleForAutoScaling",
            "suspended_processes": [],
            "tag": [
              {
                "key": "Test",
                "propagate_at_launch": false,
                "value": "Autoscaling group"
              }
            ],
            "target_group_arns": [
              "arn:aws:elasticloadbalancing:us-east-1:072951074420:targetgroup/my-TG120260302090834484100000007/7a8db5eee3c6abbb"
            ],
            "termination_policies": [],
            "timeouts": null,
            "traffic_source": [
              {
                "identifier": "arn:aws:elasticloadbalancing:us-east-1:072951074420:targetgroup/my-TG120260302090834484100000007/7a8db5eee3c6abbb",
                "type": "elbv2"
              }
            ],
            "vpc_zone_identifier": [
              "subnet-0c37eec27708566ac",
              "subnet-0f2d90dac1bef9a7f"
            ],
            "wait_for_capacity_timeout": "10m",
            "wait_for_elb_capacity": null,
            "warm_pool": [],
            "warm_pool_size": 0
          },
          "sensitive_attributes": [],
          "identity_schema_version": 0,
          "private": "eyJlMmJmYjczMC1lY2FhLTExZTYtOGY4OC0zNDM2M2JjN2M0YzAiOnsiZGVsZXRlIjo2MDAwMDAwMDAwMDAsInVwZGF0ZSI6NjAwMDAwMDAwMDAwfSwic2NoZW1hX3ZlcnNpb24iOiIxIn0=",
          "dependencies": [
            "aws_launch_template.my_launch_template",
            "data.aws_ami.amznlinux2",
            "module.alb.aws_lb_target_group.this",
            "module.security_group_private.aws_security_group.this",
            "module.security_group_private.aws_security_group.this_name_prefix",
            "module.vpc.aws_subnet.private",
            "module.vpc.aws_vpc.this",
            "module.vpc.aws_vpc_ipv4_cidr_block_association.this"
          ]
        }
      ]
    },
    {
      "mode": "managed",
      "type": "aws_autoscaling_notification",
      "name": "my_asg_notification",
      "provider": "provider[\"registry.terraform.io/hashicorp/aws\"]",
      "instances": [
        {
          "schema_version": 0,
          "attributes": {
            "group_names": [
              "my_autoscaling_group"
            ],
            "id": "arn:aws:sns:us-east-1:072951074420:my_asg_SNS_topichelpful-marten",
            "notifications": [
              "autoscaling:EC2_INSTANCE_LAUNCH",
              "autoscaling:EC2_INSTANCE_LAUNCH_ERROR",
              "autoscaling:EC2_INSTANCE_TERMINATE",
              "autoscaling:EC2_INSTANCE_TERMINATE_ERROR"
            ],
            "region": "us-east-1",
            "topic_arn": "arn:aws:sns:us-east-1:072951074420:my_asg_SNS_topichelpful-marten"
          },
          "sensitive_attributes": [],
          "identity_schema_version": 0,
          "private": "bnVsbA==",
          "dependencies": [
            "aws_autoscaling_group.my_autoscaling_config",
            "aws_launch_template.my_launch_template",
            "aws_sns_topic.my_asg_SNS",
            "data.aws_ami.amznlinux2",
            "module.alb.aws_lb_target_group.this",
            "module.security_group_private.aws_security_group.this",
            "module.security_group_private.aws_security_group.this_name_prefix",
            "module.vpc.aws_subnet.private",
            "module.vpc.aws_vpc.this",
            "module.vpc.aws_vpc_ipv4_cidr_block_association.this",
            "random_pet.this"
          ]
        }
      ]
    },
    {
      "mode": "managed",
      "type": "aws_autoscaling_policy",
      "name": "high_cpu",
      "provider": "provider[\"registry.terraform.io/hashicorp/aws\"]",
      "instances": [
        {
          "schema_version": 0,
          "attributes": {
            "adjustment_type": "ChangeInCapacity",
            "arn": "arn:aws:autoscaling:us-east-1:072951074420:scalingPolicy:65c4405a-541e-4195-bb66-4c08ce897af6:autoScalingGroupName/my_autoscaling_group:policyName/high_cpu",
            "autoscaling_group_name": "my_autoscaling_group",
            "cooldown": 300,
            "enabled": true,
            "estimated_instance_warmup": 0,
            "id": "high_cpu",
            "metric_aggregation_type": "",
            "min_adjustment_magnitude": 0,
            "name": "high_cpu",
            "policy_type": "SimpleScaling",
            "predictive_scaling_configuration": [],
            "region": "us-east-1",
            "scaling_adjustment": 4,
            "step_adjustment": [],
            "target_tracking_configuration": []
          },
          "sensitive_attributes": [],
          "identity_schema_version": 0,
          "private": "bnVsbA==",
          "dependencies": [
            "aws_autoscaling_group.my_autoscaling_config",
            "aws_launch_template.my_launch_template",
            "data.aws_ami.amznlinux2",
            "module.alb.aws_lb_target_group.this",
            "module.security_group_private.aws_security_group.this",
            "module.security_group_private.aws_security_group.this_name_prefix",
            "module.vpc.aws_subnet.private",
            "module.vpc.aws_vpc.this",
            "module.vpc.aws_vpc_ipv4_cidr_block_association.this"
          ]
        }
      ]
    },
    {
      "mode": "managed",
      "type": "aws_autoscaling_policy",
      "name": "target_policy",
      "provider": "provider[\"registry.terraform.io/hashicorp/aws\"]",
      "instances": [
        {
          "schema_version": 0,
          "attributes": {
            "adjustment_type": "",
            "arn": "arn:aws:autoscaling:us-east-1:072951074420:scalingPolicy:4d604fbb-df40-4784-84fe-c325fb55147d:autoScalingGroupName/my_autoscaling_group:policyName/avg_cpu_policy",
            "autoscaling_group_name": "my_autoscaling_group",
            "cooldown": 0,
            "enabled": true,
            "estimated_instance_warmup": 180,
            "id": "avg_cpu_policy",
            "metric_aggregation_type": "",
            "min_adjustment_magnitude": 0,
            "name": "avg_cpu_policy",
            "policy_type": "TargetTrackingScaling",
            "predictive_scaling_configuration": [],
            "region": "us-east-1",
            "scaling_adjustment": 0,
            "step_adjustment": [],
            "target_tracking_configuration": [
              {
                "customized_metric_specification": [],
                "disable_scale_in": false,
                "predefined_metric_specification": [
                  {
                    "predefined_metric_type": "ALBRequestCountPerTarget",
                    "resource_label": "app/HR-test-ALB/6da0334049f578b5/targetgroup/my-TG120260302090834484100000007/7a8db5eee3c6abbb"
                  }
                ],
                "target_value": 40
              }
            ]
          },
          "sensitive_attributes": [],
          "identity_schema_version": 0,
          "private": "bnVsbA==",
          "dependencies": [
            "aws_autoscaling_group.my_autoscaling_config",
            "aws_launch_template.my_launch_template",
            "data.aws_ami.amznlinux2",
            "data.aws_route53_zone.mydomain",
            "module.acm.aws_acm_certificate.this",
            "module.acm.aws_acm_certificate_validation.this",
            "module.acm.aws_route53_record.validation",
            "module.alb.aws_lambda_permission.this",
            "module.alb.aws_lb.this",
            "module.alb.aws_lb_listener.this",
            "module.alb.aws_lb_listener_certificate.this",
            "module.alb.aws_lb_listener_rule.this",
            "module.alb.aws_lb_target_group.this",
            "module.alb.aws_lb_target_group_attachment.additional",
            "module.alb.aws_lb_target_group_attachment.this",
            "module.alb.aws_route53_record.this",
            "module.alb.aws_security_group.this",
            "module.alb.aws_vpc_security_group_egress_rule.this",
            "module.alb.aws_vpc_security_group_ingress_rule.this",
            "module.alb.aws_wafv2_web_acl_association.this",
            "module.alb.data.aws_partition.current",
            "module.security_group_applicationLB.aws_security_group.this",
            "module.security_group_applicationLB.aws_security_group.this_name_prefix",
            "module.security_group_private.aws_security_group.this",
            "module.security_group_private.aws_security_group.this_name_prefix",
            "module.vpc.aws_subnet.private",
            "module.vpc.aws_subnet.public",
            "module.vpc.aws_vpc.this",
            "module.vpc.aws_vpc_ipv4_cidr_block_association.this"
          ]
        }
      ]
    },
    {
      "mode": "managed",
      "type": "aws_cloudwatch_metric_alarm",
      "name": "app1_asg_cwa_cpu",
      "provider": "provider[\"registry.terraform.io/hashicorp/aws\"]",
      "instances": [
        {
          "schema_version": 1,
          "attributes": {
            "actions_enabled": true,
            "alarm_actions": [
              "arn:aws:autoscaling:us-east-1:072951074420:scalingPolicy:65c4405a-541e-4195-bb66-4c08ce897af6:autoScalingGroupName/my_autoscaling_group:policyName/high_cpu",
              "arn:aws:sns:us-east-1:072951074420:my_asg_SNS_topichelpful-marten"
            ],
            "alarm_description": "This metric monitors ec2 cpu utilization",
            "alarm_name": "App1-ASG-CWA-CPUtilization",
            "arn": "arn:aws:cloudwatch:us-east-1:072951074420:alarm:App1-ASG-CWA-CPUtilization",
            "comparison_operator": "GreaterThanOrEqualToThreshold",
            "datapoints_to_alarm": 0,
            "dimensions": {
              "AutoScalingGroupName": "my_autoscaling_group"
            },
            "evaluate_low_sample_count_percentiles": "",
            "evaluation_periods": 2,
            "extended_statistic": "",
            "id": "App1-ASG-CWA-CPUtilization",
            "insufficient_data_actions": [],
            "metric_name": "CPUUtilization",
            "metric_query": [],
            "namespace": "AWS/EC2",
            "ok_actions": [
              "arn:aws:sns:us-east-1:072951074420:my_asg_SNS_topichelpful-marten"
            ],
            "period": 120,
            "region": "us-east-1",
            "statistic": "Average",
            "tags": {},
            "tags_all": {},
            "threshold": 80,
            "threshold_metric_id": "",
            "treat_missing_data": "missing",
            "unit": ""
          },
          "sensitive_attributes": [],
          "identity_schema_version": 0,
          "identity": {
            "account_id": "072951074420",
            "alarm_name": "App1-ASG-CWA-CPUtilization",
            "region": "us-east-1"
          },
          "private": "eyJzY2hlbWFfdmVyc2lvbiI6IjEifQ==",
          "dependencies": [
            "aws_autoscaling_group.my_autoscaling_config",
            "aws_autoscaling_policy.high_cpu",
            "aws_launch_template.my_launch_template",
            "aws_sns_topic.my_asg_SNS",
            "data.aws_ami.amznlinux2",
            "module.alb.aws_lb_target_group.this",
            "module.security_group_private.aws_security_group.this",
            "module.security_group_private.aws_security_group.this_name_prefix",
            "module.vpc.aws_subnet.private",
            "module.vpc.aws_vpc.this",
            "module.vpc.aws_vpc_ipv4_cidr_block_association.this",
            "random_pet.this"
          ]
        }
      ]
    },
    {
      "mode": "managed",
      "type": "aws_eip",
      "name": "bastion_eip",
      "provider": "provider[\"registry.terraform.io/hashicorp/aws\"]",
      "instances": [
        {
          "index_key": "0",
          "schema_version": 0,
          "attributes": {
            "address": null,
            "allocation_id": "eipalloc-0d05fe7ceec8d2ad0",
            "arn": "arn:aws:ec2:us-east-1:072951074420:elastic-ip/eipalloc-0d05fe7ceec8d2ad0",
            "associate_with_private_ip": null,
            "association_id": "eipassoc-0f9f1b0b7782e8ef6",
            "carrier_ip": "",
            "customer_owned_ip": "",
            "customer_owned_ipv4_pool": "",
            "domain": "vpc",
            "id": "eipalloc-0d05fe7ceec8d2ad0",
            "instance": "i-0faa2515c38c1069a",
            "ipam_pool_id": null,
            "network_border_group": "us-east-1",
            "network_interface": "eni-009b7a767cee20424",
            "private_dns": "ip-10-0-101-233.ec2.internal",
            "private_ip": "10.0.101.233",
            "ptr_record": "",
            "public_dns": "ec2-3-225-60-5.compute-1.amazonaws.com",
            "public_ip": "3.225.60.5",
            "public_ipv4_pool": "amazon",
            "region": "us-east-1",
            "tags": {
              "environment": "test",
              "owners": "HR"
            },
            "tags_all": {
              "environment": "test",
              "owners": "HR"
            },
            "timeouts": null
          },
          "sensitive_attributes": [],
          "identity_schema_version": 0,
          "private": "eyJlMmJmYjczMC1lY2FhLTExZTYtOGY4OC0zNDM2M2JjN2M0YzAiOnsiZGVsZXRlIjoxODAwMDAwMDAwMDAsInJlYWQiOjkwMDAwMDAwMDAwMCwidXBkYXRlIjozMDAwMDAwMDAwMDB9fQ==",
          "dependencies": [
            "data.aws_ami.amznlinux2",
            "module.ec2_public_bastion.aws_ebs_volume.this",
            "module.ec2_public_bastion.aws_ec2_tag.spot_instance",
            "module.ec2_public_bastion.aws_eip.this",
            "module.ec2_public_bastion.aws_iam_instance_profile.this",
            "module.ec2_public_bastion.aws_iam_role.this",
            "module.ec2_public_bastion.aws_iam_role_policy_attachment.this",
            "module.ec2_public_bastion.aws_instance.ignore_ami",
            "module.ec2_public_bastion.aws_instance.this",
            "module.ec2_public_bastion.aws_security_group.this",
            "module.ec2_public_bastion.aws_spot_instance_request.this",
            "module.ec2_public_bastion.aws_volume_attachment.this",
            "module.ec2_public_bastion.aws_vpc_security_group_egress_rule.this",
            "module.ec2_public_bastion.aws_vpc_security_group_ingress_rule.this",
            "module.ec2_public_bastion.data.aws_iam_policy_document.assume_role_policy",
            "module.ec2_public_bastion.data.aws_partition.current",
            "module.ec2_public_bastion.data.aws_ssm_parameter.this",
            "module.ec2_public_bastion.data.aws_subnet.this",
            "module.security_group_bastion.aws_security_group.this",
            "module.security_group_bastion.aws_security_group.this_name_prefix",
            "module.vpc.aws_cloudwatch_log_group.flow_log",
            "module.vpc.aws_customer_gateway.this",
            "module.vpc.aws_db_subnet_group.database",
            "module.vpc.aws_default_network_acl.this",
            "module.vpc.aws_default_route_table.default",
            "module.vpc.aws_default_security_group.this",
            "module.vpc.aws_default_vpc.this",
            "module.vpc.aws_egress_only_internet_gateway.this",
            "module.vpc.aws_eip.nat",
            "module.vpc.aws_elasticache_subnet_group.elasticache",
            "module.vpc.aws_flow_log.this",
            "module.vpc.aws_iam_policy.vpc_flow_log_cloudwatch",
            "module.vpc.aws_iam_role.vpc_flow_log_cloudwatch",
            "module.vpc.aws_iam_role_policy_attachment.vpc_flow_log_cloudwatch",
            "module.vpc.aws_internet_gateway.this",
            "module.vpc.aws_nat_gateway.this",
            "module.vpc.aws_network_acl.database",
            "module.vpc.aws_network_acl.elasticache",
            "module.vpc.aws_network_acl.intra",
            "module.vpc.aws_network_acl.outpost",
            "module.vpc.aws_network_acl.private",
            "module.vpc.aws_network_acl.public",
            "module.vpc.aws_network_acl.redshift",
            "module.vpc.aws_network_acl_rule.database_inbound",
            "module.vpc.aws_network_acl_rule.database_outbound",
            "module.vpc.aws_network_acl_rule.elasticache_inbound",
            "module.vpc.aws_network_acl_rule.elasticache_outbound",
            "module.vpc.aws_network_acl_rule.intra_inbound",
            "module.vpc.aws_network_acl_rule.intra_outbound",
            "module.vpc.aws_network_acl_rule.outpost_inbound",
            "module.vpc.aws_network_acl_rule.outpost_outbound",
            "module.vpc.aws_network_acl_rule.private_inbound",
            "module.vpc.aws_network_acl_rule.private_outbound",
            "module.vpc.aws_network_acl_rule.public_inbound",
            "module.vpc.aws_network_acl_rule.public_outbound",
            "module.vpc.aws_network_acl_rule.redshift_inbound",
            "module.vpc.aws_network_acl_rule.redshift_outbound",
            "module.vpc.aws_redshift_subnet_group.redshift",
            "module.vpc.aws_route.database_dns64_nat_gateway",
            "module.vpc.aws_route.database_internet_gateway",
            "module.vpc.aws_route.database_ipv6_egress",
            "module.vpc.aws_route.database_nat_gateway",
            "module.vpc.aws_route.private_dns64_nat_gateway",
            "module.vpc.aws_route.private_ipv6_egress",
            "module.vpc.aws_route.private_nat_gateway",
            "module.vpc.aws_route.public_internet_gateway",
            "module.vpc.aws_route.public_internet_gateway_ipv6",
            "module.vpc.aws_route_table.database",
            "module.vpc.aws_route_table.elasticache",
            "module.vpc.aws_route_table.intra",
            "module.vpc.aws_route_table.private",
            "module.vpc.aws_route_table.public",
            "module.vpc.aws_route_table.redshift",
            "module.vpc.aws_route_table_association.database",
            "module.vpc.aws_route_table_association.elasticache",
            "module.vpc.aws_route_table_association.intra",
            "module.vpc.aws_route_table_association.outpost",
            "module.vpc.aws_route_table_association.private",
            "module.vpc.aws_route_table_association.public",
            "module.vpc.aws_route_table_association.redshift",
            "module.vpc.aws_route_table_association.redshift_public",
            "module.vpc.aws_subnet.database",
            "module.vpc.aws_subnet.elasticache",
            "module.vpc.aws_subnet.intra",
            "module.vpc.aws_subnet.outpost",
            "module.vpc.aws_subnet.private",
            "module.vpc.aws_subnet.public",
            "module.vpc.aws_subnet.redshift",
            "module.vpc.aws_vpc.this",
            "module.vpc.aws_vpc_block_public_access_exclusion.this",
            "module.vpc.aws_vpc_block_public_access_options.this",
            "module.vpc.aws_vpc_dhcp_options.this",
            "module.vpc.aws_vpc_dhcp_options_association.this",
            "module.vpc.aws_vpc_ipv4_cidr_block_association.this",
            "module.vpc.aws_vpn_gateway.this",
            "module.vpc.aws_vpn_gateway_attachment.this",
            "module.vpc.aws_vpn_gateway_route_propagation.intra",
            "module.vpc.aws_vpn_gateway_route_propagation.private",
            "module.vpc.aws_vpn_gateway_route_propagation.public",
            "module.vpc.data.aws_caller_identity.current",
            "module.vpc.data.aws_iam_policy_document.flow_log_cloudwatch_assume_role",
            "module.vpc.data.aws_iam_policy_document.vpc_flow_log_cloudwatch",
            "module.vpc.data.aws_partition.current",
            "module.vpc.data.aws_region.current"
          ]
        },
        {
          "index_key": "1",
          "schema_version": 0,
          "attributes": {
            "address": null,
            "allocation_id": "eipalloc-07f3e75e66647581f",
            "arn": "arn:aws:ec2:us-east-1:072951074420:elastic-ip/eipalloc-07f3e75e66647581f",
            "associate_with_private_ip": null,
            "association_id": "eipassoc-0c04118b054898efe",
            "carrier_ip": "",
            "customer_owned_ip": "",
            "customer_owned_ipv4_pool": "",
            "domain": "vpc",
            "id": "eipalloc-07f3e75e66647581f",
            "instance": "i-0a86956080e7dec55",
            "ipam_pool_id": null,
            "network_border_group": "us-east-1",
            "network_interface": "eni-0408952a0e6b742f7",
            "private_dns": "ip-10-0-101-203.ec2.internal",
            "private_ip": "10.0.101.203",
            "ptr_record": "",
            "public_dns": "ec2-100-24-90-191.compute-1.amazonaws.com",
            "public_ip": "100.24.90.191",
            "public_ipv4_pool": "amazon",
            "region": "us-east-1",
            "tags": {
              "environment": "test",
              "owners": "HR"
            },
            "tags_all": {
              "environment": "test",
              "owners": "HR"
            },
            "timeouts": null
          },
          "sensitive_attributes": [],
          "identity_schema_version": 0,
          "private": "eyJlMmJmYjczMC1lY2FhLTExZTYtOGY4OC0zNDM2M2JjN2M0YzAiOnsiZGVsZXRlIjoxODAwMDAwMDAwMDAsInJlYWQiOjkwMDAwMDAwMDAwMCwidXBkYXRlIjozMDAwMDAwMDAwMDB9fQ==",
          "dependencies": [
            "data.aws_ami.amznlinux2",
            "module.ec2_public_bastion.aws_ebs_volume.this",
            "module.ec2_public_bastion.aws_ec2_tag.spot_instance",
            "module.ec2_public_bastion.aws_eip.this",
            "module.ec2_public_bastion.aws_iam_instance_profile.this",
            "module.ec2_public_bastion.aws_iam_role.this",
            "module.ec2_public_bastion.aws_iam_role_policy_attachment.this",
            "module.ec2_public_bastion.aws_instance.ignore_ami",
            "module.ec2_public_bastion.aws_instance.this",
            "module.ec2_public_bastion.aws_security_group.this",
            "module.ec2_public_bastion.aws_spot_instance_request.this",
            "module.ec2_public_bastion.aws_volume_attachment.this",
            "module.ec2_public_bastion.aws_vpc_security_group_egress_rule.this",
            "module.ec2_public_bastion.aws_vpc_security_group_ingress_rule.this",
            "module.ec2_public_bastion.data.aws_iam_policy_document.assume_role_policy",
            "module.ec2_public_bastion.data.aws_partition.current",
            "module.ec2_public_bastion.data.aws_ssm_parameter.this",
            "module.ec2_public_bastion.data.aws_subnet.this",
            "module.security_group_bastion.aws_security_group.this",
            "module.security_group_bastion.aws_security_group.this_name_prefix",
            "module.vpc.aws_cloudwatch_log_group.flow_log",
            "module.vpc.aws_customer_gateway.this",
            "module.vpc.aws_db_subnet_group.database",
            "module.vpc.aws_default_network_acl.this",
            "module.vpc.aws_default_route_table.default",
            "module.vpc.aws_default_security_group.this",
            "module.vpc.aws_default_vpc.this",
            "module.vpc.aws_egress_only_internet_gateway.this",
            "module.vpc.aws_eip.nat",
            "module.vpc.aws_elasticache_subnet_group.elasticache",
            "module.vpc.aws_flow_log.this",
            "module.vpc.aws_iam_policy.vpc_flow_log_cloudwatch",
            "module.vpc.aws_iam_role.vpc_flow_log_cloudwatch",
            "module.vpc.aws_iam_role_policy_attachment.vpc_flow_log_cloudwatch",
            "module.vpc.aws_internet_gateway.this",
            "module.vpc.aws_nat_gateway.this",
            "module.vpc.aws_network_acl.database",
            "module.vpc.aws_network_acl.elasticache",
            "module.vpc.aws_network_acl.intra",
            "module.vpc.aws_network_acl.outpost",
            "module.vpc.aws_network_acl.private",
            "module.vpc.aws_network_acl.public",
            "module.vpc.aws_network_acl.redshift",
            "module.vpc.aws_network_acl_rule.database_inbound",
            "module.vpc.aws_network_acl_rule.database_outbound",
            "module.vpc.aws_network_acl_rule.elasticache_inbound",
            "module.vpc.aws_network_acl_rule.elasticache_outbound",
            "module.vpc.aws_network_acl_rule.intra_inbound",
            "module.vpc.aws_network_acl_rule.intra_outbound",
            "module.vpc.aws_network_acl_rule.outpost_inbound",
            "module.vpc.aws_network_acl_rule.outpost_outbound",
            "module.vpc.aws_network_acl_rule.private_inbound",
            "module.vpc.aws_network_acl_rule.private_outbound",
            "module.vpc.aws_network_acl_rule.public_inbound",
            "module.vpc.aws_network_acl_rule.public_outbound",
            "module.vpc.aws_network_acl_rule.redshift_inbound",
            "module.vpc.aws_network_acl_rule.redshift_outbound",
            "module.vpc.aws_redshift_subnet_group.redshift",
            "module.vpc.aws_route.database_dns64_nat_gateway",
            "module.vpc.aws_route.database_internet_gateway",
            "module.vpc.aws_route.database_ipv6_egress",
            "module.vpc.aws_route.database_nat_gateway",
            "module.vpc.aws_route.private_dns64_nat_gateway",
            "module.vpc.aws_route.private_ipv6_egress",
            "module.vpc.aws_route.private_nat_gateway",
            "module.vpc.aws_route.public_internet_gateway",
            "module.vpc.aws_route.public_internet_gateway_ipv6",
            "module.vpc.aws_route_table.database",
            "module.vpc.aws_route_table.elasticache",
            "module.vpc.aws_route_table.intra",
            "module.vpc.aws_route_table.private",
            "module.vpc.aws_route_table.public",
            "module.vpc.aws_route_table.redshift",
            "module.vpc.aws_route_table_association.database",
            "module.vpc.aws_route_table_association.elasticache",
            "module.vpc.aws_route_table_association.intra",
            "module.vpc.aws_route_table_association.outpost",
            "module.vpc.aws_route_table_association.private",
            "module.vpc.aws_route_table_association.public",
            "module.vpc.aws_route_table_association.redshift",
            "module.vpc.aws_route_table_association.redshift_public",
            "module.vpc.aws_subnet.database",
            "module.vpc.aws_subnet.elasticache",
            "module.vpc.aws_subnet.intra",
            "module.vpc.aws_subnet.outpost",
            "module.vpc.aws_subnet.private",
            "module.vpc.aws_subnet.public",
            "module.vpc.aws_subnet.redshift",
            "module.vpc.aws_vpc.this",
            "module.vpc.aws_vpc_block_public_access_exclusion.this",
            "module.vpc.aws_vpc_block_public_access_options.this",
            "module.vpc.aws_vpc_dhcp_options.this",
            "module.vpc.aws_vpc_dhcp_options_association.this",
            "module.vpc.aws_vpc_ipv4_cidr_block_association.this",
            "module.vpc.aws_vpn_gateway.this",
            "module.vpc.aws_vpn_gateway_attachment.this",
            "module.vpc.aws_vpn_gateway_route_propagation.intra",
            "module.vpc.aws_vpn_gateway_route_propagation.private",
            "module.vpc.aws_vpn_gateway_route_propagation.public",
            "module.vpc.data.aws_caller_identity.current",
            "module.vpc.data.aws_iam_policy_document.flow_log_cloudwatch_assume_role",
            "module.vpc.data.aws_iam_policy_document.vpc_flow_log_cloudwatch",
            "module.vpc.data.aws_partition.current",
            "module.vpc.data.aws_region.current"
          ]
        }
      ]
    },
    {
      "mode": "managed",
      "type": "aws_launch_template",
      "name": "my_launch_template",
      "provider": "provider[\"registry.terraform.io/hashicorp/aws\"]",
      "instances": [
        {
          "schema_version": 1,
          "attributes": {
            "arn": "arn:aws:ec2:us-east-1:072951074420:launch-template/lt-06e27dcd121e2f642",
            "block_device_mappings": [
              {
                "device_name": "/dev/sda1",
                "ebs": [
                  {
                    "delete_on_termination": "true",
                    "encrypted": "",
                    "iops": 0,
                    "kms_key_id": "",
                    "snapshot_id": "",
                    "throughput": 0,
                    "volume_initialization_rate": 0,
                    "volume_size": 10,
                    "volume_type": "gp2"
                  }
                ],
                "no_device": "",
                "virtual_name": ""
              }
            ],
            "capacity_reservation_specification": [],
            "cpu_options": [],
            "credit_specification": [],
            "default_version": 1,
            "description": "Launch template used for instance Autoscaling group",
            "disable_api_stop": false,
            "disable_api_termination": false,
            "ebs_optimized": "true",
            "enclave_options": [],
            "hibernation_options": [],
            "iam_instance_profile": [],
            "id": "lt-06e27dcd121e2f642",
            "image_id": "ami-0532be01f26a3de55",
            "instance_initiated_shutdown_behavior": "",
            "instance_market_options": [],
            "instance_requirements": [],
            "instance_type": "t3.micro",
            "kernel_id": "",
            "key_name": "Terraform_key_pair",
            "latest_version": 1,
            "license_specification": [],
            "maintenance_options": [],
            "metadata_options": [],
            "monitoring": [
              {
                "enabled": true
              }
            ],
            "name": "my_launch_template",
            "name_prefix": "",
            "network_interfaces": [],
            "placement": [],
            "private_dns_name_options": [],
            "ram_disk_id": "",
            "region": "us-east-1",
            "security_group_names": [],
            "tag_specifications": [
              {
                "resource_type": "instance",
                "tags": {
                  "Name": "MY_ASG_template"
                }
              }
            ],
            "tags": {},
            "tags_all": {},
            "update_default_version": true,
            "user_data": "IyEvYmluL2Jhc2gKIyBJbnN0YW5jZSBJZGVudGl0eSBNZXRhZGF0YSBSZWZlcmVuY2UgLSBodHRwczovL2RvY3MuYXdzLmFtYXpvbi5jb20vQVdTRUMyL2xhdGVzdC9Vc2VyR3VpZGUvaW5zdGFuY2UtaWRlbnRpdHktZG9jdW1lbnRzLmh0bWwKc3VkbyB5dW0gdXBkYXRlIC15CnN1ZG8geXVtIGluc3RhbGwgLXkgaHR0cGQKc3VkbyBzeXN0ZW1jdGwgZW5hYmxlIGh0dHBkCnN1ZG8gc3lzdGVtY3RsIHN0YXJ0IGh0dHBkICAKc3VkbyBlY2hvICc8aDE+V2VsY29tZSB0byBTdGFja1NpbXBsaWZ5IC0gQVBQLTE8L2gxPicgfCBzdWRvIHRlZSAvdmFyL3d3dy9odG1sL2luZGV4Lmh0bWwKc3VkbyBta2RpciAvdmFyL3d3dy9odG1sL2FwcDEKc3VkbyBlY2hvICc8IURPQ1RZUEUgaHRtbD4gPGh0bWw+IDxib2R5IHN0eWxlPSJiYWNrZ3JvdW5kLWNvbG9yOnJnYigyNTAsIDIxMCwgMjEwKTsiPiA8aDE+V2VsY29tZSB0byBTdGFjayBTaW1wbGlmeSAtIEFQUC0xPC9oMT4gPHA+VGVycmFmb3JtIERlbW88L3A+IDxwPkFwcGxpY2F0aW9uIFZlcnNpb246IFYxPC9wPiA8L2JvZHk+PC9odG1sPicgfCBzdWRvIHRlZSAvdmFyL3d3dy9odG1sL2FwcDEvaW5kZXguaHRtbApzdWRvIGN1cmwgaHR0cDovLzE2OS4yNTQuMTY5LjI1NC9sYXRlc3QvZHluYW1pYy9pbnN0YW5jZS1pZGVudGl0eS9kb2N1bWVudCAtbyAvdmFyL3d3dy9odG1sL2FwcDEvbWV0YWRhdGEuaHRtbA==",
            "vpc_security_group_ids": [
              "sg-035399390df60bbb6"
            ]
          },
          "sensitive_attributes": [],
          "identity_schema_version": 0,
          "private": "eyJzY2hlbWFfdmVyc2lvbiI6IjEifQ==",
          "dependencies": [
            "data.aws_ami.amznlinux2",
            "module.security_group_private.aws_security_group.this",
            "module.security_group_private.aws_security_group.this_name_prefix",
            "module.vpc.aws_vpc.this"
          ]
        }
      ]
    },
    {
      "mode": "managed",
      "type": "aws_lb_target_group_attachment",
      "name": "my_TG1_attachemnt",
      "provider": "provider[\"registry.terraform.io/hashicorp/aws\"]",
      "instances": [
        {
          "index_key": "0",
          "schema_version": 0,
          "attributes": {
            "availability_zone": null,
            "id": "arn:aws:elasticloadbalancing:us-east-1:072951074420:targetgroup/my-TG120260302090834484100000007/7a8db5eee3c6abbb-20260302091119229000000015",
            "port": 80,
            "quic_server_id": null,
            "region": "us-east-1",
            "target_group_arn": "arn:aws:elasticloadbalancing:us-east-1:072951074420:targetgroup/my-TG120260302090834484100000007/7a8db5eee3c6abbb",
            "target_id": "i-06f5dcd1ba6d3f281"
          },
          "sensitive_attributes": [],
          "identity_schema_version": 0,
          "private": "bnVsbA==",
          "dependencies": [
            "data.aws_ami.amznlinux2",
            "data.aws_route53_zone.mydomain",
            "module.acm.aws_acm_certificate.this",
            "module.acm.aws_acm_certificate_validation.this",
            "module.acm.aws_route53_record.validation",
            "module.alb.aws_lambda_permission.this",
            "module.alb.aws_lb.this",
            "module.alb.aws_lb_listener.this",
            "module.alb.aws_lb_listener_certificate.this",
            "module.alb.aws_lb_listener_rule.this",
            "module.alb.aws_lb_target_group.this",
            "module.alb.aws_lb_target_group_attachment.additional",
            "module.alb.aws_lb_target_group_attachment.this",
            "module.alb.aws_route53_record.this",
            "module.alb.aws_security_group.this",
            "module.alb.aws_vpc_security_group_egress_rule.this",
            "module.alb.aws_vpc_security_group_ingress_rule.this",
            "module.alb.aws_wafv2_web_acl_association.this",
            "module.alb.data.aws_partition.current",
            "module.ec2_private_instance_app1.aws_ebs_volume.this",
            "module.ec2_private_instance_app1.aws_ec2_tag.spot_instance",
            "module.ec2_private_instance_app1.aws_eip.this",
            "module.ec2_private_instance_app1.aws_iam_instance_profile.this",
            "module.ec2_private_instance_app1.aws_iam_role.this",
            "module.ec2_private_instance_app1.aws_iam_role_policy_attachment.this",
            "module.ec2_private_instance_app1.aws_instance.ignore_ami",
            "module.ec2_private_instance_app1.aws_instance.this",
            "module.ec2_private_instance_app1.aws_security_group.this",
            "module.ec2_private_instance_app1.aws_spot_instance_request.this",
            "module.ec2_private_instance_app1.aws_volume_attachment.this",
            "module.ec2_private_instance_app1.aws_vpc_security_group_egress_rule.this",
            "module.ec2_private_instance_app1.aws_vpc_security_group_ingress_rule.this",
            "module.ec2_private_instance_app1.data.aws_iam_policy_document.assume_role_policy",
            "module.ec2_private_instance_app1.data.aws_partition.current",
            "module.ec2_private_instance_app1.data.aws_ssm_parameter.this",
            "module.ec2_private_instance_app1.data.aws_subnet.this",
            "module.security_group_applicationLB.aws_security_group.this",
            "module.security_group_applicationLB.aws_security_group.this_name_prefix",
            "module.security_group_private.aws_security_group.this",
            "module.security_group_private.aws_security_group.this_name_prefix",
            "module.vpc.aws_cloudwatch_log_group.flow_log",
            "module.vpc.aws_customer_gateway.this",
            "module.vpc.aws_db_subnet_group.database",
            "module.vpc.aws_default_network_acl.this",
            "module.vpc.aws_default_route_table.default",
            "module.vpc.aws_default_security_group.this",
            "module.vpc.aws_default_vpc.this",
            "module.vpc.aws_egress_only_internet_gateway.this",
            "module.vpc.aws_eip.nat",
            "module.vpc.aws_elasticache_subnet_group.elasticache",
            "module.vpc.aws_flow_log.this",
            "module.vpc.aws_iam_policy.vpc_flow_log_cloudwatch",
            "module.vpc.aws_iam_role.vpc_flow_log_cloudwatch",
            "module.vpc.aws_iam_role_policy_attachment.vpc_flow_log_cloudwatch",
            "module.vpc.aws_internet_gateway.this",
            "module.vpc.aws_nat_gateway.this",
            "module.vpc.aws_network_acl.database",
            "module.vpc.aws_network_acl.elasticache",
            "module.vpc.aws_network_acl.intra",
            "module.vpc.aws_network_acl.outpost",
            "module.vpc.aws_network_acl.private",
            "module.vpc.aws_network_acl.public",
            "module.vpc.aws_network_acl.redshift",
            "module.vpc.aws_network_acl_rule.database_inbound",
            "module.vpc.aws_network_acl_rule.database_outbound",
            "module.vpc.aws_network_acl_rule.elasticache_inbound",
            "module.vpc.aws_network_acl_rule.elasticache_outbound",
            "module.vpc.aws_network_acl_rule.intra_inbound",
            "module.vpc.aws_network_acl_rule.intra_outbound",
            "module.vpc.aws_network_acl_rule.outpost_inbound",
            "module.vpc.aws_network_acl_rule.outpost_outbound",
            "module.vpc.aws_network_acl_rule.private_inbound",
            "module.vpc.aws_network_acl_rule.private_outbound",
            "module.vpc.aws_network_acl_rule.public_inbound",
            "module.vpc.aws_network_acl_rule.public_outbound",
            "module.vpc.aws_network_acl_rule.redshift_inbound",
            "module.vpc.aws_network_acl_rule.redshift_outbound",
            "module.vpc.aws_redshift_subnet_group.redshift",
            "module.vpc.aws_route.database_dns64_nat_gateway",
            "module.vpc.aws_route.database_internet_gateway",
            "module.vpc.aws_route.database_ipv6_egress",
            "module.vpc.aws_route.database_nat_gateway",
            "module.vpc.aws_route.private_dns64_nat_gateway",
            "module.vpc.aws_route.private_ipv6_egress",
            "module.vpc.aws_route.private_nat_gateway",
            "module.vpc.aws_route.public_internet_gateway",
            "module.vpc.aws_route.public_internet_gateway_ipv6",
            "module.vpc.aws_route_table.database",
            "module.vpc.aws_route_table.elasticache",
            "module.vpc.aws_route_table.intra",
            "module.vpc.aws_route_table.private",
            "module.vpc.aws_route_table.public",
            "module.vpc.aws_route_table.redshift",
            "module.vpc.aws_route_table_association.database",
            "module.vpc.aws_route_table_association.elasticache",
            "module.vpc.aws_route_table_association.intra",
            "module.vpc.aws_route_table_association.outpost",
            "module.vpc.aws_route_table_association.private",
            "module.vpc.aws_route_table_association.public",
            "module.vpc.aws_route_table_association.redshift",
            "module.vpc.aws_route_table_association.redshift_public",
            "module.vpc.aws_subnet.database",
            "module.vpc.aws_subnet.elasticache",
            "module.vpc.aws_subnet.intra",
            "module.vpc.aws_subnet.outpost",
            "module.vpc.aws_subnet.private",
            "module.vpc.aws_subnet.public",
            "module.vpc.aws_subnet.redshift",
            "module.vpc.aws_vpc.this",
            "module.vpc.aws_vpc_block_public_access_exclusion.this",
            "module.vpc.aws_vpc_block_public_access_options.this",
            "module.vpc.aws_vpc_dhcp_options.this",
            "module.vpc.aws_vpc_dhcp_options_association.this",
            "module.vpc.aws_vpc_ipv4_cidr_block_association.this",
            "module.vpc.aws_vpn_gateway.this",
            "module.vpc.aws_vpn_gateway_attachment.this",
            "module.vpc.aws_vpn_gateway_route_propagation.intra",
            "module.vpc.aws_vpn_gateway_route_propagation.private",
            "module.vpc.aws_vpn_gateway_route_propagation.public",
            "module.vpc.data.aws_caller_identity.current",
            "module.vpc.data.aws_iam_policy_document.flow_log_cloudwatch_assume_role",
            "module.vpc.data.aws_iam_policy_document.vpc_flow_log_cloudwatch",
            "module.vpc.data.aws_partition.current",
            "module.vpc.data.aws_region.current"
          ]
        },
        {
          "index_key": "1",
          "schema_version": 0,
          "attributes": {
            "availability_zone": null,
            "id": "arn:aws:elasticloadbalancing:us-east-1:072951074420:targetgroup/my-TG120260302090834484100000007/7a8db5eee3c6abbb-20260302091119203000000014",
            "port": 80,
            "quic_server_id": null,
            "region": "us-east-1",
            "target_group_arn": "arn:aws:elasticloadbalancing:us-east-1:072951074420:targetgroup/my-TG120260302090834484100000007/7a8db5eee3c6abbb",
            "target_id": "i-0e25ad1c1036beff5"
          },
          "sensitive_attributes": [],
          "identity_schema_version": 0,
          "private": "bnVsbA==",
          "dependencies": [
            "data.aws_ami.amznlinux2",
            "data.aws_route53_zone.mydomain",
            "module.acm.aws_acm_certificate.this",
            "module.acm.aws_acm_certificate_validation.this",
            "module.acm.aws_route53_record.validation",
            "module.alb.aws_lambda_permission.this",
            "module.alb.aws_lb.this",
            "module.alb.aws_lb_listener.this",
            "module.alb.aws_lb_listener_certificate.this",
            "module.alb.aws_lb_listener_rule.this",
            "module.alb.aws_lb_target_group.this",
            "module.alb.aws_lb_target_group_attachment.additional",
            "module.alb.aws_lb_target_group_attachment.this",
            "module.alb.aws_route53_record.this",
            "module.alb.aws_security_group.this",
            "module.alb.aws_vpc_security_group_egress_rule.this",
            "module.alb.aws_vpc_security_group_ingress_rule.this",
            "module.alb.aws_wafv2_web_acl_association.this",
            "module.alb.data.aws_partition.current",
            "module.ec2_private_instance_app1.aws_ebs_volume.this",
            "module.ec2_private_instance_app1.aws_ec2_tag.spot_instance",
            "module.ec2_private_instance_app1.aws_eip.this",
            "module.ec2_private_instance_app1.aws_iam_instance_profile.this",
            "module.ec2_private_instance_app1.aws_iam_role.this",
            "module.ec2_private_instance_app1.aws_iam_role_policy_attachment.this",
            "module.ec2_private_instance_app1.aws_instance.ignore_ami",
            "module.ec2_private_instance_app1.aws_instance.this",
            "module.ec2_private_instance_app1.aws_security_group.this",
            "module.ec2_private_instance_app1.aws_spot_instance_request.this",
            "module.ec2_private_instance_app1.aws_volume_attachment.this",
            "module.ec2_private_instance_app1.aws_vpc_security_group_egress_rule.this",
            "module.ec2_private_instance_app1.aws_vpc_security_group_ingress_rule.this",
            "module.ec2_private_instance_app1.data.aws_iam_policy_document.assume_role_policy",
            "module.ec2_private_instance_app1.data.aws_partition.current",
            "module.ec2_private_instance_app1.data.aws_ssm_parameter.this",
            "module.ec2_private_instance_app1.data.aws_subnet.this",
            "module.security_group_applicationLB.aws_security_group.this",
            "module.security_group_applicationLB.aws_security_group.this_name_prefix",
            "module.security_group_private.aws_security_group.this",
            "module.security_group_private.aws_security_group.this_name_prefix",
            "module.vpc.aws_cloudwatch_log_group.flow_log",
            "module.vpc.aws_customer_gateway.this",
            "module.vpc.aws_db_subnet_group.database",
            "module.vpc.aws_default_network_acl.this",
            "module.vpc.aws_default_route_table.default",
            "module.vpc.aws_default_security_group.this",
            "module.vpc.aws_default_vpc.this",
            "module.vpc.aws_egress_only_internet_gateway.this",
            "module.vpc.aws_eip.nat",
            "module.vpc.aws_elasticache_subnet_group.elasticache",
            "module.vpc.aws_flow_log.this",
            "module.vpc.aws_iam_policy.vpc_flow_log_cloudwatch",
            "module.vpc.aws_iam_role.vpc_flow_log_cloudwatch",
            "module.vpc.aws_iam_role_policy_attachment.vpc_flow_log_cloudwatch",
            "module.vpc.aws_internet_gateway.this",
            "module.vpc.aws_nat_gateway.this",
            "module.vpc.aws_network_acl.database",
            "module.vpc.aws_network_acl.elasticache",
            "module.vpc.aws_network_acl.intra",
            "module.vpc.aws_network_acl.outpost",
            "module.vpc.aws_network_acl.private",
            "module.vpc.aws_network_acl.public",
            "module.vpc.aws_network_acl.redshift",
            "module.vpc.aws_network_acl_rule.database_inbound",
            "module.vpc.aws_network_acl_rule.database_outbound",
            "module.vpc.aws_network_acl_rule.elasticache_inbound",
            "module.vpc.aws_network_acl_rule.elasticache_outbound",
            "module.vpc.aws_network_acl_rule.intra_inbound",
            "module.vpc.aws_network_acl_rule.intra_outbound",
            "module.vpc.aws_network_acl_rule.outpost_inbound",
            "module.vpc.aws_network_acl_rule.outpost_outbound",
            "module.vpc.aws_network_acl_rule.private_inbound",
            "module.vpc.aws_network_acl_rule.private_outbound",
            "module.vpc.aws_network_acl_rule.public_inbound",
            "module.vpc.aws_network_acl_rule.public_outbound",
            "module.vpc.aws_network_acl_rule.redshift_inbound",
            "module.vpc.aws_network_acl_rule.redshift_outbound",
            "module.vpc.aws_redshift_subnet_group.redshift",
            "module.vpc.aws_route.database_dns64_nat_gateway",
            "module.vpc.aws_route.database_internet_gateway",
            "module.vpc.aws_route.database_ipv6_egress",
            "module.vpc.aws_route.database_nat_gateway",
            "module.vpc.aws_route.private_dns64_nat_gateway",
            "module.vpc.aws_route.private_ipv6_egress",
            "module.vpc.aws_route.private_nat_gateway",
            "module.vpc.aws_route.public_internet_gateway",
            "module.vpc.aws_route.public_internet_gateway_ipv6",
            "module.vpc.aws_route_table.database",
            "module.vpc.aws_route_table.elasticache",
            "module.vpc.aws_route_table.intra",
            "module.vpc.aws_route_table.private",
            "module.vpc.aws_route_table.public",
            "module.vpc.aws_route_table.redshift",
            "module.vpc.aws_route_table_association.database",
            "module.vpc.aws_route_table_association.elasticache",
            "module.vpc.aws_route_table_association.intra",
            "module.vpc.aws_route_table_association.outpost",
            "module.vpc.aws_route_table_association.private",
            "module.vpc.aws_route_table_association.public",
            "module.vpc.aws_route_table_association.redshift",
            "module.vpc.aws_route_table_association.redshift_public",
            "module.vpc.aws_subnet.database",
            "module.vpc.aws_subnet.elasticache",
            "module.vpc.aws_subnet.intra",
            "module.vpc.aws_subnet.outpost",
            "module.vpc.aws_subnet.private",
            "module.vpc.aws_subnet.public",
            "module.vpc.aws_subnet.redshift",
            "module.vpc.aws_vpc.this",
            "module.vpc.aws_vpc_block_public_access_exclusion.this",
            "module.vpc.aws_vpc_block_public_access_options.this",
            "module.vpc.aws_vpc_dhcp_options.this",
            "module.vpc.aws_vpc_dhcp_options_association.this",
            "module.vpc.aws_vpc_ipv4_cidr_block_association.this",
            "module.vpc.aws_vpn_gateway.this",
            "module.vpc.aws_vpn_gateway_attachment.this",
            "module.vpc.aws_vpn_gateway_route_propagation.intra",
            "module.vpc.aws_vpn_gateway_route_propagation.private",
            "module.vpc.aws_vpn_gateway_route_propagation.public",
            "module.vpc.data.aws_caller_identity.current",
            "module.vpc.data.aws_iam_policy_document.flow_log_cloudwatch_assume_role",
            "module.vpc.data.aws_iam_policy_document.vpc_flow_log_cloudwatch",
            "module.vpc.data.aws_partition.current",
            "module.vpc.data.aws_region.current"
          ]
        }
      ]
    },
    {
      "mode": "managed",
      "type": "aws_route53_record",
      "name": "asg1_record",
      "provider": "provider[\"registry.terraform.io/hashicorp/aws\"]",
      "instances": [
        {
          "schema_version": 2,
          "attributes": {
            "alias": [
              {
                "evaluate_target_health": true,
                "name": "hr-test-alb-1226060512.us-east-1.elb.amazonaws.com",
                "zone_id": "Z35SXDOTRQ7X7K"
              }
            ],
            "allow_overwrite": null,
            "cidr_routing_policy": [],
            "failover_routing_policy": [],
            "fqdn": "asg1.suryatestdomain.com",
            "geolocation_routing_policy": [],
            "geoproximity_routing_policy": [],
            "health_check_id": "",
            "id": "Z06754122Y7D7OGNL9RUK_asg1.suryatestdomain.com_A",
            "latency_routing_policy": [],
            "multivalue_answer_routing_policy": false,
            "name": "asg1.suryatestdomain.com",
            "records": [],
            "set_identifier": "",
            "timeouts": null,
            "ttl": 0,
            "type": "A",
            "weighted_routing_policy": [],
            "zone_id": "Z06754122Y7D7OGNL9RUK"
          },
          "sensitive_attributes": [],
          "identity_schema_version": 0,
          "identity": {
            "account_id": "072951074420",
            "name": "asg1.suryatestdomain.com",
            "set_identifier": null,
            "type": "A",
            "zone_id": "Z06754122Y7D7OGNL9RUK"
          },
          "private": "eyJlMmJmYjczMC1lY2FhLTExZTYtOGY4OC0zNDM2M2JjN2M0YzAiOnsiY3JlYXRlIjoxODAwMDAwMDAwMDAwLCJkZWxldGUiOjE4MDAwMDAwMDAwMDAsInVwZGF0ZSI6MTgwMDAwMDAwMDAwMH0sInNjaGVtYV92ZXJzaW9uIjoiMiJ9",
          "dependencies": [
            "data.aws_route53_zone.mydomain",
            "module.alb.aws_lb.this",
            "module.alb.aws_security_group.this",
            "module.security_group_applicationLB.aws_security_group.this",
            "module.security_group_applicationLB.aws_security_group.this_name_prefix",
            "module.vpc.aws_subnet.public",
            "module.vpc.aws_vpc.this",
            "module.vpc.aws_vpc_ipv4_cidr_block_association.this"
          ]
        }
      ]
    },
    {
      "mode": "managed",
      "type": "aws_sns_topic",
      "name": "my_asg_SNS",
      "provider": "provider[\"registry.terraform.io/hashicorp/aws\"]",
      "instances": [
        {
          "schema_version": 0,
          "attributes": {
            "application_failure_feedback_role_arn": "",
            "application_success_feedback_role_arn": "",
            "application_success_feedback_sample_rate": 0,
            "archive_policy": "",
            "arn": "arn:aws:sns:us-east-1:072951074420:my_asg_SNS_topichelpful-marten",
            "beginning_archive_time": "",
            "content_based_deduplication": false,
            "delivery_policy": "",
            "display_name": "",
            "fifo_throughput_scope": "",
            "fifo_topic": false,
            "firehose_failure_feedback_role_arn": "",
            "firehose_success_feedback_role_arn": "",
            "firehose_success_feedback_sample_rate": 0,
            "http_failure_feedback_role_arn": "",
            "http_success_feedback_role_arn": "",
            "http_success_feedback_sample_rate": 0,
            "id": "arn:aws:sns:us-east-1:072951074420:my_asg_SNS_topichelpful-marten",
            "kms_master_key_id": "",
            "lambda_failure_feedback_role_arn": "",
            "lambda_success_feedback_role_arn": "",
            "lambda_success_feedback_sample_rate": 0,
            "name": "my_asg_SNS_topichelpful-marten",
            "name_prefix": "",
            "owner": "072951074420",
            "policy": "{\"Id\":\"__default_policy_ID\",\"Statement\":[{\"Action\":[\"SNS:GetTopicAttributes\",\"SNS:SetTopicAttributes\",\"SNS:AddPermission\",\"SNS:RemovePermission\",\"SNS:DeleteTopic\",\"SNS:Subscribe\",\"SNS:ListSubscriptionsByTopic\",\"SNS:Publish\"],\"Condition\":{\"StringEquals\":{\"AWS:SourceOwner\":\"072951074420\"}},\"Effect\":\"Allow\",\"Principal\":{\"AWS\":\"*\"},\"Resource\":\"arn:aws:sns:us-east-1:072951074420:my_asg_SNS_topichelpful-marten\",\"Sid\":\"__default_statement_ID\"}],\"Version\":\"2008-10-17\"}",
            "region": "us-east-1",
            "signature_version": 0,
            "sqs_failure_feedback_role_arn": "",
            "sqs_success_feedback_role_arn": "",
            "sqs_success_feedback_sample_rate": 0,
            "tags": {},
            "tags_all": {},
            "tracing_config": ""
          },
          "sensitive_attributes": [],
          "identity_schema_version": 0,
          "identity": {
            "arn": "arn:aws:sns:us-east-1:072951074420:my_asg_SNS_topichelpful-marten"
          },
          "private": "bnVsbA==",
          "dependencies": [
            "random_pet.this"
          ]
        }
      ]
    },
    {
      "mode": "managed",
      "type": "aws_sns_topic_subscription",
      "name": "myasg_SNS_topic_subscription",
      "provider": "provider[\"registry.terraform.io/hashicorp/aws\"]",
      "instances": [
        {
          "schema_version": 0,
          "attributes": {
            "arn": "arn:aws:sns:us-east-1:072951074420:my_asg_SNS_topichelpful-marten:0faab4b0-4315-41a9-bf88-531cbdf540a4",
            "confirmation_timeout_in_minutes": 1,
            "confirmation_was_authenticated": false,
            "delivery_policy": "",
            "endpoint": "suryaguru451@gmail.com",
            "endpoint_auto_confirms": false,
            "filter_policy": "",
            "filter_policy_scope": "",
            "id": "arn:aws:sns:us-east-1:072951074420:my_asg_SNS_topichelpful-marten:0faab4b0-4315-41a9-bf88-531cbdf540a4",
            "owner_id": "072951074420",
            "pending_confirmation": false,
            "protocol": "email",
            "raw_message_delivery": false,
            "redrive_policy": "",
            "region": "us-east-1",
            "replay_policy": "",
            "subscription_role_arn": "",
            "topic_arn": "arn:aws:sns:us-east-1:072951074420:my_asg_SNS_topichelpful-marten"
          },
          "sensitive_attributes": [],
          "identity_schema_version": 0,
          "identity": {
            "arn": "arn:aws:sns:us-east-1:072951074420:my_asg_SNS_topichelpful-marten:0faab4b0-4315-41a9-bf88-531cbdf540a4"
          },
          "private": "bnVsbA==",
          "dependencies": [
            "aws_sns_topic.my_asg_SNS",
            "random_pet.this"
          ]
        }
      ]
    },
    {
      "mode": "managed",
      "type": "random_pet",
      "name": "this",
      "provider": "provider[\"registry.terraform.io/hashicorp/random\"]",
      "instances": [
        {
          "schema_version": 0,
          "attributes": {
            "id": "helpful-marten",
            "keepers": null,
            "length": 2,
            "prefix": null,
            "separator": "-"
          },
          "sensitive_attributes": [],
          "identity_schema_version": 0
        }
      ]
    },
    {
      "module": "module.acm",
      "mode": "managed",
      "type": "aws_acm_certificate",
      "name": "this",
      "provider": "provider[\"registry.terraform.io/hashicorp/aws\"]",
      "instances": [
        {
          "index_key": 0,
          "schema_version": 0,
          "attributes": {
            "arn": "arn:aws:acm:us-east-1:072951074420:certificate/8e4248ad-959d-4ae8-9af3-8d2f9fe8219b",
            "certificate_authority_arn": "",
            "certificate_body": null,
            "certificate_chain": null,
            "domain_name": "suryatestdomain.com",
            "domain_validation_options": [
              {
                "domain_name": "*.suryatestdomain.com",
                "resource_record_name": "_6f8fecb60a541189d783464428ed41a7.suryatestdomain.com.",
                "resource_record_type": "CNAME",
                "resource_record_value": "_1a4c91e28c54ef42193bf99e3ea140cd.jkddzztszm.acm-validations.aws."
              },
              {
                "domain_name": "suryatestdomain.com",
                "resource_record_name": "_6f8fecb60a541189d783464428ed41a7.suryatestdomain.com.",
                "resource_record_type": "CNAME",
                "resource_record_value": "_1a4c91e28c54ef42193bf99e3ea140cd.jkddzztszm.acm-validations.aws."
              }
            ],
            "early_renewal_duration": "",
            "id": "arn:aws:acm:us-east-1:072951074420:certificate/8e4248ad-959d-4ae8-9af3-8d2f9fe8219b",
            "key_algorithm": "RSA_2048",
            "not_after": "2026-09-15T23:59:59Z",
            "not_before": "2026-03-02T00:00:00Z",
            "options": [
              {
                "certificate_transparency_logging_preference": "ENABLED",
                "export": "DISABLED"
              }
            ],
            "pending_renewal": false,
            "private_key": null,
            "region": "us-east-1",
            "renewal_eligibility": "ELIGIBLE",
            "renewal_summary": [],
            "status": "ISSUED",
            "subject_alternative_names": [
              "*.suryatestdomain.com",
              "suryatestdomain.com"
            ],
            "tags": {
              "Name": "suryatestdomain.com"
            },
            "tags_all": {
              "Name": "suryatestdomain.com"
            },
            "type": "AMAZON_ISSUED",
            "validation_emails": [],
            "validation_method": "DNS",
            "validation_option": []
          },
          "sensitive_attributes": [
            [
              {
                "type": "get_attr",
                "value": "private_key"
              }
            ]
          ],
          "identity_schema_version": 0,
          "identity": {
            "arn": "arn:aws:acm:us-east-1:072951074420:certificate/8e4248ad-959d-4ae8-9af3-8d2f9fe8219b"
          },
          "private": "bnVsbA==",
          "dependencies": [
            "data.aws_route53_zone.mydomain"
          ],
          "create_before_destroy": true
        }
      ]
    },
    {
      "module": "module.acm",
      "mode": "managed",
      "type": "aws_acm_certificate_validation",
      "name": "this",
      "provider": "provider[\"registry.terraform.io/hashicorp/aws\"]",
      "instances": [
        {
          "index_key": 0,
          "schema_version": 0,
          "attributes": {
            "certificate_arn": "arn:aws:acm:us-east-1:072951074420:certificate/8e4248ad-959d-4ae8-9af3-8d2f9fe8219b",
            "id": "2026-03-02 09:08:37.655 +0000 UTC",
            "region": "us-east-1",
            "timeouts": {
              "create": null
            },
            "validation_record_fqdns": [
              "_6f8fecb60a541189d783464428ed41a7.suryatestdomain.com"
            ]
          },
          "sensitive_attributes": [],
          "identity_schema_version": 0,
          "private": "eyJlMmJmYjczMC1lY2FhLTExZTYtOGY4OC0zNDM2M2JjN2M0YzAiOnsiY3JlYXRlIjo0NTAwMDAwMDAwMDAwfX0=",
          "dependencies": [
            "data.aws_route53_zone.mydomain",
            "module.acm.aws_acm_certificate.this",
            "module.acm.aws_route53_record.validation"
          ]
        }
      ]
    },
    {
      "module": "module.acm",
      "mode": "managed",
      "type": "aws_route53_record",
      "name": "validation",
      "provider": "provider[\"registry.terraform.io/hashicorp/aws\"]",
      "instances": [
        {
          "index_key": 0,
          "schema_version": 2,
          "attributes": {
            "alias": [],
            "allow_overwrite": true,
            "cidr_routing_policy": [],
            "failover_routing_policy": [],
            "fqdn": "_6f8fecb60a541189d783464428ed41a7.suryatestdomain.com",
            "geolocation_routing_policy": [],
            "geoproximity_routing_policy": [],
            "health_check_id": "",
            "id": "Z06754122Y7D7OGNL9RUK__6f8fecb60a541189d783464428ed41a7.suryatestdomain.com._CNAME",
            "latency_routing_policy": [],
            "multivalue_answer_routing_policy": false,
            "name": "_6f8fecb60a541189d783464428ed41a7.suryatestdomain.com",
            "records": [
              "_1a4c91e28c54ef42193bf99e3ea140cd.jkddzztszm.acm-validations.aws."
            ],
            "set_identifier": "",
            "timeouts": null,
            "ttl": 60,
            "type": "CNAME",
            "weighted_routing_policy": [],
            "zone_id": "Z06754122Y7D7OGNL9RUK"
          },
          "sensitive_attributes": [],
          "identity_schema_version": 0,
          "identity": {
            "account_id": "072951074420",
            "name": "_6f8fecb60a541189d783464428ed41a7.suryatestdomain.com",
            "set_identifier": null,
            "type": "CNAME",
            "zone_id": "Z06754122Y7D7OGNL9RUK"
          },
          "private": "eyJlMmJmYjczMC1lY2FhLTExZTYtOGY4OC0zNDM2M2JjN2M0YzAiOnsiY3JlYXRlIjoxODAwMDAwMDAwMDAwLCJkZWxldGUiOjE4MDAwMDAwMDAwMDAsInVwZGF0ZSI6MTgwMDAwMDAwMDAwMH0sInNjaGVtYV92ZXJzaW9uIjoiMiJ9",
          "dependencies": [
            "data.aws_route53_zone.mydomain",
            "module.acm.aws_acm_certificate.this"
          ]
        }
      ]
    },
    {
      "module": "module.alb",
      "mode": "data",
      "type": "aws_partition",
      "name": "current",
      "provider": "provider[\"registry.terraform.io/hashicorp/aws\"]",
      "instances": [
        {
          "index_key": 0,
          "schema_version": 0,
          "attributes": {
            "dns_suffix": "amazonaws.com",
            "id": "aws",
            "partition": "aws",
            "reverse_dns_prefix": "com.amazonaws"
          },
          "sensitive_attributes": [],
          "identity_schema_version": 0
        }
      ]
    },
    {
      "module": "module.alb",
      "mode": "managed",
      "type": "aws_lb",
      "name": "this",
      "provider": "provider[\"registry.terraform.io/hashicorp/aws\"]",
      "instances": [
        {
          "index_key": 0,
          "schema_version": 0,
          "attributes": {
            "access_logs": [
              {
                "bucket": "",
                "enabled": false,
                "prefix": ""
              }
            ],
            "arn": "arn:aws:elasticloadbalancing:us-east-1:072951074420:loadbalancer/app/HR-test-ALB/6da0334049f578b5",
            "arn_suffix": "app/HR-test-ALB/6da0334049f578b5",
            "client_keep_alive": 3600,
            "connection_logs": [
              {
                "bucket": "",
                "enabled": false,
                "prefix": ""
              }
            ],
            "customer_owned_ipv4_pool": "",
            "desync_mitigation_mode": "defensive",
            "dns_name": "HR-test-ALB-1226060512.us-east-1.elb.amazonaws.com",
            "dns_record_client_routing_policy": null,
            "drop_invalid_header_fields": true,
            "enable_cross_zone_load_balancing": true,
            "enable_deletion_protection": false,
            "enable_http2": true,
            "enable_tls_version_and_cipher_suite_headers": false,
            "enable_waf_fail_open": false,
            "enable_xff_client_port": false,
            "enable_zonal_shift": false,
            "enforce_security_group_inbound_rules_on_private_link_traffic": "",
            "health_check_logs": [
              {
                "bucket": "",
                "enabled": false,
                "prefix": ""
              }
            ],
            "id": "arn:aws:elasticloadbalancing:us-east-1:072951074420:loadbalancer/app/HR-test-ALB/6da0334049f578b5",
            "idle_timeout": 60,
            "internal": false,
            "ip_address_type": "ipv4",
            "ipam_pools": [],
            "load_balancer_type": "application",
            "minimum_load_balancer_capacity": [],
            "name": "HR-test-ALB",
            "name_prefix": "",
            "preserve_host_header": false,
            "region": "us-east-1",
            "secondary_ips_auto_assigned_per_subnet": null,
            "security_groups": [
              "sg-0c1ef4cea3d807c62",
              "sg-0c7e7b4284d528bfa"
            ],
            "subnet_mapping": [
              {
                "allocation_id": "",
                "ipv6_address": "",
                "outpost_id": "",
                "private_ipv4_address": "",
                "subnet_id": "subnet-00b11d58bb56760dd"
              },
              {
                "allocation_id": "",
                "ipv6_address": "",
                "outpost_id": "",
                "private_ipv4_address": "",
                "subnet_id": "subnet-0f27970ce69edda4a"
              }
            ],
            "subnets": [
              "subnet-00b11d58bb56760dd",
              "subnet-0f27970ce69edda4a"
            ],
            "tags": {
              "environment": "test",
              "owners": "HR"
            },
            "tags_all": {
              "environment": "test",
              "owners": "HR"
            },
            "timeouts": null,
            "vpc_id": "vpc-05a07f92180aa2b16",
            "xff_header_processing_mode": "append",
            "zone_id": "Z35SXDOTRQ7X7K"
          },
          "sensitive_attributes": [],
          "identity_schema_version": 0,
          "identity": {
            "arn": "arn:aws:elasticloadbalancing:us-east-1:072951074420:loadbalancer/app/HR-test-ALB/6da0334049f578b5"
          },
          "private": "eyJlMmJmYjczMC1lY2FhLTExZTYtOGY4OC0zNDM2M2JjN2M0YzAiOnsiY3JlYXRlIjo2MDAwMDAwMDAwMDAsImRlbGV0ZSI6NjAwMDAwMDAwMDAwLCJ1cGRhdGUiOjYwMDAwMDAwMDAwMH19",
          "dependencies": [
            "module.alb.aws_security_group.this",
            "module.security_group_applicationLB.aws_security_group.this",
            "module.security_group_applicationLB.aws_security_group.this_name_prefix",
            "module.vpc.aws_subnet.public",
            "module.vpc.aws_vpc.this",
            "module.vpc.aws_vpc_ipv4_cidr_block_association.this"
          ]
        }
      ]
    },
    {
      "module": "module.alb",
      "mode": "managed",
      "type": "aws_lb_listener",
      "name": "this",
      "provider": "provider[\"registry.terraform.io/hashicorp/aws\"]",
      "instances": [
        {
          "index_key": "my-http-https-redirect",
          "schema_version": 0,
          "attributes": {
            "alpn_policy": null,
            "arn": "arn:aws:elasticloadbalancing:us-east-1:072951074420:listener/app/HR-test-ALB/6da0334049f578b5/f572e19050897c98",
            "certificate_arn": null,
            "default_action": [
              {
                "authenticate_cognito": [],
                "authenticate_oidc": [],
                "fixed_response": [],
                "forward": [],
                "jwt_validation": [],
                "order": 1,
                "redirect": [
                  {
                    "host": "#{host}",
                    "path": "/#{path}",
                    "port": "443",
                    "protocol": "HTTPS",
                    "query": "#{query}",
                    "status_code": "HTTP_301"
                  }
                ],
                "target_group_arn": "",
                "type": "redirect"
              }
            ],
            "id": "arn:aws:elasticloadbalancing:us-east-1:072951074420:listener/app/HR-test-ALB/6da0334049f578b5/f572e19050897c98",
            "load_balancer_arn": "arn:aws:elasticloadbalancing:us-east-1:072951074420:loadbalancer/app/HR-test-ALB/6da0334049f578b5",
            "mutual_authentication": [],
            "port": 80,
            "protocol": "HTTP",
            "region": "us-east-1",
            "routing_http_request_x_amzn_mtls_clientcert_header_name": null,
            "routing_http_request_x_amzn_mtls_clientcert_issuer_header_name": null,
            "routing_http_request_x_amzn_mtls_clientcert_leaf_header_name": null,
            "routing_http_request_x_amzn_mtls_clientcert_serial_number_header_name": null,
            "routing_http_request_x_amzn_mtls_clientcert_subject_header_name": null,
            "routing_http_request_x_amzn_mtls_clientcert_validity_header_name": null,
            "routing_http_request_x_amzn_tls_cipher_suite_header_name": null,
            "routing_http_request_x_amzn_tls_version_header_name": null,
            "routing_http_response_access_control_allow_credentials_header_value": "",
            "routing_http_response_access_control_allow_headers_header_value": "",
            "routing_http_response_access_control_allow_methods_header_value": "",
            "routing_http_response_access_control_allow_origin_header_value": "",
            "routing_http_response_access_control_expose_headers_header_value": "",
            "routing_http_response_access_control_max_age_header_value": "",
            "routing_http_response_content_security_policy_header_value": "",
            "routing_http_response_server_enabled": true,
            "routing_http_response_strict_transport_security_header_value": "",
            "routing_http_response_x_content_type_options_header_value": "",
            "routing_http_response_x_frame_options_header_value": "",
            "ssl_policy": "",
            "tags": {
              "environment": "test",
              "owners": "HR"
            },
            "tags_all": {
              "environment": "test",
              "owners": "HR"
            },
            "tcp_idle_timeout_seconds": null,
            "timeouts": null
          },
          "sensitive_attributes": [],
          "identity_schema_version": 0,
          "identity": {
            "arn": "arn:aws:elasticloadbalancing:us-east-1:072951074420:listener/app/HR-test-ALB/6da0334049f578b5/f572e19050897c98"
          },
          "private": "eyJlMmJmYjczMC1lY2FhLTExZTYtOGY4OC0zNDM2M2JjN2M0YzAiOnsiY3JlYXRlIjozMDAwMDAwMDAwMDAsInVwZGF0ZSI6MzAwMDAwMDAwMDAwfX0=",
          "dependencies": [
            "data.aws_route53_zone.mydomain",
            "module.acm.aws_acm_certificate.this",
            "module.acm.aws_acm_certificate_validation.this",
            "module.acm.aws_route53_record.validation",
            "module.alb.aws_lb.this",
            "module.alb.aws_lb_target_group.this",
            "module.alb.aws_security_group.this",
            "module.security_group_applicationLB.aws_security_group.this",
            "module.security_group_applicationLB.aws_security_group.this_name_prefix",
            "module.vpc.aws_subnet.public",
            "module.vpc.aws_vpc.this",
            "module.vpc.aws_vpc_ipv4_cidr_block_association.this"
          ]
        },
        {
          "index_key": "my-https",
          "schema_version": 0,
          "attributes": {
            "alpn_policy": null,
            "arn": "arn:aws:elasticloadbalancing:us-east-1:072951074420:listener/app/HR-test-ALB/6da0334049f578b5/0976ed5ded701691",
            "certificate_arn": "arn:aws:acm:us-east-1:072951074420:certificate/8e4248ad-959d-4ae8-9af3-8d2f9fe8219b",
            "default_action": [
              {
                "authenticate_cognito": [],
                "authenticate_oidc": [],
                "fixed_response": [
                  {
                    "content_type": "text/plain",
                    "message_body": "This is a fixed response for root context",
                    "status_code": "200"
                  }
                ],
                "forward": [],
                "jwt_validation": [],
                "order": 1,
                "redirect": [],
                "target_group_arn": "",
                "type": "fixed-response"
              }
            ],
            "id": "arn:aws:elasticloadbalancing:us-east-1:072951074420:listener/app/HR-test-ALB/6da0334049f578b5/0976ed5ded701691",
            "load_balancer_arn": "arn:aws:elasticloadbalancing:us-east-1:072951074420:loadbalancer/app/HR-test-ALB/6da0334049f578b5",
            "mutual_authentication": [
              {
                "advertise_trust_store_ca_names": "",
                "ignore_client_certificate_expiry": false,
                "mode": "off",
                "trust_store_arn": ""
              }
            ],
            "port": 443,
            "protocol": "HTTPS",
            "region": "us-east-1",
            "routing_http_request_x_amzn_mtls_clientcert_header_name": "",
            "routing_http_request_x_amzn_mtls_clientcert_issuer_header_name": "",
            "routing_http_request_x_amzn_mtls_clientcert_leaf_header_name": "",
            "routing_http_request_x_amzn_mtls_clientcert_serial_number_header_name": "",
            "routing_http_request_x_amzn_mtls_clientcert_subject_header_name": "",
            "routing_http_request_x_amzn_mtls_clientcert_validity_header_name": "",
            "routing_http_request_x_amzn_tls_cipher_suite_header_name": "",
            "routing_http_request_x_amzn_tls_version_header_name": "",
            "routing_http_response_access_control_allow_credentials_header_value": "",
            "routing_http_response_access_control_allow_headers_header_value": "",
            "routing_http_response_access_control_allow_methods_header_value": "",
            "routing_http_response_access_control_allow_origin_header_value": "",
            "routing_http_response_access_control_expose_headers_header_value": "",
            "routing_http_response_access_control_max_age_header_value": "",
            "routing_http_response_content_security_policy_header_value": "",
            "routing_http_response_server_enabled": true,
            "routing_http_response_strict_transport_security_header_value": "",
            "routing_http_response_x_content_type_options_header_value": "",
            "routing_http_response_x_frame_options_header_value": "",
            "ssl_policy": "ELBSecurityPolicy-TLS13-1-2-Res-2021-06",
            "tags": {
              "environment": "test",
              "owners": "HR"
            },
            "tags_all": {
              "environment": "test",
              "owners": "HR"
            },
            "tcp_idle_timeout_seconds": null,
            "timeouts": null
          },
          "sensitive_attributes": [],
          "identity_schema_version": 0,
          "identity": {
            "arn": "arn:aws:elasticloadbalancing:us-east-1:072951074420:listener/app/HR-test-ALB/6da0334049f578b5/0976ed5ded701691"
          },
          "private": "eyJlMmJmYjczMC1lY2FhLTExZTYtOGY4OC0zNDM2M2JjN2M0YzAiOnsiY3JlYXRlIjozMDAwMDAwMDAwMDAsInVwZGF0ZSI6MzAwMDAwMDAwMDAwfX0=",
          "dependencies": [
            "data.aws_route53_zone.mydomain",
            "module.acm.aws_acm_certificate.this",
            "module.acm.aws_acm_certificate_validation.this",
            "module.acm.aws_route53_record.validation",
            "module.alb.aws_lb.this",
            "module.alb.aws_lb_target_group.this",
            "module.alb.aws_security_group.this",
            "module.security_group_applicationLB.aws_security_group.this",
            "module.security_group_applicationLB.aws_security_group.this_name_prefix",
            "module.vpc.aws_subnet.public",
            "module.vpc.aws_vpc.this",
            "module.vpc.aws_vpc_ipv4_cidr_block_association.this"
          ]
        }
      ]
    },
    {
      "module": "module.alb",
      "mode": "managed",
      "type": "aws_lb_listener_rule",
      "name": "this",
      "provider": "provider[\"registry.terraform.io/hashicorp/aws\"]",
      "instances": [
        {
          "index_key": "my-https/myapp1_rule",
          "schema_version": 0,
          "attributes": {
            "action": [
              {
                "authenticate_cognito": [],
                "authenticate_oidc": [],
                "fixed_response": [],
                "forward": [
                  {
                    "stickiness": [
                      {
                        "duration": 3600,
                        "enabled": true
                      }
                    ],
                    "target_group": [
                      {
                        "arn": "arn:aws:elasticloadbalancing:us-east-1:072951074420:targetgroup/my-TG120260302090834484100000007/7a8db5eee3c6abbb",
                        "weight": 100
                      }
                    ]
                  }
                ],
                "jwt_validation": [],
                "order": 1,
                "redirect": [],
                "target_group_arn": "",
                "type": "forward"
              }
            ],
            "arn": "arn:aws:elasticloadbalancing:us-east-1:072951074420:listener-rule/app/HR-test-ALB/6da0334049f578b5/0976ed5ded701691/cbee2186bd0b6847",
            "condition": [
              {
                "host_header": [],
                "http_header": [],
                "http_request_method": [],
                "path_pattern": [
                  {
                    "regex_values": [],
                    "values": [
                      "/app1*"
                    ]
                  }
                ],
                "query_string": [],
                "source_ip": []
              }
            ],
            "id": "arn:aws:elasticloadbalancing:us-east-1:072951074420:listener-rule/app/HR-test-ALB/6da0334049f578b5/0976ed5ded701691/cbee2186bd0b6847",
            "listener_arn": "arn:aws:elasticloadbalancing:us-east-1:072951074420:listener/app/HR-test-ALB/6da0334049f578b5/0976ed5ded701691",
            "priority": 1,
            "region": "us-east-1",
            "tags": {
              "environment": "test",
              "owners": "HR"
            },
            "tags_all": {
              "environment": "test",
              "owners": "HR"
            },
            "transform": []
          },
          "sensitive_attributes": [],
          "identity_schema_version": 0,
          "identity": {
            "arn": "arn:aws:elasticloadbalancing:us-east-1:072951074420:listener-rule/app/HR-test-ALB/6da0334049f578b5/0976ed5ded701691/cbee2186bd0b6847"
          },
          "private": "bnVsbA==",
          "dependencies": [
            "data.aws_route53_zone.mydomain",
            "module.acm.aws_acm_certificate.this",
            "module.acm.aws_acm_certificate_validation.this",
            "module.acm.aws_route53_record.validation",
            "module.alb.aws_lb.this",
            "module.alb.aws_lb_listener.this",
            "module.alb.aws_lb_target_group.this",
            "module.alb.aws_security_group.this",
            "module.security_group_applicationLB.aws_security_group.this",
            "module.security_group_applicationLB.aws_security_group.this_name_prefix",
            "module.vpc.aws_subnet.public",
            "module.vpc.aws_vpc.this",
            "module.vpc.aws_vpc_ipv4_cidr_block_association.this"
          ]
        }
      ]
    },
    {
      "module": "module.alb",
      "mode": "managed",
      "type": "aws_lb_target_group",
      "name": "this",
      "provider": "provider[\"registry.terraform.io/hashicorp/aws\"]",
      "instances": [
        {
          "index_key": "my_TG1",
          "schema_version": 0,
          "attributes": {
            "arn": "arn:aws:elasticloadbalancing:us-east-1:072951074420:targetgroup/my-TG120260302090834484100000007/7a8db5eee3c6abbb",
            "arn_suffix": "targetgroup/my-TG120260302090834484100000007/7a8db5eee3c6abbb",
            "connection_termination": null,
            "deregistration_delay": "10",
            "health_check": [
              {
                "enabled": true,
                "healthy_threshold": 3,
                "interval": 30,
                "matcher": "200-399",
                "path": "/app1/index.html",
                "port": "traffic-port",
                "protocol": "HTTP",
                "timeout": 6,
                "unhealthy_threshold": 3
              }
            ],
            "id": "arn:aws:elasticloadbalancing:us-east-1:072951074420:targetgroup/my-TG120260302090834484100000007/7a8db5eee3c6abbb",
            "ip_address_type": "ipv4",
            "lambda_multi_value_headers_enabled": false,
            "load_balancer_arns": [
              "arn:aws:elasticloadbalancing:us-east-1:072951074420:loadbalancer/app/HR-test-ALB/6da0334049f578b5"
            ],
            "load_balancing_algorithm_type": "weighted_random",
            "load_balancing_anomaly_mitigation": "on",
            "load_balancing_cross_zone_enabled": "use_load_balancer_configuration",
            "name": "my-TG120260302090834484100000007",
            "name_prefix": "my-TG1",
            "port": 80,
            "preserve_client_ip": null,
            "protocol": "HTTP",
            "protocol_version": "HTTP1",
            "proxy_protocol_v2": false,
            "region": "us-east-1",
            "slow_start": 0,
            "stickiness": [
              {
                "cookie_duration": 86400,
                "cookie_name": "",
                "enabled": false,
                "type": "lb_cookie"
              }
            ],
            "tags": {
              "environment": "test",
              "owners": "HR"
            },
            "tags_all": {
              "environment": "test",
              "owners": "HR"
            },
            "target_control_port": 0,
            "target_failover": [
              {
                "on_deregistration": null,
                "on_unhealthy": null
              }
            ],
            "target_group_health": [
              {
                "dns_failover": [
                  {
                    "minimum_healthy_targets_count": "2",
                    "minimum_healthy_targets_percentage": "off"
                  }
                ],
                "unhealthy_state_routing": [
                  {
                    "minimum_healthy_targets_count": 1,
                    "minimum_healthy_targets_percentage": "50"
                  }
                ]
              }
            ],
            "target_health_state": [
              {
                "enable_unhealthy_connection_termination": null,
                "unhealthy_draining_interval": null
              }
            ],
            "target_type": "instance",
            "vpc_id": "vpc-05a07f92180aa2b16"
          },
          "sensitive_attributes": [],
          "identity_schema_version": 0,
          "identity": {
            "arn": "arn:aws:elasticloadbalancing:us-east-1:072951074420:targetgroup/my-TG120260302090834484100000007/7a8db5eee3c6abbb"
          },
          "private": "bnVsbA==",
          "dependencies": [
            "module.vpc.aws_vpc.this"
          ],
          "create_before_destroy": true
        },
        {
          "index_key": "my_TG2",
          "schema_version": 0,
          "attributes": {
            "arn": "arn:aws:elasticloadbalancing:us-east-1:072951074420:targetgroup/my-TG120260302090833267800000006/d7c8b9e760aa19ac",
            "arn_suffix": "targetgroup/my-TG120260302090833267800000006/d7c8b9e760aa19ac",
            "connection_termination": null,
            "deregistration_delay": "10",
            "health_check": [
              {
                "enabled": true,
                "healthy_threshold": 3,
                "interval": 30,
                "matcher": "200-399",
                "path": "/app2/index.html",
                "port": "traffic-port",
                "protocol": "HTTP",
                "timeout": 6,
                "unhealthy_threshold": 3
              }
            ],
            "id": "arn:aws:elasticloadbalancing:us-east-1:072951074420:targetgroup/my-TG120260302090833267800000006/d7c8b9e760aa19ac",
            "ip_address_type": "ipv4",
            "lambda_multi_value_headers_enabled": false,
            "load_balancer_arns": [],
            "load_balancing_algorithm_type": "weighted_random",
            "load_balancing_anomaly_mitigation": "on",
            "load_balancing_cross_zone_enabled": "use_load_balancer_configuration",
            "name": "my-TG120260302090833267800000006",
            "name_prefix": "my-TG1",
            "port": 80,
            "preserve_client_ip": null,
            "protocol": "HTTP",
            "protocol_version": "HTTP1",
            "proxy_protocol_v2": false,
            "region": "us-east-1",
            "slow_start": 0,
            "stickiness": [
              {
                "cookie_duration": 86400,
                "cookie_name": "",
                "enabled": false,
                "type": "lb_cookie"
              }
            ],
            "tags": {
              "environment": "test",
              "owners": "HR"
            },
            "tags_all": {
              "environment": "test",
              "owners": "HR"
            },
            "target_control_port": 0,
            "target_failover": [
              {
                "on_deregistration": null,
                "on_unhealthy": null
              }
            ],
            "target_group_health": [
              {
                "dns_failover": [
                  {
                    "minimum_healthy_targets_count": "2",
                    "minimum_healthy_targets_percentage": "off"
                  }
                ],
                "unhealthy_state_routing": [
                  {
                    "minimum_healthy_targets_count": 1,
                    "minimum_healthy_targets_percentage": "50"
                  }
                ]
              }
            ],
            "target_health_state": [
              {
                "enable_unhealthy_connection_termination": null,
                "unhealthy_draining_interval": null
              }
            ],
            "target_type": "instance",
            "vpc_id": "vpc-05a07f92180aa2b16"
          },
          "sensitive_attributes": [],
          "identity_schema_version": 0,
          "identity": {
            "arn": "arn:aws:elasticloadbalancing:us-east-1:072951074420:targetgroup/my-TG120260302090833267800000006/d7c8b9e760aa19ac"
          },
          "private": "bnVsbA==",
          "dependencies": [
            "module.vpc.aws_vpc.this"
          ],
          "create_before_destroy": true
        }
      ]
    },
    {
      "module": "module.alb",
      "mode": "managed",
      "type": "aws_security_group",
      "name": "this",
      "provider": "provider[\"registry.terraform.io/hashicorp/aws\"]",
      "instances": [
        {
          "index_key": 0,
          "schema_version": 1,
          "attributes": {
            "arn": "arn:aws:ec2:us-east-1:072951074420:security-group/sg-0c1ef4cea3d807c62",
            "description": "Security group for HR-test-ALB application load balancer",
            "egress": [],
            "id": "sg-0c1ef4cea3d807c62",
            "ingress": [],
            "name": "HR-test-ALB-20260302090830153600000003",
            "name_prefix": "HR-test-ALB-",
            "owner_id": "072951074420",
            "region": "us-east-1",
            "revoke_rules_on_delete": false,
            "tags": {
              "environment": "test",
              "owners": "HR"
            },
            "tags_all": {
              "environment": "test",
              "owners": "HR"
            },
            "timeouts": null,
            "vpc_id": "vpc-05a07f92180aa2b16"
          },
          "sensitive_attributes": [],
          "identity_schema_version": 0,
          "identity": {
            "account_id": "072951074420",
            "id": "sg-0c1ef4cea3d807c62",
            "region": "us-east-1"
          },
          "private": "eyJlMmJmYjczMC1lY2FhLTExZTYtOGY4OC0zNDM2M2JjN2M0YzAiOnsiY3JlYXRlIjo2MDAwMDAwMDAwMDAsImRlbGV0ZSI6OTAwMDAwMDAwMDAwfSwic2NoZW1hX3ZlcnNpb24iOiIxIn0=",
          "dependencies": [
            "module.vpc.aws_vpc.this"
          ],
          "create_before_destroy": true
        }
      ]
    },
    {
      "module": "module.ec2_private_instance_app1[\"0\"]",
      "mode": "data",
      "type": "aws_partition",
      "name": "current",
      "provider": "provider[\"registry.terraform.io/hashicorp/aws\"]",
      "instances": [
        {
          "schema_version": 0,
          "attributes": {
            "dns_suffix": "amazonaws.com",
            "id": "aws",
            "partition": "aws",
            "reverse_dns_prefix": "com.amazonaws"
          },
          "sensitive_attributes": [],
          "identity_schema_version": 0
        }
      ]
    },
    {
      "module": "module.ec2_private_instance_app1[\"0\"]",
      "mode": "data",
      "type": "aws_ssm_parameter",
      "name": "this",
      "provider": "provider[\"registry.terraform.io/hashicorp/aws\"]",
      "instances": [
        {
          "schema_version": 0,
          "attributes": {
            "arn": "arn:aws:ssm:us-east-1::parameter/aws/service/ami-amazon-linux-latest/al2023-ami-kernel-default-x86_64",
            "id": "/aws/service/ami-amazon-linux-latest/al2023-ami-kernel-default-x86_64",
            "insecure_value": "ami-0f3caa1cf4417e51b",
            "name": "/aws/service/ami-amazon-linux-latest/al2023-ami-kernel-default-x86_64",
            "region": "us-east-1",
            "type": "String",
            "value": "ami-0f3caa1cf4417e51b",
            "version": 147,
            "with_decryption": true
          },
          "sensitive_attributes": [
            [
              {
                "type": "get_attr",
                "value": "value"
              }
            ]
          ],
          "identity_schema_version": 0
        }
      ]
    },
    {
      "module": "module.ec2_private_instance_app1[\"0\"]",
      "mode": "data",
      "type": "aws_subnet",
      "name": "this",
      "provider": "provider[\"registry.terraform.io/hashicorp/aws\"]",
      "instances": [
        {
          "index_key": 0,
          "schema_version": 0,
          "attributes": {
            "arn": "arn:aws:ec2:us-east-1:072951074420:subnet/subnet-0f2d90dac1bef9a7f",
            "assign_ipv6_address_on_creation": false,
            "availability_zone": "us-east-1a",
            "availability_zone_id": "use1-az1",
            "available_ip_address_count": 248,
            "cidr_block": "10.0.1.0/24",
            "customer_owned_ipv4_pool": "",
            "default_for_az": false,
            "enable_dns64": false,
            "enable_lni_at_device_index": 0,
            "enable_resource_name_dns_a_record_on_launch": false,
            "enable_resource_name_dns_aaaa_record_on_launch": false,
            "filter": null,
            "id": "subnet-0f2d90dac1bef9a7f",
            "ipv6_cidr_block": "",
            "ipv6_cidr_block_association_id": "",
            "ipv6_native": false,
            "map_customer_owned_ip_on_launch": false,
            "map_public_ip_on_launch": false,
            "outpost_arn": "",
            "owner_id": "072951074420",
            "private_dns_hostname_type_on_launch": "ip-name",
            "region": "us-east-1",
            "state": "available",
            "tags": {
              "Environment": "Test",
              "Name": "Private Subnet tags",
              "Owner": "Surya"
            },
            "timeouts": null,
            "vpc_id": "vpc-05a07f92180aa2b16"
          },
          "sensitive_attributes": [],
          "identity_schema_version": 0
        }
      ]
    },
    {
      "module": "module.ec2_private_instance_app1[\"0\"]",
      "mode": "managed",
      "type": "aws_instance",
      "name": "this",
      "provider": "provider[\"registry.terraform.io/hashicorp/aws\"]",
      "instances": [
        {
          "index_key": 0,
          "schema_version": 2,
          "attributes": {
            "ami": "ami-0532be01f26a3de55",
            "arn": "arn:aws:ec2:us-east-1:072951074420:instance/i-06f5dcd1ba6d3f281",
            "associate_public_ip_address": false,
            "availability_zone": "us-east-1a",
            "capacity_reservation_specification": [
              {
                "capacity_reservation_preference": "open",
                "capacity_reservation_target": []
              }
            ],
            "cpu_options": [
              {
                "amd_sev_snp": "",
                "core_count": 1,
                "threads_per_core": 2
              }
            ],
            "credit_specification": [
              {
                "cpu_credits": "unlimited"
              }
            ],
            "disable_api_stop": false,
            "disable_api_termination": false,
            "ebs_block_device": [],
            "ebs_optimized": false,
            "enable_primary_ipv6": null,
            "enclave_options": [
              {
                "enabled": false
              }
            ],
            "ephemeral_block_device": [],
            "force_destroy": false,
            "get_password_data": false,
            "hibernation": false,
            "host_id": "",
            "host_resource_group_arn": null,
            "iam_instance_profile": "",
            "id": "i-06f5dcd1ba6d3f281",
            "instance_initiated_shutdown_behavior": "stop",
            "instance_lifecycle": "",
            "instance_market_options": [],
            "instance_state": "running",
            "instance_type": "t3.micro",
            "ipv6_address_count": 0,
            "ipv6_addresses": [],
            "key_name": "Terraform_key_pair",
            "launch_template": [],
            "maintenance_options": [
              {
                "auto_recovery": "default"
              }
            ],
            "metadata_options": [
              {
                "http_endpoint": "enabled",
                "http_protocol_ipv6": "disabled",
                "http_put_response_hop_limit": 1,
                "http_tokens": "required",
                "instance_metadata_tags": "disabled"
              }
            ],
            "monitoring": false,
            "network_interface": [],
            "outpost_arn": "",
            "password_data": "",
            "placement_group": "",
            "placement_group_id": "",
            "placement_partition_number": 0,
            "primary_network_interface": [
              {
                "delete_on_termination": true,
                "network_interface_id": "eni-0f1eb326c943396b5"
              }
            ],
            "primary_network_interface_id": "eni-0f1eb326c943396b5",
            "private_dns": "ip-10-0-1-36.ec2.internal",
            "private_dns_name_options": [
              {
                "enable_resource_name_dns_a_record": false,
                "enable_resource_name_dns_aaaa_record": false,
                "hostname_type": "ip-name"
              }
            ],
            "private_ip": "10.0.1.36",
            "public_dns": "",
            "public_ip": "",
            "region": "us-east-1",
            "root_block_device": [
              {
                "delete_on_termination": true,
                "device_name": "/dev/xvda",
                "encrypted": false,
                "iops": 3000,
                "kms_key_id": "",
                "tags": {},
                "tags_all": {},
                "throughput": 125,
                "volume_id": "vol-0bf4c338929d86db2",
                "volume_size": 8,
                "volume_type": "gp3"
              }
            ],
            "secondary_private_ips": [],
            "security_groups": [],
            "source_dest_check": true,
            "spot_instance_request_id": "",
            "subnet_id": "subnet-0f2d90dac1bef9a7f",
            "tags": {
              "Name": "test-Private_instance-app1",
              "environment": "test",
              "owners": "HR"
            },
            "tags_all": {
              "Name": "test-Private_instance-app1",
              "environment": "test",
              "owners": "HR"
            },
            "tenancy": "default",
            "timeouts": null,
            "user_data": "#!/bin/bash\n# Instance Identity Metadata Reference - https://docs.aws.amazon.com/AWSEC2/latest/UserGuide/instance-identity-documents.html\nsudo yum update -y\nsudo yum install -y httpd\nsudo systemctl enable httpd\nsudo systemctl start httpd  \nsudo echo '\u003ch1\u003eWelcome to StackSimplify - APP-1\u003c/h1\u003e' | sudo tee /var/www/html/index.html\nsudo mkdir /var/www/html/app1\nsudo echo '\u003c!DOCTYPE html\u003e \u003chtml\u003e \u003cbody style=\"background-color:rgb(250, 210, 210);\"\u003e \u003ch1\u003eWelcome to Stack Simplify - APP-1\u003c/h1\u003e \u003cp\u003eTerraform Demo\u003c/p\u003e \u003cp\u003eApplication Version: V1\u003c/p\u003e \u003c/body\u003e\u003c/html\u003e' | sudo tee /var/www/html/app1/index.html\nsudo curl http://169.254.169.254/latest/dynamic/instance-identity/document -o /var/www/html/app1/metadata.html",
            "user_data_base64": null,
            "user_data_replace_on_change": false,
            "volume_tags": {
              "Name": "test-Private_instance-app1",
              "environment": "test",
              "owners": "HR"
            },
            "vpc_security_group_ids": [
              "sg-035399390df60bbb6",
              "sg-0a14c5d0cb95c1b11"
            ]
          },
          "sensitive_attributes": [],
          "identity_schema_version": 0,
          "identity": {
            "account_id": "072951074420",
            "id": "i-06f5dcd1ba6d3f281",
            "region": "us-east-1"
          },
          "private": "eyJlMmJmYjczMC1lY2FhLTExZTYtOGY4OC0zNDM2M2JjN2M0YzAiOnsiY3JlYXRlIjo2MDAwMDAwMDAwMDAsImRlbGV0ZSI6MTIwMDAwMDAwMDAwMCwicmVhZCI6OTAwMDAwMDAwMDAwLCJ1cGRhdGUiOjYwMDAwMDAwMDAwMH0sInNjaGVtYV92ZXJzaW9uIjoiMiJ9",
          "dependencies": [
            "data.aws_ami.amznlinux2",
            "module.ec2_private_instance_app1.aws_iam_instance_profile.this",
            "module.ec2_private_instance_app1.aws_iam_role.this",
            "module.ec2_private_instance_app1.aws_security_group.this",
            "module.ec2_private_instance_app1.data.aws_iam_policy_document.assume_role_policy",
            "module.ec2_private_instance_app1.data.aws_partition.current",
            "module.ec2_private_instance_app1.data.aws_ssm_parameter.this",
            "module.ec2_private_instance_app1.data.aws_subnet.this",
            "module.security_group_private.aws_security_group.this",
            "module.security_group_private.aws_security_group.this_name_prefix",
            "module.vpc.aws_cloudwatch_log_group.flow_log",
            "module.vpc.aws_customer_gateway.this",
            "module.vpc.aws_db_subnet_group.database",
            "module.vpc.aws_default_network_acl.this",
            "module.vpc.aws_default_route_table.default",
            "module.vpc.aws_default_security_group.this",
            "module.vpc.aws_default_vpc.this",
            "module.vpc.aws_egress_only_internet_gateway.this",
            "module.vpc.aws_eip.nat",
            "module.vpc.aws_elasticache_subnet_group.elasticache",
            "module.vpc.aws_flow_log.this",
            "module.vpc.aws_iam_policy.vpc_flow_log_cloudwatch",
            "module.vpc.aws_iam_role.vpc_flow_log_cloudwatch",
            "module.vpc.aws_iam_role_policy_attachment.vpc_flow_log_cloudwatch",
            "module.vpc.aws_internet_gateway.this",
            "module.vpc.aws_nat_gateway.this",
            "module.vpc.aws_network_acl.database",
            "module.vpc.aws_network_acl.elasticache",
            "module.vpc.aws_network_acl.intra",
            "module.vpc.aws_network_acl.outpost",
            "module.vpc.aws_network_acl.private",
            "module.vpc.aws_network_acl.public",
            "module.vpc.aws_network_acl.redshift",
            "module.vpc.aws_network_acl_rule.database_inbound",
            "module.vpc.aws_network_acl_rule.database_outbound",
            "module.vpc.aws_network_acl_rule.elasticache_inbound",
            "module.vpc.aws_network_acl_rule.elasticache_outbound",
            "module.vpc.aws_network_acl_rule.intra_inbound",
            "module.vpc.aws_network_acl_rule.intra_outbound",
            "module.vpc.aws_network_acl_rule.outpost_inbound",
            "module.vpc.aws_network_acl_rule.outpost_outbound",
            "module.vpc.aws_network_acl_rule.private_inbound",
            "module.vpc.aws_network_acl_rule.private_outbound",
            "module.vpc.aws_network_acl_rule.public_inbound",
            "module.vpc.aws_network_acl_rule.public_outbound",
            "module.vpc.aws_network_acl_rule.redshift_inbound",
            "module.vpc.aws_network_acl_rule.redshift_outbound",
            "module.vpc.aws_redshift_subnet_group.redshift",
            "module.vpc.aws_route.database_dns64_nat_gateway",
            "module.vpc.aws_route.database_internet_gateway",
            "module.vpc.aws_route.database_ipv6_egress",
            "module.vpc.aws_route.database_nat_gateway",
            "module.vpc.aws_route.private_dns64_nat_gateway",
            "module.vpc.aws_route.private_ipv6_egress",
            "module.vpc.aws_route.private_nat_gateway",
            "module.vpc.aws_route.public_internet_gateway",
            "module.vpc.aws_route.public_internet_gateway_ipv6",
            "module.vpc.aws_route_table.database",
            "module.vpc.aws_route_table.elasticache",
            "module.vpc.aws_route_table.intra",
            "module.vpc.aws_route_table.private",
            "module.vpc.aws_route_table.public",
            "module.vpc.aws_route_table.redshift",
            "module.vpc.aws_route_table_association.database",
            "module.vpc.aws_route_table_association.elasticache",
            "module.vpc.aws_route_table_association.intra",
            "module.vpc.aws_route_table_association.outpost",
            "module.vpc.aws_route_table_association.private",
            "module.vpc.aws_route_table_association.public",
            "module.vpc.aws_route_table_association.redshift",
            "module.vpc.aws_route_table_association.redshift_public",
            "module.vpc.aws_subnet.database",
            "module.vpc.aws_subnet.elasticache",
            "module.vpc.aws_subnet.intra",
            "module.vpc.aws_subnet.outpost",
            "module.vpc.aws_subnet.private",
            "module.vpc.aws_subnet.public",
            "module.vpc.aws_subnet.redshift",
            "module.vpc.aws_vpc.this",
            "module.vpc.aws_vpc_block_public_access_exclusion.this",
            "module.vpc.aws_vpc_block_public_access_options.this",
            "module.vpc.aws_vpc_dhcp_options.this",
            "module.vpc.aws_vpc_dhcp_options_association.this",
            "module.vpc.aws_vpc_ipv4_cidr_block_association.this",
            "module.vpc.aws_vpn_gateway.this",
            "module.vpc.aws_vpn_gateway_attachment.this",
            "module.vpc.aws_vpn_gateway_route_propagation.intra",
            "module.vpc.aws_vpn_gateway_route_propagation.private",
            "module.vpc.aws_vpn_gateway_route_propagation.public",
            "module.vpc.data.aws_caller_identity.current",
            "module.vpc.data.aws_iam_policy_document.flow_log_cloudwatch_assume_role",
            "module.vpc.data.aws_iam_policy_document.vpc_flow_log_cloudwatch",
            "module.vpc.data.aws_partition.current",
            "module.vpc.data.aws_region.current"
          ]
        }
      ]
    },
    {
      "module": "module.ec2_private_instance_app1[\"0\"]",
      "mode": "managed",
      "type": "aws_security_group",
      "name": "this",
      "provider": "provider[\"registry.terraform.io/hashicorp/aws\"]",
      "instances": [
        {
          "index_key": 0,
          "schema_version": 1,
          "attributes": {
            "arn": "arn:aws:ec2:us-east-1:072951074420:security-group/sg-0a14c5d0cb95c1b11",
            "description": "Managed by Terraform",
            "egress": [
              {
                "cidr_blocks": [
                  "0.0.0.0/0"
                ],
                "description": "Allow all IPv4 traffic",
                "from_port": 0,
                "ipv6_cidr_blocks": [],
                "prefix_list_ids": [],
                "protocol": "-1",
                "security_groups": [],
                "self": false,
                "to_port": 0
              },
              {
                "cidr_blocks": [],
                "description": "Allow all IPv6 traffic",
                "from_port": 0,
                "ipv6_cidr_blocks": [
                  "::/0"
                ],
                "prefix_list_ids": [],
                "protocol": "-1",
                "security_groups": [],
                "self": false,
                "to_port": 0
              }
            ],
            "id": "sg-0a14c5d0cb95c1b11",
            "ingress": [],
            "name": "test-Private_instance-app1-20260302091034318300000010",
            "name_prefix": "test-Private_instance-app1-",
            "owner_id": "072951074420",
            "region": "us-east-1",
            "revoke_rules_on_delete": false,
            "tags": {
              "Name": "test-Private_instance-app1",
              "environment": "test",
              "owners": "HR"
            },
            "tags_all": {
              "Name": "test-Private_instance-app1",
              "environment": "test",
              "owners": "HR"
            },
            "timeouts": null,
            "vpc_id": "vpc-05a07f92180aa2b16"
          },
          "sensitive_attributes": [],
          "identity_schema_version": 0,
          "identity": {
            "account_id": "072951074420",
            "id": "sg-0a14c5d0cb95c1b11",
            "region": "us-east-1"
          },
          "private": "eyJlMmJmYjczMC1lY2FhLTExZTYtOGY4OC0zNDM2M2JjN2M0YzAiOnsiY3JlYXRlIjo2MDAwMDAwMDAwMDAsImRlbGV0ZSI6OTAwMDAwMDAwMDAwfSwic2NoZW1hX3ZlcnNpb24iOiIxIn0=",
          "dependencies": [
            "module.ec2_private_instance_app1.data.aws_subnet.this",
            "module.vpc.aws_cloudwatch_log_group.flow_log",
            "module.vpc.aws_customer_gateway.this",
            "module.vpc.aws_db_subnet_group.database",
            "module.vpc.aws_default_network_acl.this",
            "module.vpc.aws_default_route_table.default",
            "module.vpc.aws_default_security_group.this",
            "module.vpc.aws_default_vpc.this",
            "module.vpc.aws_egress_only_internet_gateway.this",
            "module.vpc.aws_eip.nat",
            "module.vpc.aws_elasticache_subnet_group.elasticache",
            "module.vpc.aws_flow_log.this",
            "module.vpc.aws_iam_policy.vpc_flow_log_cloudwatch",
            "module.vpc.aws_iam_role.vpc_flow_log_cloudwatch",
            "module.vpc.aws_iam_role_policy_attachment.vpc_flow_log_cloudwatch",
            "module.vpc.aws_internet_gateway.this",
            "module.vpc.aws_nat_gateway.this",
            "module.vpc.aws_network_acl.database",
            "module.vpc.aws_network_acl.elasticache",
            "module.vpc.aws_network_acl.intra",
            "module.vpc.aws_network_acl.outpost",
            "module.vpc.aws_network_acl.private",
            "module.vpc.aws_network_acl.public",
            "module.vpc.aws_network_acl.redshift",
            "module.vpc.aws_network_acl_rule.database_inbound",
            "module.vpc.aws_network_acl_rule.database_outbound",
            "module.vpc.aws_network_acl_rule.elasticache_inbound",
            "module.vpc.aws_network_acl_rule.elasticache_outbound",
            "module.vpc.aws_network_acl_rule.intra_inbound",
            "module.vpc.aws_network_acl_rule.intra_outbound",
            "module.vpc.aws_network_acl_rule.outpost_inbound",
            "module.vpc.aws_network_acl_rule.outpost_outbound",
            "module.vpc.aws_network_acl_rule.private_inbound",
            "module.vpc.aws_network_acl_rule.private_outbound",
            "module.vpc.aws_network_acl_rule.public_inbound",
            "module.vpc.aws_network_acl_rule.public_outbound",
            "module.vpc.aws_network_acl_rule.redshift_inbound",
            "module.vpc.aws_network_acl_rule.redshift_outbound",
            "module.vpc.aws_redshift_subnet_group.redshift",
            "module.vpc.aws_route.database_dns64_nat_gateway",
            "module.vpc.aws_route.database_internet_gateway",
            "module.vpc.aws_route.database_ipv6_egress",
            "module.vpc.aws_route.database_nat_gateway",
            "module.vpc.aws_route.private_dns64_nat_gateway",
            "module.vpc.aws_route.private_ipv6_egress",
            "module.vpc.aws_route.private_nat_gateway",
            "module.vpc.aws_route.public_internet_gateway",
            "module.vpc.aws_route.public_internet_gateway_ipv6",
            "module.vpc.aws_route_table.database",
            "module.vpc.aws_route_table.elasticache",
            "module.vpc.aws_route_table.intra",
            "module.vpc.aws_route_table.private",
            "module.vpc.aws_route_table.public",
            "module.vpc.aws_route_table.redshift",
            "module.vpc.aws_route_table_association.database",
            "module.vpc.aws_route_table_association.elasticache",
            "module.vpc.aws_route_table_association.intra",
            "module.vpc.aws_route_table_association.outpost",
            "module.vpc.aws_route_table_association.private",
            "module.vpc.aws_route_table_association.public",
            "module.vpc.aws_route_table_association.redshift",
            "module.vpc.aws_route_table_association.redshift_public",
            "module.vpc.aws_subnet.database",
            "module.vpc.aws_subnet.elasticache",
            "module.vpc.aws_subnet.intra",
            "module.vpc.aws_subnet.outpost",
            "module.vpc.aws_subnet.private",
            "module.vpc.aws_subnet.public",
            "module.vpc.aws_subnet.redshift",
            "module.vpc.aws_vpc.this",
            "module.vpc.aws_vpc_block_public_access_exclusion.this",
            "module.vpc.aws_vpc_block_public_access_options.this",
            "module.vpc.aws_vpc_dhcp_options.this",
            "module.vpc.aws_vpc_dhcp_options_association.this",
            "module.vpc.aws_vpc_ipv4_cidr_block_association.this",
            "module.vpc.aws_vpn_gateway.this",
            "module.vpc.aws_vpn_gateway_attachment.this",
            "module.vpc.aws_vpn_gateway_route_propagation.intra",
            "module.vpc.aws_vpn_gateway_route_propagation.private",
            "module.vpc.aws_vpn_gateway_route_propagation.public",
            "module.vpc.data.aws_caller_identity.current",
            "module.vpc.data.aws_iam_policy_document.flow_log_cloudwatch_assume_role",
            "module.vpc.data.aws_iam_policy_document.vpc_flow_log_cloudwatch",
            "module.vpc.data.aws_partition.current",
            "module.vpc.data.aws_region.current"
          ],
          "create_before_destroy": true
        }
      ]
    },
    {
      "module": "module.ec2_private_instance_app1[\"0\"]",
      "mode": "managed",
      "type": "aws_vpc_security_group_egress_rule",
      "name": "this",
      "provider": "provider[\"registry.terraform.io/hashicorp/aws\"]",
      "instances": [
        {
          "index_key": "ipv4_default",
          "schema_version": 0,
          "attributes": {
            "arn": "arn:aws:ec2:us-east-1:072951074420:security-group-rule/sgr-04f73356e3631ac97",
            "cidr_ipv4": "0.0.0.0/0",
            "cidr_ipv6": null,
            "description": "Allow all IPv4 traffic",
            "from_port": null,
            "id": "sgr-04f73356e3631ac97",
            "ip_protocol": "-1",
            "prefix_list_id": null,
            "referenced_security_group_id": null,
            "region": "us-east-1",
            "security_group_id": "sg-0a14c5d0cb95c1b11",
            "security_group_rule_id": "sgr-04f73356e3631ac97",
            "tags": {
              "Name": "test-Private_instance-app1-ipv4_default",
              "environment": "test",
              "owners": "HR"
            },
            "tags_all": {
              "Name": "test-Private_instance-app1-ipv4_default",
              "environment": "test",
              "owners": "HR"
            },
            "to_port": null
          },
          "sensitive_attributes": [],
          "identity_schema_version": 0,
          "identity": {
            "account_id": "072951074420",
            "id": "sgr-04f73356e3631ac97",
            "region": "us-east-1"
          },
          "dependencies": [
            "module.ec2_private_instance_app1.aws_security_group.this",
            "module.ec2_private_instance_app1.data.aws_subnet.this",
            "module.vpc.aws_cloudwatch_log_group.flow_log",
            "module.vpc.aws_customer_gateway.this",
            "module.vpc.aws_db_subnet_group.database",
            "module.vpc.aws_default_network_acl.this",
            "module.vpc.aws_default_route_table.default",
            "module.vpc.aws_default_security_group.this",
            "module.vpc.aws_default_vpc.this",
            "module.vpc.aws_egress_only_internet_gateway.this",
            "module.vpc.aws_eip.nat",
            "module.vpc.aws_elasticache_subnet_group.elasticache",
            "module.vpc.aws_flow_log.this",
            "module.vpc.aws_iam_policy.vpc_flow_log_cloudwatch",
            "module.vpc.aws_iam_role.vpc_flow_log_cloudwatch",
            "module.vpc.aws_iam_role_policy_attachment.vpc_flow_log_cloudwatch",
            "module.vpc.aws_internet_gateway.this",
            "module.vpc.aws_nat_gateway.this",
            "module.vpc.aws_network_acl.database",
            "module.vpc.aws_network_acl.elasticache",
            "module.vpc.aws_network_acl.intra",
            "module.vpc.aws_network_acl.outpost",
            "module.vpc.aws_network_acl.private",
            "module.vpc.aws_network_acl.public",
            "module.vpc.aws_network_acl.redshift",
            "module.vpc.aws_network_acl_rule.database_inbound",
            "module.vpc.aws_network_acl_rule.database_outbound",
            "module.vpc.aws_network_acl_rule.elasticache_inbound",
            "module.vpc.aws_network_acl_rule.elasticache_outbound",
            "module.vpc.aws_network_acl_rule.intra_inbound",
            "module.vpc.aws_network_acl_rule.intra_outbound",
            "module.vpc.aws_network_acl_rule.outpost_inbound",
            "module.vpc.aws_network_acl_rule.outpost_outbound",
            "module.vpc.aws_network_acl_rule.private_inbound",
            "module.vpc.aws_network_acl_rule.private_outbound",
            "module.vpc.aws_network_acl_rule.public_inbound",
            "module.vpc.aws_network_acl_rule.public_outbound",
            "module.vpc.aws_network_acl_rule.redshift_inbound",
            "module.vpc.aws_network_acl_rule.redshift_outbound",
            "module.vpc.aws_redshift_subnet_group.redshift",
            "module.vpc.aws_route.database_dns64_nat_gateway",
            "module.vpc.aws_route.database_internet_gateway",
            "module.vpc.aws_route.database_ipv6_egress",
            "module.vpc.aws_route.database_nat_gateway",
            "module.vpc.aws_route.private_dns64_nat_gateway",
            "module.vpc.aws_route.private_ipv6_egress",
            "module.vpc.aws_route.private_nat_gateway",
            "module.vpc.aws_route.public_internet_gateway",
            "module.vpc.aws_route.public_internet_gateway_ipv6",
            "module.vpc.aws_route_table.database",
            "module.vpc.aws_route_table.elasticache",
            "module.vpc.aws_route_table.intra",
            "module.vpc.aws_route_table.private",
            "module.vpc.aws_route_table.public",
            "module.vpc.aws_route_table.redshift",
            "module.vpc.aws_route_table_association.database",
            "module.vpc.aws_route_table_association.elasticache",
            "module.vpc.aws_route_table_association.intra",
            "module.vpc.aws_route_table_association.outpost",
            "module.vpc.aws_route_table_association.private",
            "module.vpc.aws_route_table_association.public",
            "module.vpc.aws_route_table_association.redshift",
            "module.vpc.aws_route_table_association.redshift_public",
            "module.vpc.aws_subnet.database",
            "module.vpc.aws_subnet.elasticache",
            "module.vpc.aws_subnet.intra",
            "module.vpc.aws_subnet.outpost",
            "module.vpc.aws_subnet.private",
            "module.vpc.aws_subnet.public",
            "module.vpc.aws_subnet.redshift",
            "module.vpc.aws_vpc.this",
            "module.vpc.aws_vpc_block_public_access_exclusion.this",
            "module.vpc.aws_vpc_block_public_access_options.this",
            "module.vpc.aws_vpc_dhcp_options.this",
            "module.vpc.aws_vpc_dhcp_options_association.this",
            "module.vpc.aws_vpc_ipv4_cidr_block_association.this",
            "module.vpc.aws_vpn_gateway.this",
            "module.vpc.aws_vpn_gateway_attachment.this",
            "module.vpc.aws_vpn_gateway_route_propagation.intra",
            "module.vpc.aws_vpn_gateway_route_propagation.private",
            "module.vpc.aws_vpn_gateway_route_propagation.public",
            "module.vpc.data.aws_caller_identity.current",
            "module.vpc.data.aws_iam_policy_document.flow_log_cloudwatch_assume_role",
            "module.vpc.data.aws_iam_policy_document.vpc_flow_log_cloudwatch",
            "module.vpc.data.aws_partition.current",
            "module.vpc.data.aws_region.current"
          ]
        },
        {
          "index_key": "ipv6_default",
          "schema_version": 0,
          "attributes": {
            "arn": "arn:aws:ec2:us-east-1:072951074420:security-group-rule/sgr-0a0f3fbb5ab7a0200",
            "cidr_ipv4": null,
            "cidr_ipv6": "::/0",
            "description": "Allow all IPv6 traffic",
            "from_port": null,
            "id": "sgr-0a0f3fbb5ab7a0200",
            "ip_protocol": "-1",
            "prefix_list_id": null,
            "referenced_security_group_id": null,
            "region": "us-east-1",
            "security_group_id": "sg-0a14c5d0cb95c1b11",
            "security_group_rule_id": "sgr-0a0f3fbb5ab7a0200",
            "tags": {
              "Name": "test-Private_instance-app1-ipv6_default",
              "environment": "test",
              "owners": "HR"
            },
            "tags_all": {
              "Name": "test-Private_instance-app1-ipv6_default",
              "environment": "test",
              "owners": "HR"
            },
            "to_port": null
          },
          "sensitive_attributes": [],
          "identity_schema_version": 0,
          "identity": {
            "account_id": "072951074420",
            "id": "sgr-0a0f3fbb5ab7a0200",
            "region": "us-east-1"
          },
          "dependencies": [
            "module.ec2_private_instance_app1.aws_security_group.this",
            "module.ec2_private_instance_app1.data.aws_subnet.this",
            "module.vpc.aws_cloudwatch_log_group.flow_log",
            "module.vpc.aws_customer_gateway.this",
            "module.vpc.aws_db_subnet_group.database",
            "module.vpc.aws_default_network_acl.this",
            "module.vpc.aws_default_route_table.default",
            "module.vpc.aws_default_security_group.this",
            "module.vpc.aws_default_vpc.this",
            "module.vpc.aws_egress_only_internet_gateway.this",
            "module.vpc.aws_eip.nat",
            "module.vpc.aws_elasticache_subnet_group.elasticache",
            "module.vpc.aws_flow_log.this",
            "module.vpc.aws_iam_policy.vpc_flow_log_cloudwatch",
            "module.vpc.aws_iam_role.vpc_flow_log_cloudwatch",
            "module.vpc.aws_iam_role_policy_attachment.vpc_flow_log_cloudwatch",
            "module.vpc.aws_internet_gateway.this",
            "module.vpc.aws_nat_gateway.this",
            "module.vpc.aws_network_acl.database",
            "module.vpc.aws_network_acl.elasticache",
            "module.vpc.aws_network_acl.intra",
            "module.vpc.aws_network_acl.outpost",
            "module.vpc.aws_network_acl.private",
            "module.vpc.aws_network_acl.public",
            "module.vpc.aws_network_acl.redshift",
            "module.vpc.aws_network_acl_rule.database_inbound",
            "module.vpc.aws_network_acl_rule.database_outbound",
            "module.vpc.aws_network_acl_rule.elasticache_inbound",
            "module.vpc.aws_network_acl_rule.elasticache_outbound",
            "module.vpc.aws_network_acl_rule.intra_inbound",
            "module.vpc.aws_network_acl_rule.intra_outbound",
            "module.vpc.aws_network_acl_rule.outpost_inbound",
            "module.vpc.aws_network_acl_rule.outpost_outbound",
            "module.vpc.aws_network_acl_rule.private_inbound",
            "module.vpc.aws_network_acl_rule.private_outbound",
            "module.vpc.aws_network_acl_rule.public_inbound",
            "module.vpc.aws_network_acl_rule.public_outbound",
            "module.vpc.aws_network_acl_rule.redshift_inbound",
            "module.vpc.aws_network_acl_rule.redshift_outbound",
            "module.vpc.aws_redshift_subnet_group.redshift",
            "module.vpc.aws_route.database_dns64_nat_gateway",
            "module.vpc.aws_route.database_internet_gateway",
            "module.vpc.aws_route.database_ipv6_egress",
            "module.vpc.aws_route.database_nat_gateway",
            "module.vpc.aws_route.private_dns64_nat_gateway",
            "module.vpc.aws_route.private_ipv6_egress",
            "module.vpc.aws_route.private_nat_gateway",
            "module.vpc.aws_route.public_internet_gateway",
            "module.vpc.aws_route.public_internet_gateway_ipv6",
            "module.vpc.aws_route_table.database",
            "module.vpc.aws_route_table.elasticache",
            "module.vpc.aws_route_table.intra",
            "module.vpc.aws_route_table.private",
            "module.vpc.aws_route_table.public",
            "module.vpc.aws_route_table.redshift",
            "module.vpc.aws_route_table_association.database",
            "module.vpc.aws_route_table_association.elasticache",
            "module.vpc.aws_route_table_association.intra",
            "module.vpc.aws_route_table_association.outpost",
            "module.vpc.aws_route_table_association.private",
            "module.vpc.aws_route_table_association.public",
            "module.vpc.aws_route_table_association.redshift",
            "module.vpc.aws_route_table_association.redshift_public",
            "module.vpc.aws_subnet.database",
            "module.vpc.aws_subnet.elasticache",
            "module.vpc.aws_subnet.intra",
            "module.vpc.aws_subnet.outpost",
            "module.vpc.aws_subnet.private",
            "module.vpc.aws_subnet.public",
            "module.vpc.aws_subnet.redshift",
            "module.vpc.aws_vpc.this",
            "module.vpc.aws_vpc_block_public_access_exclusion.this",
            "module.vpc.aws_vpc_block_public_access_options.this",
            "module.vpc.aws_vpc_dhcp_options.this",
            "module.vpc.aws_vpc_dhcp_options_association.this",
            "module.vpc.aws_vpc_ipv4_cidr_block_association.this",
            "module.vpc.aws_vpn_gateway.this",
            "module.vpc.aws_vpn_gateway_attachment.this",
            "module.vpc.aws_vpn_gateway_route_propagation.intra",
            "module.vpc.aws_vpn_gateway_route_propagation.private",
            "module.vpc.aws_vpn_gateway_route_propagation.public",
            "module.vpc.data.aws_caller_identity.current",
            "module.vpc.data.aws_iam_policy_document.flow_log_cloudwatch_assume_role",
            "module.vpc.data.aws_iam_policy_document.vpc_flow_log_cloudwatch",
            "module.vpc.data.aws_partition.current",
            "module.vpc.data.aws_region.current"
          ]
        }
      ]
    },
    {
      "module": "module.ec2_private_instance_app1[\"1\"]",
      "mode": "data",
      "type": "aws_partition",
      "name": "current",
      "provider": "provider[\"registry.terraform.io/hashicorp/aws\"]",
      "instances": [
        {
          "schema_version": 0,
          "attributes": {
            "dns_suffix": "amazonaws.com",
            "id": "aws",
            "partition": "aws",
            "reverse_dns_prefix": "com.amazonaws"
          },
          "sensitive_attributes": [],
          "identity_schema_version": 0
        }
      ]
    },
    {
      "module": "module.ec2_private_instance_app1[\"1\"]",
      "mode": "data",
      "type": "aws_ssm_parameter",
      "name": "this",
      "provider": "provider[\"registry.terraform.io/hashicorp/aws\"]",
      "instances": [
        {
          "schema_version": 0,
          "attributes": {
            "arn": "arn:aws:ssm:us-east-1::parameter/aws/service/ami-amazon-linux-latest/al2023-ami-kernel-default-x86_64",
            "id": "/aws/service/ami-amazon-linux-latest/al2023-ami-kernel-default-x86_64",
            "insecure_value": "ami-0f3caa1cf4417e51b",
            "name": "/aws/service/ami-amazon-linux-latest/al2023-ami-kernel-default-x86_64",
            "region": "us-east-1",
            "type": "String",
            "value": "ami-0f3caa1cf4417e51b",
            "version": 147,
            "with_decryption": true
          },
          "sensitive_attributes": [
            [
              {
                "type": "get_attr",
                "value": "value"
              }
            ]
          ],
          "identity_schema_version": 0
        }
      ]
    },
    {
      "module": "module.ec2_private_instance_app1[\"1\"]",
      "mode": "data",
      "type": "aws_subnet",
      "name": "this",
      "provider": "provider[\"registry.terraform.io/hashicorp/aws\"]",
      "instances": [
        {
          "index_key": 0,
          "schema_version": 0,
          "attributes": {
            "arn": "arn:aws:ec2:us-east-1:072951074420:subnet/subnet-0c37eec27708566ac",
            "assign_ipv6_address_on_creation": false,
            "availability_zone": "us-east-1b",
            "availability_zone_id": "use1-az2",
            "available_ip_address_count": 248,
            "cidr_block": "10.0.2.0/24",
            "customer_owned_ipv4_pool": "",
            "default_for_az": false,
            "enable_dns64": false,
            "enable_lni_at_device_index": 0,
            "enable_resource_name_dns_a_record_on_launch": false,
            "enable_resource_name_dns_aaaa_record_on_launch": false,
            "filter": null,
            "id": "subnet-0c37eec27708566ac",
            "ipv6_cidr_block": "",
            "ipv6_cidr_block_association_id": "",
            "ipv6_native": false,
            "map_customer_owned_ip_on_launch": false,
            "map_public_ip_on_launch": false,
            "outpost_arn": "",
            "owner_id": "072951074420",
            "private_dns_hostname_type_on_launch": "ip-name",
            "region": "us-east-1",
            "state": "available",
            "tags": {
              "Environment": "Test",
              "Name": "Private Subnet tags",
              "Owner": "Surya"
            },
            "timeouts": null,
            "vpc_id": "vpc-05a07f92180aa2b16"
          },
          "sensitive_attributes": [],
          "identity_schema_version": 0
        }
      ]
    },
    {
      "module": "module.ec2_private_instance_app1[\"1\"]",
      "mode": "managed",
      "type": "aws_instance",
      "name": "this",
      "provider": "provider[\"registry.terraform.io/hashicorp/aws\"]",
      "instances": [
        {
          "index_key": 0,
          "schema_version": 2,
          "attributes": {
            "ami": "ami-0532be01f26a3de55",
            "arn": "arn:aws:ec2:us-east-1:072951074420:instance/i-0e25ad1c1036beff5",
            "associate_public_ip_address": false,
            "availability_zone": "us-east-1b",
            "capacity_reservation_specification": [
              {
                "capacity_reservation_preference": "open",
                "capacity_reservation_target": []
              }
            ],
            "cpu_options": [
              {
                "amd_sev_snp": "",
                "core_count": 1,
                "threads_per_core": 2
              }
            ],
            "credit_specification": [
              {
                "cpu_credits": "unlimited"
              }
            ],
            "disable_api_stop": false,
            "disable_api_termination": false,
            "ebs_block_device": [],
            "ebs_optimized": false,
            "enable_primary_ipv6": null,
            "enclave_options": [
              {
                "enabled": false
              }
            ],
            "ephemeral_block_device": [],
            "force_destroy": false,
            "get_password_data": false,
            "hibernation": false,
            "host_id": "",
            "host_resource_group_arn": null,
            "iam_instance_profile": "",
            "id": "i-0e25ad1c1036beff5",
            "instance_initiated_shutdown_behavior": "stop",
            "instance_lifecycle": "",
            "instance_market_options": [],
            "instance_state": "running",
            "instance_type": "t3.micro",
            "ipv6_address_count": 0,
            "ipv6_addresses": [],
            "key_name": "Terraform_key_pair",
            "launch_template": [],
            "maintenance_options": [
              {
                "auto_recovery": "default"
              }
            ],
            "metadata_options": [
              {
                "http_endpoint": "enabled",
                "http_protocol_ipv6": "disabled",
                "http_put_response_hop_limit": 1,
                "http_tokens": "required",
                "instance_metadata_tags": "disabled"
              }
            ],
            "monitoring": false,
            "network_interface": [],
            "outpost_arn": "",
            "password_data": "",
            "placement_group": "",
            "placement_group_id": "",
            "placement_partition_number": 0,
            "primary_network_interface": [
              {
                "delete_on_termination": true,
                "network_interface_id": "eni-00a00e307186889a1"
              }
            ],
            "primary_network_interface_id": "eni-00a00e307186889a1",
            "private_dns": "ip-10-0-2-221.ec2.internal",
            "private_dns_name_options": [
              {
                "enable_resource_name_dns_a_record": false,
                "enable_resource_name_dns_aaaa_record": false,
                "hostname_type": "ip-name"
              }
            ],
            "private_ip": "10.0.2.221",
            "public_dns": "",
            "public_ip": "",
            "region": "us-east-1",
            "root_block_device": [
              {
                "delete_on_termination": true,
                "device_name": "/dev/xvda",
                "encrypted": false,
                "iops": 3000,
                "kms_key_id": "",
                "tags": {},
                "tags_all": {},
                "throughput": 125,
                "volume_id": "vol-0347cd817707e199a",
                "volume_size": 8,
                "volume_type": "gp3"
              }
            ],
            "secondary_private_ips": [],
            "security_groups": [],
            "source_dest_check": true,
            "spot_instance_request_id": "",
            "subnet_id": "subnet-0c37eec27708566ac",
            "tags": {
              "Name": "test-Private_instance-app1",
              "environment": "test",
              "owners": "HR"
            },
            "tags_all": {
              "Name": "test-Private_instance-app1",
              "environment": "test",
              "owners": "HR"
            },
            "tenancy": "default",
            "timeouts": null,
            "user_data": "#!/bin/bash\n# Instance Identity Metadata Reference - https://docs.aws.amazon.com/AWSEC2/latest/UserGuide/instance-identity-documents.html\nsudo yum update -y\nsudo yum install -y httpd\nsudo systemctl enable httpd\nsudo systemctl start httpd  \nsudo echo '\u003ch1\u003eWelcome to StackSimplify - APP-1\u003c/h1\u003e' | sudo tee /var/www/html/index.html\nsudo mkdir /var/www/html/app1\nsudo echo '\u003c!DOCTYPE html\u003e \u003chtml\u003e \u003cbody style=\"background-color:rgb(250, 210, 210);\"\u003e \u003ch1\u003eWelcome to Stack Simplify - APP-1\u003c/h1\u003e \u003cp\u003eTerraform Demo\u003c/p\u003e \u003cp\u003eApplication Version: V1\u003c/p\u003e \u003c/body\u003e\u003c/html\u003e' | sudo tee /var/www/html/app1/index.html\nsudo curl http://169.254.169.254/latest/dynamic/instance-identity/document -o /var/www/html/app1/metadata.html",
            "user_data_base64": null,
            "user_data_replace_on_change": false,
            "volume_tags": {
              "Name": "test-Private_instance-app1",
              "environment": "test",
              "owners": "HR"
            },
            "vpc_security_group_ids": [
              "sg-00ea5457f6cb3f544",
              "sg-035399390df60bbb6"
            ]
          },
          "sensitive_attributes": [],
          "identity_schema_version": 0,
          "identity": {
            "account_id": "072951074420",
            "id": "i-0e25ad1c1036beff5",
            "region": "us-east-1"
          },
          "private": "eyJlMmJmYjczMC1lY2FhLTExZTYtOGY4OC0zNDM2M2JjN2M0YzAiOnsiY3JlYXRlIjo2MDAwMDAwMDAwMDAsImRlbGV0ZSI6MTIwMDAwMDAwMDAwMCwicmVhZCI6OTAwMDAwMDAwMDAwLCJ1cGRhdGUiOjYwMDAwMDAwMDAwMH0sInNjaGVtYV92ZXJzaW9uIjoiMiJ9",
          "dependencies": [
            "data.aws_ami.amznlinux2",
            "module.ec2_private_instance_app1.aws_iam_instance_profile.this",
            "module.ec2_private_instance_app1.aws_iam_role.this",
            "module.ec2_private_instance_app1.aws_security_group.this",
            "module.ec2_private_instance_app1.data.aws_iam_policy_document.assume_role_policy",
            "module.ec2_private_instance_app1.data.aws_partition.current",
            "module.ec2_private_instance_app1.data.aws_ssm_parameter.this",
            "module.ec2_private_instance_app1.data.aws_subnet.this",
            "module.security_group_private.aws_security_group.this",
            "module.security_group_private.aws_security_group.this_name_prefix",
            "module.vpc.aws_cloudwatch_log_group.flow_log",
            "module.vpc.aws_customer_gateway.this",
            "module.vpc.aws_db_subnet_group.database",
            "module.vpc.aws_default_network_acl.this",
            "module.vpc.aws_default_route_table.default",
            "module.vpc.aws_default_security_group.this",
            "module.vpc.aws_default_vpc.this",
            "module.vpc.aws_egress_only_internet_gateway.this",
            "module.vpc.aws_eip.nat",
            "module.vpc.aws_elasticache_subnet_group.elasticache",
            "module.vpc.aws_flow_log.this",
            "module.vpc.aws_iam_policy.vpc_flow_log_cloudwatch",
            "module.vpc.aws_iam_role.vpc_flow_log_cloudwatch",
            "module.vpc.aws_iam_role_policy_attachment.vpc_flow_log_cloudwatch",
            "module.vpc.aws_internet_gateway.this",
            "module.vpc.aws_nat_gateway.this",
            "module.vpc.aws_network_acl.database",
            "module.vpc.aws_network_acl.elasticache",
            "module.vpc.aws_network_acl.intra",
            "module.vpc.aws_network_acl.outpost",
            "module.vpc.aws_network_acl.private",
            "module.vpc.aws_network_acl.public",
            "module.vpc.aws_network_acl.redshift",
            "module.vpc.aws_network_acl_rule.database_inbound",
            "module.vpc.aws_network_acl_rule.database_outbound",
            "module.vpc.aws_network_acl_rule.elasticache_inbound",
            "module.vpc.aws_network_acl_rule.elasticache_outbound",
            "module.vpc.aws_network_acl_rule.intra_inbound",
            "module.vpc.aws_network_acl_rule.intra_outbound",
            "module.vpc.aws_network_acl_rule.outpost_inbound",
            "module.vpc.aws_network_acl_rule.outpost_outbound",
            "module.vpc.aws_network_acl_rule.private_inbound",
            "module.vpc.aws_network_acl_rule.private_outbound",
            "module.vpc.aws_network_acl_rule.public_inbound",
            "module.vpc.aws_network_acl_rule.public_outbound",
            "module.vpc.aws_network_acl_rule.redshift_inbound",
            "module.vpc.aws_network_acl_rule.redshift_outbound",
            "module.vpc.aws_redshift_subnet_group.redshift",
            "module.vpc.aws_route.database_dns64_nat_gateway",
            "module.vpc.aws_route.database_internet_gateway",
            "module.vpc.aws_route.database_ipv6_egress",
            "module.vpc.aws_route.database_nat_gateway",
            "module.vpc.aws_route.private_dns64_nat_gateway",
            "module.vpc.aws_route.private_ipv6_egress",
            "module.vpc.aws_route.private_nat_gateway",
            "module.vpc.aws_route.public_internet_gateway",
            "module.vpc.aws_route.public_internet_gateway_ipv6",
            "module.vpc.aws_route_table.database",
            "module.vpc.aws_route_table.elasticache",
            "module.vpc.aws_route_table.intra",
            "module.vpc.aws_route_table.private",
            "module.vpc.aws_route_table.public",
            "module.vpc.aws_route_table.redshift",
            "module.vpc.aws_route_table_association.database",
            "module.vpc.aws_route_table_association.elasticache",
            "module.vpc.aws_route_table_association.intra",
            "module.vpc.aws_route_table_association.outpost",
            "module.vpc.aws_route_table_association.private",
            "module.vpc.aws_route_table_association.public",
            "module.vpc.aws_route_table_association.redshift",
            "module.vpc.aws_route_table_association.redshift_public",
            "module.vpc.aws_subnet.database",
            "module.vpc.aws_subnet.elasticache",
            "module.vpc.aws_subnet.intra",
            "module.vpc.aws_subnet.outpost",
            "module.vpc.aws_subnet.private",
            "module.vpc.aws_subnet.public",
            "module.vpc.aws_subnet.redshift",
            "module.vpc.aws_vpc.this",
            "module.vpc.aws_vpc_block_public_access_exclusion.this",
            "module.vpc.aws_vpc_block_public_access_options.this",
            "module.vpc.aws_vpc_dhcp_options.this",
            "module.vpc.aws_vpc_dhcp_options_association.this",
            "module.vpc.aws_vpc_ipv4_cidr_block_association.this",
            "module.vpc.aws_vpn_gateway.this",
            "module.vpc.aws_vpn_gateway_attachment.this",
            "module.vpc.aws_vpn_gateway_route_propagation.intra",
            "module.vpc.aws_vpn_gateway_route_propagation.private",
            "module.vpc.aws_vpn_gateway_route_propagation.public",
            "module.vpc.data.aws_caller_identity.current",
            "module.vpc.data.aws_iam_policy_document.flow_log_cloudwatch_assume_role",
            "module.vpc.data.aws_iam_policy_document.vpc_flow_log_cloudwatch",
            "module.vpc.data.aws_partition.current",
            "module.vpc.data.aws_region.current"
          ]
        }
      ]
    },
    {
      "module": "module.ec2_private_instance_app1[\"1\"]",
      "mode": "managed",
      "type": "aws_security_group",
      "name": "this",
      "provider": "provider[\"registry.terraform.io/hashicorp/aws\"]",
      "instances": [
        {
          "index_key": 0,
          "schema_version": 1,
          "attributes": {
            "arn": "arn:aws:ec2:us-east-1:072951074420:security-group/sg-00ea5457f6cb3f544",
            "description": "Managed by Terraform",
            "egress": [
              {
                "cidr_blocks": [
                  "0.0.0.0/0"
                ],
                "description": "Allow all IPv4 traffic",
                "from_port": 0,
                "ipv6_cidr_blocks": [],
                "prefix_list_ids": [],
                "protocol": "-1",
                "security_groups": [],
                "self": false,
                "to_port": 0
              },
              {
                "cidr_blocks": [],
                "description": "Allow all IPv6 traffic",
                "from_port": 0,
                "ipv6_cidr_blocks": [
                  "::/0"
                ],
                "prefix_list_ids": [],
                "protocol": "-1",
                "security_groups": [],
                "self": false,
                "to_port": 0
              }
            ],
            "id": "sg-00ea5457f6cb3f544",
            "ingress": [],
            "name": "test-Private_instance-app1-20260302091034318300000011",
            "name_prefix": "test-Private_instance-app1-",
            "owner_id": "072951074420",
            "region": "us-east-1",
            "revoke_rules_on_delete": false,
            "tags": {
              "Name": "test-Private_instance-app1",
              "environment": "test",
              "owners": "HR"
            },
            "tags_all": {
              "Name": "test-Private_instance-app1",
              "environment": "test",
              "owners": "HR"
            },
            "timeouts": null,
            "vpc_id": "vpc-05a07f92180aa2b16"
          },
          "sensitive_attributes": [],
          "identity_schema_version": 0,
          "identity": {
            "account_id": "072951074420",
            "id": "sg-00ea5457f6cb3f544",
            "region": "us-east-1"
          },
          "private": "eyJlMmJmYjczMC1lY2FhLTExZTYtOGY4OC0zNDM2M2JjN2M0YzAiOnsiY3JlYXRlIjo2MDAwMDAwMDAwMDAsImRlbGV0ZSI6OTAwMDAwMDAwMDAwfSwic2NoZW1hX3ZlcnNpb24iOiIxIn0=",
          "dependencies": [
            "module.ec2_private_instance_app1.data.aws_subnet.this",
            "module.vpc.aws_cloudwatch_log_group.flow_log",
            "module.vpc.aws_customer_gateway.this",
            "module.vpc.aws_db_subnet_group.database",
            "module.vpc.aws_default_network_acl.this",
            "module.vpc.aws_default_route_table.default",
            "module.vpc.aws_default_security_group.this",
            "module.vpc.aws_default_vpc.this",
            "module.vpc.aws_egress_only_internet_gateway.this",
            "module.vpc.aws_eip.nat",
            "module.vpc.aws_elasticache_subnet_group.elasticache",
            "module.vpc.aws_flow_log.this",
            "module.vpc.aws_iam_policy.vpc_flow_log_cloudwatch",
            "module.vpc.aws_iam_role.vpc_flow_log_cloudwatch",
            "module.vpc.aws_iam_role_policy_attachment.vpc_flow_log_cloudwatch",
            "module.vpc.aws_internet_gateway.this",
            "module.vpc.aws_nat_gateway.this",
            "module.vpc.aws_network_acl.database",
            "module.vpc.aws_network_acl.elasticache",
            "module.vpc.aws_network_acl.intra",
            "module.vpc.aws_network_acl.outpost",
            "module.vpc.aws_network_acl.private",
            "module.vpc.aws_network_acl.public",
            "module.vpc.aws_network_acl.redshift",
            "module.vpc.aws_network_acl_rule.database_inbound",
            "module.vpc.aws_network_acl_rule.database_outbound",
            "module.vpc.aws_network_acl_rule.elasticache_inbound",
            "module.vpc.aws_network_acl_rule.elasticache_outbound",
            "module.vpc.aws_network_acl_rule.intra_inbound",
            "module.vpc.aws_network_acl_rule.intra_outbound",
            "module.vpc.aws_network_acl_rule.outpost_inbound",
            "module.vpc.aws_network_acl_rule.outpost_outbound",
            "module.vpc.aws_network_acl_rule.private_inbound",
            "module.vpc.aws_network_acl_rule.private_outbound",
            "module.vpc.aws_network_acl_rule.public_inbound",
            "module.vpc.aws_network_acl_rule.public_outbound",
            "module.vpc.aws_network_acl_rule.redshift_inbound",
            "module.vpc.aws_network_acl_rule.redshift_outbound",
            "module.vpc.aws_redshift_subnet_group.redshift",
            "module.vpc.aws_route.database_dns64_nat_gateway",
            "module.vpc.aws_route.database_internet_gateway",
            "module.vpc.aws_route.database_ipv6_egress",
            "module.vpc.aws_route.database_nat_gateway",
            "module.vpc.aws_route.private_dns64_nat_gateway",
            "module.vpc.aws_route.private_ipv6_egress",
            "module.vpc.aws_route.private_nat_gateway",
            "module.vpc.aws_route.public_internet_gateway",
            "module.vpc.aws_route.public_internet_gateway_ipv6",
            "module.vpc.aws_route_table.database",
            "module.vpc.aws_route_table.elasticache",
            "module.vpc.aws_route_table.intra",
            "module.vpc.aws_route_table.private",
            "module.vpc.aws_route_table.public",
            "module.vpc.aws_route_table.redshift",
            "module.vpc.aws_route_table_association.database",
            "module.vpc.aws_route_table_association.elasticache",
            "module.vpc.aws_route_table_association.intra",
            "module.vpc.aws_route_table_association.outpost",
            "module.vpc.aws_route_table_association.private",
            "module.vpc.aws_route_table_association.public",
            "module.vpc.aws_route_table_association.redshift",
            "module.vpc.aws_route_table_association.redshift_public",
            "module.vpc.aws_subnet.database",
            "module.vpc.aws_subnet.elasticache",
            "module.vpc.aws_subnet.intra",
            "module.vpc.aws_subnet.outpost",
            "module.vpc.aws_subnet.private",
            "module.vpc.aws_subnet.public",
            "module.vpc.aws_subnet.redshift",
            "module.vpc.aws_vpc.this",
            "module.vpc.aws_vpc_block_public_access_exclusion.this",
            "module.vpc.aws_vpc_block_public_access_options.this",
            "module.vpc.aws_vpc_dhcp_options.this",
            "module.vpc.aws_vpc_dhcp_options_association.this",
            "module.vpc.aws_vpc_ipv4_cidr_block_association.this",
            "module.vpc.aws_vpn_gateway.this",
            "module.vpc.aws_vpn_gateway_attachment.this",
            "module.vpc.aws_vpn_gateway_route_propagation.intra",
            "module.vpc.aws_vpn_gateway_route_propagation.private",
            "module.vpc.aws_vpn_gateway_route_propagation.public",
            "module.vpc.data.aws_caller_identity.current",
            "module.vpc.data.aws_iam_policy_document.flow_log_cloudwatch_assume_role",
            "module.vpc.data.aws_iam_policy_document.vpc_flow_log_cloudwatch",
            "module.vpc.data.aws_partition.current",
            "module.vpc.data.aws_region.current"
          ],
          "create_before_destroy": true
        }
      ]
    },
    {
      "module": "module.ec2_private_instance_app1[\"1\"]",
      "mode": "managed",
      "type": "aws_vpc_security_group_egress_rule",
      "name": "this",
      "provider": "provider[\"registry.terraform.io/hashicorp/aws\"]",
      "instances": [
        {
          "index_key": "ipv4_default",
          "schema_version": 0,
          "attributes": {
            "arn": "arn:aws:ec2:us-east-1:072951074420:security-group-rule/sgr-0be4f8e9f34b791bb",
            "cidr_ipv4": "0.0.0.0/0",
            "cidr_ipv6": null,
            "description": "Allow all IPv4 traffic",
            "from_port": null,
            "id": "sgr-0be4f8e9f34b791bb",
            "ip_protocol": "-1",
            "prefix_list_id": null,
            "referenced_security_group_id": null,
            "region": "us-east-1",
            "security_group_id": "sg-00ea5457f6cb3f544",
            "security_group_rule_id": "sgr-0be4f8e9f34b791bb",
            "tags": {
              "Name": "test-Private_instance-app1-ipv4_default",
              "environment": "test",
              "owners": "HR"
            },
            "tags_all": {
              "Name": "test-Private_instance-app1-ipv4_default",
              "environment": "test",
              "owners": "HR"
            },
            "to_port": null
          },
          "sensitive_attributes": [],
          "identity_schema_version": 0,
          "identity": {
            "account_id": "072951074420",
            "id": "sgr-0be4f8e9f34b791bb",
            "region": "us-east-1"
          },
          "dependencies": [
            "module.ec2_private_instance_app1.aws_security_group.this",
            "module.ec2_private_instance_app1.data.aws_subnet.this",
            "module.vpc.aws_cloudwatch_log_group.flow_log",
            "module.vpc.aws_customer_gateway.this",
            "module.vpc.aws_db_subnet_group.database",
            "module.vpc.aws_default_network_acl.this",
            "module.vpc.aws_default_route_table.default",
            "module.vpc.aws_default_security_group.this",
            "module.vpc.aws_default_vpc.this",
            "module.vpc.aws_egress_only_internet_gateway.this",
            "module.vpc.aws_eip.nat",
            "module.vpc.aws_elasticache_subnet_group.elasticache",
            "module.vpc.aws_flow_log.this",
            "module.vpc.aws_iam_policy.vpc_flow_log_cloudwatch",
            "module.vpc.aws_iam_role.vpc_flow_log_cloudwatch",
            "module.vpc.aws_iam_role_policy_attachment.vpc_flow_log_cloudwatch",
            "module.vpc.aws_internet_gateway.this",
            "module.vpc.aws_nat_gateway.this",
            "module.vpc.aws_network_acl.database",
            "module.vpc.aws_network_acl.elasticache",
            "module.vpc.aws_network_acl.intra",
            "module.vpc.aws_network_acl.outpost",
            "module.vpc.aws_network_acl.private",
            "module.vpc.aws_network_acl.public",
            "module.vpc.aws_network_acl.redshift",
            "module.vpc.aws_network_acl_rule.database_inbound",
            "module.vpc.aws_network_acl_rule.database_outbound",
            "module.vpc.aws_network_acl_rule.elasticache_inbound",
            "module.vpc.aws_network_acl_rule.elasticache_outbound",
            "module.vpc.aws_network_acl_rule.intra_inbound",
            "module.vpc.aws_network_acl_rule.intra_outbound",
            "module.vpc.aws_network_acl_rule.outpost_inbound",
            "module.vpc.aws_network_acl_rule.outpost_outbound",
            "module.vpc.aws_network_acl_rule.private_inbound",
            "module.vpc.aws_network_acl_rule.private_outbound",
            "module.vpc.aws_network_acl_rule.public_inbound",
            "module.vpc.aws_network_acl_rule.public_outbound",
            "module.vpc.aws_network_acl_rule.redshift_inbound",
            "module.vpc.aws_network_acl_rule.redshift_outbound",
            "module.vpc.aws_redshift_subnet_group.redshift",
            "module.vpc.aws_route.database_dns64_nat_gateway",
            "module.vpc.aws_route.database_internet_gateway",
            "module.vpc.aws_route.database_ipv6_egress",
            "module.vpc.aws_route.database_nat_gateway",
            "module.vpc.aws_route.private_dns64_nat_gateway",
            "module.vpc.aws_route.private_ipv6_egress",
            "module.vpc.aws_route.private_nat_gateway",
            "module.vpc.aws_route.public_internet_gateway",
            "module.vpc.aws_route.public_internet_gateway_ipv6",
            "module.vpc.aws_route_table.database",
            "module.vpc.aws_route_table.elasticache",
            "module.vpc.aws_route_table.intra",
            "module.vpc.aws_route_table.private",
            "module.vpc.aws_route_table.public",
            "module.vpc.aws_route_table.redshift",
            "module.vpc.aws_route_table_association.database",
            "module.vpc.aws_route_table_association.elasticache",
            "module.vpc.aws_route_table_association.intra",
            "module.vpc.aws_route_table_association.outpost",
            "module.vpc.aws_route_table_association.private",
            "module.vpc.aws_route_table_association.public",
            "module.vpc.aws_route_table_association.redshift",
            "module.vpc.aws_route_table_association.redshift_public",
            "module.vpc.aws_subnet.database",
            "module.vpc.aws_subnet.elasticache",
            "module.vpc.aws_subnet.intra",
            "module.vpc.aws_subnet.outpost",
            "module.vpc.aws_subnet.private",
            "module.vpc.aws_subnet.public",
            "module.vpc.aws_subnet.redshift",
            "module.vpc.aws_vpc.this",
            "module.vpc.aws_vpc_block_public_access_exclusion.this",
            "module.vpc.aws_vpc_block_public_access_options.this",
            "module.vpc.aws_vpc_dhcp_options.this",
            "module.vpc.aws_vpc_dhcp_options_association.this",
            "module.vpc.aws_vpc_ipv4_cidr_block_association.this",
            "module.vpc.aws_vpn_gateway.this",
            "module.vpc.aws_vpn_gateway_attachment.this",
            "module.vpc.aws_vpn_gateway_route_propagation.intra",
            "module.vpc.aws_vpn_gateway_route_propagation.private",
            "module.vpc.aws_vpn_gateway_route_propagation.public",
            "module.vpc.data.aws_caller_identity.current",
            "module.vpc.data.aws_iam_policy_document.flow_log_cloudwatch_assume_role",
            "module.vpc.data.aws_iam_policy_document.vpc_flow_log_cloudwatch",
            "module.vpc.data.aws_partition.current",
            "module.vpc.data.aws_region.current"
          ]
        },
        {
          "index_key": "ipv6_default",
          "schema_version": 0,
          "attributes": {
            "arn": "arn:aws:ec2:us-east-1:072951074420:security-group-rule/sgr-07980e5b234a92c69",
            "cidr_ipv4": null,
            "cidr_ipv6": "::/0",
            "description": "Allow all IPv6 traffic",
            "from_port": null,
            "id": "sgr-07980e5b234a92c69",
            "ip_protocol": "-1",
            "prefix_list_id": null,
            "referenced_security_group_id": null,
            "region": "us-east-1",
            "security_group_id": "sg-00ea5457f6cb3f544",
            "security_group_rule_id": "sgr-07980e5b234a92c69",
            "tags": {
              "Name": "test-Private_instance-app1-ipv6_default",
              "environment": "test",
              "owners": "HR"
            },
            "tags_all": {
              "Name": "test-Private_instance-app1-ipv6_default",
              "environment": "test",
              "owners": "HR"
            },
            "to_port": null
          },
          "sensitive_attributes": [],
          "identity_schema_version": 0,
          "identity": {
            "account_id": "072951074420",
            "id": "sgr-07980e5b234a92c69",
            "region": "us-east-1"
          },
          "dependencies": [
            "module.ec2_private_instance_app1.aws_security_group.this",
            "module.ec2_private_instance_app1.data.aws_subnet.this",
            "module.vpc.aws_cloudwatch_log_group.flow_log",
            "module.vpc.aws_customer_gateway.this",
            "module.vpc.aws_db_subnet_group.database",
            "module.vpc.aws_default_network_acl.this",
            "module.vpc.aws_default_route_table.default",
            "module.vpc.aws_default_security_group.this",
            "module.vpc.aws_default_vpc.this",
            "module.vpc.aws_egress_only_internet_gateway.this",
            "module.vpc.aws_eip.nat",
            "module.vpc.aws_elasticache_subnet_group.elasticache",
            "module.vpc.aws_flow_log.this",
            "module.vpc.aws_iam_policy.vpc_flow_log_cloudwatch",
            "module.vpc.aws_iam_role.vpc_flow_log_cloudwatch",
            "module.vpc.aws_iam_role_policy_attachment.vpc_flow_log_cloudwatch",
            "module.vpc.aws_internet_gateway.this",
            "module.vpc.aws_nat_gateway.this",
            "module.vpc.aws_network_acl.database",
            "module.vpc.aws_network_acl.elasticache",
            "module.vpc.aws_network_acl.intra",
            "module.vpc.aws_network_acl.outpost",
            "module.vpc.aws_network_acl.private",
            "module.vpc.aws_network_acl.public",
            "module.vpc.aws_network_acl.redshift",
            "module.vpc.aws_network_acl_rule.database_inbound",
            "module.vpc.aws_network_acl_rule.database_outbound",
            "module.vpc.aws_network_acl_rule.elasticache_inbound",
            "module.vpc.aws_network_acl_rule.elasticache_outbound",
            "module.vpc.aws_network_acl_rule.intra_inbound",
            "module.vpc.aws_network_acl_rule.intra_outbound",
            "module.vpc.aws_network_acl_rule.outpost_inbound",
            "module.vpc.aws_network_acl_rule.outpost_outbound",
            "module.vpc.aws_network_acl_rule.private_inbound",
            "module.vpc.aws_network_acl_rule.private_outbound",
            "module.vpc.aws_network_acl_rule.public_inbound",
            "module.vpc.aws_network_acl_rule.public_outbound",
            "module.vpc.aws_network_acl_rule.redshift_inbound",
            "module.vpc.aws_network_acl_rule.redshift_outbound",
            "module.vpc.aws_redshift_subnet_group.redshift",
            "module.vpc.aws_route.database_dns64_nat_gateway",
            "module.vpc.aws_route.database_internet_gateway",
            "module.vpc.aws_route.database_ipv6_egress",
            "module.vpc.aws_route.database_nat_gateway",
            "module.vpc.aws_route.private_dns64_nat_gateway",
            "module.vpc.aws_route.private_ipv6_egress",
            "module.vpc.aws_route.private_nat_gateway",
            "module.vpc.aws_route.public_internet_gateway",
            "module.vpc.aws_route.public_internet_gateway_ipv6",
            "module.vpc.aws_route_table.database",
            "module.vpc.aws_route_table.elasticache",
            "module.vpc.aws_route_table.intra",
            "module.vpc.aws_route_table.private",
            "module.vpc.aws_route_table.public",
            "module.vpc.aws_route_table.redshift",
            "module.vpc.aws_route_table_association.database",
            "module.vpc.aws_route_table_association.elasticache",
            "module.vpc.aws_route_table_association.intra",
            "module.vpc.aws_route_table_association.outpost",
            "module.vpc.aws_route_table_association.private",
            "module.vpc.aws_route_table_association.public",
            "module.vpc.aws_route_table_association.redshift",
            "module.vpc.aws_route_table_association.redshift_public",
            "module.vpc.aws_subnet.database",
            "module.vpc.aws_subnet.elasticache",
            "module.vpc.aws_subnet.intra",
            "module.vpc.aws_subnet.outpost",
            "module.vpc.aws_subnet.private",
            "module.vpc.aws_subnet.public",
            "module.vpc.aws_subnet.redshift",
            "module.vpc.aws_vpc.this",
            "module.vpc.aws_vpc_block_public_access_exclusion.this",
            "module.vpc.aws_vpc_block_public_access_options.this",
            "module.vpc.aws_vpc_dhcp_options.this",
            "module.vpc.aws_vpc_dhcp_options_association.this",
            "module.vpc.aws_vpc_ipv4_cidr_block_association.this",
            "module.vpc.aws_vpn_gateway.this",
            "module.vpc.aws_vpn_gateway_attachment.this",
            "module.vpc.aws_vpn_gateway_route_propagation.intra",
            "module.vpc.aws_vpn_gateway_route_propagation.private",
            "module.vpc.aws_vpn_gateway_route_propagation.public",
            "module.vpc.data.aws_caller_identity.current",
            "module.vpc.data.aws_iam_policy_document.flow_log_cloudwatch_assume_role",
            "module.vpc.data.aws_iam_policy_document.vpc_flow_log_cloudwatch",
            "module.vpc.data.aws_partition.current",
            "module.vpc.data.aws_region.current"
          ]
        }
      ]
    },
    {
      "module": "module.ec2_public_bastion[\"0\"]",
      "mode": "data",
      "type": "aws_partition",
      "name": "current",
      "provider": "provider[\"registry.terraform.io/hashicorp/aws\"]",
      "instances": [
        {
          "schema_version": 0,
          "attributes": {
            "dns_suffix": "amazonaws.com",
            "id": "aws",
            "partition": "aws",
            "reverse_dns_prefix": "com.amazonaws"
          },
          "sensitive_attributes": [],
          "identity_schema_version": 0
        }
      ]
    },
    {
      "module": "module.ec2_public_bastion[\"0\"]",
      "mode": "data",
      "type": "aws_ssm_parameter",
      "name": "this",
      "provider": "provider[\"registry.terraform.io/hashicorp/aws\"]",
      "instances": [
        {
          "schema_version": 0,
          "attributes": {
            "arn": "arn:aws:ssm:us-east-1::parameter/aws/service/ami-amazon-linux-latest/al2023-ami-kernel-default-x86_64",
            "id": "/aws/service/ami-amazon-linux-latest/al2023-ami-kernel-default-x86_64",
            "insecure_value": "ami-0f3caa1cf4417e51b",
            "name": "/aws/service/ami-amazon-linux-latest/al2023-ami-kernel-default-x86_64",
            "region": "us-east-1",
            "type": "String",
            "value": "ami-0f3caa1cf4417e51b",
            "version": 147,
            "with_decryption": true
          },
          "sensitive_attributes": [
            [
              {
                "type": "get_attr",
                "value": "value"
              }
            ]
          ],
          "identity_schema_version": 0
        }
      ]
    },
    {
      "module": "module.ec2_public_bastion[\"0\"]",
      "mode": "data",
      "type": "aws_subnet",
      "name": "this",
      "provider": "provider[\"registry.terraform.io/hashicorp/aws\"]",
      "instances": [
        {
          "index_key": 0,
          "schema_version": 0,
          "attributes": {
            "arn": "arn:aws:ec2:us-east-1:072951074420:subnet/subnet-00b11d58bb56760dd",
            "assign_ipv6_address_on_creation": false,
            "availability_zone": "us-east-1a",
            "availability_zone_id": "use1-az1",
            "available_ip_address_count": 247,
            "cidr_block": "10.0.101.0/24",
            "customer_owned_ipv4_pool": "",
            "default_for_az": false,
            "enable_dns64": false,
            "enable_lni_at_device_index": 0,
            "enable_resource_name_dns_a_record_on_launch": false,
            "enable_resource_name_dns_aaaa_record_on_launch": false,
            "filter": null,
            "id": "subnet-00b11d58bb56760dd",
            "ipv6_cidr_block": "",
            "ipv6_cidr_block_association_id": "",
            "ipv6_native": false,
            "map_customer_owned_ip_on_launch": false,
            "map_public_ip_on_launch": false,
            "outpost_arn": "",
            "owner_id": "072951074420",
            "private_dns_hostname_type_on_launch": "ip-name",
            "region": "us-east-1",
            "state": "available",
            "tags": {
              "Environment": "Test",
              "Name": "Public Subnet tags",
              "Owner": "Surya"
            },
            "timeouts": null,
            "vpc_id": "vpc-05a07f92180aa2b16"
          },
          "sensitive_attributes": [],
          "identity_schema_version": 0
        }
      ]
    },
    {
      "module": "module.ec2_public_bastion[\"0\"]",
      "mode": "managed",
      "type": "aws_instance",
      "name": "this",
      "provider": "provider[\"registry.terraform.io/hashicorp/aws\"]",
      "instances": [
        {
          "index_key": 0,
          "schema_version": 2,
          "attributes": {
            "ami": "ami-0532be01f26a3de55",
            "arn": "arn:aws:ec2:us-east-1:072951074420:instance/i-0faa2515c38c1069a",
            "associate_public_ip_address": true,
            "availability_zone": "us-east-1a",
            "capacity_reservation_specification": [
              {
                "capacity_reservation_preference": "open",
                "capacity_reservation_target": []
              }
            ],
            "cpu_options": [
              {
                "amd_sev_snp": "",
                "core_count": 1,
                "threads_per_core": 2
              }
            ],
            "credit_specification": [
              {
                "cpu_credits": "unlimited"
              }
            ],
            "disable_api_stop": false,
            "disable_api_termination": false,
            "ebs_block_device": [],
            "ebs_optimized": false,
            "enable_primary_ipv6": null,
            "enclave_options": [
              {
                "enabled": false
              }
            ],
            "ephemeral_block_device": [],
            "force_destroy": false,
            "get_password_data": false,
            "hibernation": false,
            "host_id": "",
            "host_resource_group_arn": null,
            "iam_instance_profile": "",
            "id": "i-0faa2515c38c1069a",
            "instance_initiated_shutdown_behavior": "stop",
            "instance_lifecycle": "",
            "instance_market_options": [],
            "instance_state": "running",
            "instance_type": "t3.micro",
            "ipv6_address_count": 0,
            "ipv6_addresses": [],
            "key_name": "Terraform_key_pair",
            "launch_template": [],
            "maintenance_options": [
              {
                "auto_recovery": "default"
              }
            ],
            "metadata_options": [
              {
                "http_endpoint": "enabled",
                "http_protocol_ipv6": "disabled",
                "http_put_response_hop_limit": 1,
                "http_tokens": "required",
                "instance_metadata_tags": "disabled"
              }
            ],
            "monitoring": false,
            "network_interface": [],
            "outpost_arn": "",
            "password_data": "",
            "placement_group": "",
            "placement_group_id": "",
            "placement_partition_number": 0,
            "primary_network_interface": [
              {
                "delete_on_termination": true,
                "network_interface_id": "eni-009b7a767cee20424"
              }
            ],
            "primary_network_interface_id": "eni-009b7a767cee20424",
            "private_dns": "ip-10-0-101-233.ec2.internal",
            "private_dns_name_options": [
              {
                "enable_resource_name_dns_a_record": false,
                "enable_resource_name_dns_aaaa_record": false,
                "hostname_type": "ip-name"
              }
            ],
            "private_ip": "10.0.101.233",
            "public_dns": "ec2-3-225-60-5.compute-1.amazonaws.com",
            "public_ip": "3.225.60.5",
            "region": "us-east-1",
            "root_block_device": [
              {
                "delete_on_termination": true,
                "device_name": "/dev/xvda",
                "encrypted": false,
                "iops": 3000,
                "kms_key_id": "",
                "tags": {},
                "tags_all": {},
                "throughput": 125,
                "volume_id": "vol-03a49b4ce669afec6",
                "volume_size": 8,
                "volume_type": "gp3"
              }
            ],
            "secondary_private_ips": [],
            "security_groups": [],
            "source_dest_check": true,
            "spot_instance_request_id": "",
            "subnet_id": "subnet-00b11d58bb56760dd",
            "tags": {
              "Name": "test-Bastion_Host",
              "environment": "test",
              "owners": "HR"
            },
            "tags_all": {
              "Name": "test-Bastion_Host",
              "environment": "test",
              "owners": "HR"
            },
            "tenancy": "default",
            "timeouts": null,
            "user_data": null,
            "user_data_base64": null,
            "user_data_replace_on_change": false,
            "volume_tags": {
              "Name": "test-Bastion_Host",
              "environment": "test",
              "owners": "HR"
            },
            "vpc_security_group_ids": [
              "sg-0c820177175371a33",
              "sg-0fbd7257bbc0d693d"
            ]
          },
          "sensitive_attributes": [],
          "identity_schema_version": 0,
          "identity": {
            "account_id": "072951074420",
            "id": "i-0faa2515c38c1069a",
            "region": "us-east-1"
          },
          "private": "eyJlMmJmYjczMC1lY2FhLTExZTYtOGY4OC0zNDM2M2JjN2M0YzAiOnsiY3JlYXRlIjo2MDAwMDAwMDAwMDAsImRlbGV0ZSI6MTIwMDAwMDAwMDAwMCwicmVhZCI6OTAwMDAwMDAwMDAwLCJ1cGRhdGUiOjYwMDAwMDAwMDAwMH0sInNjaGVtYV92ZXJzaW9uIjoiMiJ9",
          "dependencies": [
            "data.aws_ami.amznlinux2",
            "module.ec2_public_bastion.aws_iam_instance_profile.this",
            "module.ec2_public_bastion.aws_iam_role.this",
            "module.ec2_public_bastion.aws_security_group.this",
            "module.ec2_public_bastion.data.aws_iam_policy_document.assume_role_policy",
            "module.ec2_public_bastion.data.aws_partition.current",
            "module.ec2_public_bastion.data.aws_ssm_parameter.this",
            "module.ec2_public_bastion.data.aws_subnet.this",
            "module.security_group_bastion.aws_security_group.this",
            "module.security_group_bastion.aws_security_group.this_name_prefix",
            "module.vpc.aws_subnet.public",
            "module.vpc.aws_vpc.this",
            "module.vpc.aws_vpc_ipv4_cidr_block_association.this"
          ]
        }
      ]
    },
    {
      "module": "module.ec2_public_bastion[\"0\"]",
      "mode": "managed",
      "type": "aws_security_group",
      "name": "this",
      "provider": "provider[\"registry.terraform.io/hashicorp/aws\"]",
      "instances": [
        {
          "index_key": 0,
          "schema_version": 1,
          "attributes": {
            "arn": "arn:aws:ec2:us-east-1:072951074420:security-group/sg-0c820177175371a33",
            "description": "Managed by Terraform",
            "egress": [
              {
                "cidr_blocks": [
                  "0.0.0.0/0"
                ],
                "description": "Allow all IPv4 traffic",
                "from_port": 0,
                "ipv6_cidr_blocks": [],
                "prefix_list_ids": [],
                "protocol": "-1",
                "security_groups": [],
                "self": false,
                "to_port": 0
              },
              {
                "cidr_blocks": [],
                "description": "Allow all IPv6 traffic",
                "from_port": 0,
                "ipv6_cidr_blocks": [
                  "::/0"
                ],
                "prefix_list_ids": [],
                "protocol": "-1",
                "security_groups": [],
                "self": false,
                "to_port": 0
              }
            ],
            "id": "sg-0c820177175371a33",
            "ingress": [],
            "name": "test-Bastion_Host-2026030209083915930000000a",
            "name_prefix": "test-Bastion_Host-",
            "owner_id": "072951074420",
            "region": "us-east-1",
            "revoke_rules_on_delete": false,
            "tags": {
              "Name": "test-Bastion_Host",
              "environment": "test",
              "owners": "HR"
            },
            "tags_all": {
              "Name": "test-Bastion_Host",
              "environment": "test",
              "owners": "HR"
            },
            "timeouts": null,
            "vpc_id": "vpc-05a07f92180aa2b16"
          },
          "sensitive_attributes": [],
          "identity_schema_version": 0,
          "identity": {
            "account_id": "072951074420",
            "id": "sg-0c820177175371a33",
            "region": "us-east-1"
          },
          "private": "eyJlMmJmYjczMC1lY2FhLTExZTYtOGY4OC0zNDM2M2JjN2M0YzAiOnsiY3JlYXRlIjo2MDAwMDAwMDAwMDAsImRlbGV0ZSI6OTAwMDAwMDAwMDAwfSwic2NoZW1hX3ZlcnNpb24iOiIxIn0=",
          "dependencies": [
            "module.ec2_public_bastion.data.aws_subnet.this",
            "module.vpc.aws_subnet.public",
            "module.vpc.aws_vpc.this",
            "module.vpc.aws_vpc_ipv4_cidr_block_association.this"
          ],
          "create_before_destroy": true
        }
      ]
    },
    {
      "module": "module.ec2_public_bastion[\"0\"]",
      "mode": "managed",
      "type": "aws_vpc_security_group_egress_rule",
      "name": "this",
      "provider": "provider[\"registry.terraform.io/hashicorp/aws\"]",
      "instances": [
        {
          "index_key": "ipv4_default",
          "schema_version": 0,
          "attributes": {
            "arn": "arn:aws:ec2:us-east-1:072951074420:security-group-rule/sgr-0f90cfd92b486b4da",
            "cidr_ipv4": "0.0.0.0/0",
            "cidr_ipv6": null,
            "description": "Allow all IPv4 traffic",
            "from_port": null,
            "id": "sgr-0f90cfd92b486b4da",
            "ip_protocol": "-1",
            "prefix_list_id": null,
            "referenced_security_group_id": null,
            "region": "us-east-1",
            "security_group_id": "sg-0c820177175371a33",
            "security_group_rule_id": "sgr-0f90cfd92b486b4da",
            "tags": {
              "Name": "test-Bastion_Host-ipv4_default",
              "environment": "test",
              "owners": "HR"
            },
            "tags_all": {
              "Name": "test-Bastion_Host-ipv4_default",
              "environment": "test",
              "owners": "HR"
            },
            "to_port": null
          },
          "sensitive_attributes": [],
          "identity_schema_version": 0,
          "identity": {
            "account_id": "072951074420",
            "id": "sgr-0f90cfd92b486b4da",
            "region": "us-east-1"
          },
          "dependencies": [
            "module.ec2_public_bastion.aws_security_group.this",
            "module.ec2_public_bastion.data.aws_subnet.this",
            "module.vpc.aws_subnet.public",
            "module.vpc.aws_vpc.this",
            "module.vpc.aws_vpc_ipv4_cidr_block_association.this"
          ]
        },
        {
          "index_key": "ipv6_default",
          "schema_version": 0,
          "attributes": {
            "arn": "arn:aws:ec2:us-east-1:072951074420:security-group-rule/sgr-0a4f4e0222605d34f",
            "cidr_ipv4": null,
            "cidr_ipv6": "::/0",
            "description": "Allow all IPv6 traffic",
            "from_port": null,
            "id": "sgr-0a4f4e0222605d34f",
            "ip_protocol": "-1",
            "prefix_list_id": null,
            "referenced_security_group_id": null,
            "region": "us-east-1",
            "security_group_id": "sg-0c820177175371a33",
            "security_group_rule_id": "sgr-0a4f4e0222605d34f",
            "tags": {
              "Name": "test-Bastion_Host-ipv6_default",
              "environment": "test",
              "owners": "HR"
            },
            "tags_all": {
              "Name": "test-Bastion_Host-ipv6_default",
              "environment": "test",
              "owners": "HR"
            },
            "to_port": null
          },
          "sensitive_attributes": [],
          "identity_schema_version": 0,
          "identity": {
            "account_id": "072951074420",
            "id": "sgr-0a4f4e0222605d34f",
            "region": "us-east-1"
          },
          "dependencies": [
            "module.ec2_public_bastion.aws_security_group.this",
            "module.ec2_public_bastion.data.aws_subnet.this",
            "module.vpc.aws_subnet.public",
            "module.vpc.aws_vpc.this",
            "module.vpc.aws_vpc_ipv4_cidr_block_association.this"
          ]
        }
      ]
    },
    {
      "module": "module.ec2_public_bastion[\"1\"]",
      "mode": "data",
      "type": "aws_partition",
      "name": "current",
      "provider": "provider[\"registry.terraform.io/hashicorp/aws\"]",
      "instances": [
        {
          "schema_version": 0,
          "attributes": {
            "dns_suffix": "amazonaws.com",
            "id": "aws",
            "partition": "aws",
            "reverse_dns_prefix": "com.amazonaws"
          },
          "sensitive_attributes": [],
          "identity_schema_version": 0
        }
      ]
    },
    {
      "module": "module.ec2_public_bastion[\"1\"]",
      "mode": "data",
      "type": "aws_ssm_parameter",
      "name": "this",
      "provider": "provider[\"registry.terraform.io/hashicorp/aws\"]",
      "instances": [
        {
          "schema_version": 0,
          "attributes": {
            "arn": "arn:aws:ssm:us-east-1::parameter/aws/service/ami-amazon-linux-latest/al2023-ami-kernel-default-x86_64",
            "id": "/aws/service/ami-amazon-linux-latest/al2023-ami-kernel-default-x86_64",
            "insecure_value": "ami-0f3caa1cf4417e51b",
            "name": "/aws/service/ami-amazon-linux-latest/al2023-ami-kernel-default-x86_64",
            "region": "us-east-1",
            "type": "String",
            "value": "ami-0f3caa1cf4417e51b",
            "version": 147,
            "with_decryption": true
          },
          "sensitive_attributes": [
            [
              {
                "type": "get_attr",
                "value": "value"
              }
            ]
          ],
          "identity_schema_version": 0
        }
      ]
    },
    {
      "module": "module.ec2_public_bastion[\"1\"]",
      "mode": "data",
      "type": "aws_subnet",
      "name": "this",
      "provider": "provider[\"registry.terraform.io/hashicorp/aws\"]",
      "instances": [
        {
          "index_key": 0,
          "schema_version": 0,
          "attributes": {
            "arn": "arn:aws:ec2:us-east-1:072951074420:subnet/subnet-00b11d58bb56760dd",
            "assign_ipv6_address_on_creation": false,
            "availability_zone": "us-east-1a",
            "availability_zone_id": "use1-az1",
            "available_ip_address_count": 247,
            "cidr_block": "10.0.101.0/24",
            "customer_owned_ipv4_pool": "",
            "default_for_az": false,
            "enable_dns64": false,
            "enable_lni_at_device_index": 0,
            "enable_resource_name_dns_a_record_on_launch": false,
            "enable_resource_name_dns_aaaa_record_on_launch": false,
            "filter": null,
            "id": "subnet-00b11d58bb56760dd",
            "ipv6_cidr_block": "",
            "ipv6_cidr_block_association_id": "",
            "ipv6_native": false,
            "map_customer_owned_ip_on_launch": false,
            "map_public_ip_on_launch": false,
            "outpost_arn": "",
            "owner_id": "072951074420",
            "private_dns_hostname_type_on_launch": "ip-name",
            "region": "us-east-1",
            "state": "available",
            "tags": {
              "Environment": "Test",
              "Name": "Public Subnet tags",
              "Owner": "Surya"
            },
            "timeouts": null,
            "vpc_id": "vpc-05a07f92180aa2b16"
          },
          "sensitive_attributes": [],
          "identity_schema_version": 0
        }
      ]
    },
    {
      "module": "module.ec2_public_bastion[\"1\"]",
      "mode": "managed",
      "type": "aws_instance",
      "name": "this",
      "provider": "provider[\"registry.terraform.io/hashicorp/aws\"]",
      "instances": [
        {
          "index_key": 0,
          "schema_version": 2,
          "attributes": {
            "ami": "ami-0532be01f26a3de55",
            "arn": "arn:aws:ec2:us-east-1:072951074420:instance/i-0a86956080e7dec55",
            "associate_public_ip_address": true,
            "availability_zone": "us-east-1a",
            "capacity_reservation_specification": [
              {
                "capacity_reservation_preference": "open",
                "capacity_reservation_target": []
              }
            ],
            "cpu_options": [
              {
                "amd_sev_snp": "",
                "core_count": 1,
                "threads_per_core": 2
              }
            ],
            "credit_specification": [
              {
                "cpu_credits": "unlimited"
              }
            ],
            "disable_api_stop": false,
            "disable_api_termination": false,
            "ebs_block_device": [],
            "ebs_optimized": false,
            "enable_primary_ipv6": null,
            "enclave_options": [
              {
                "enabled": false
              }
            ],
            "ephemeral_block_device": [],
            "force_destroy": false,
            "get_password_data": false,
            "hibernation": false,
            "host_id": "",
            "host_resource_group_arn": null,
            "iam_instance_profile": "",
            "id": "i-0a86956080e7dec55",
            "instance_initiated_shutdown_behavior": "stop",
            "instance_lifecycle": "",
            "instance_market_options": [],
            "instance_state": "running",
            "instance_type": "t3.micro",
            "ipv6_address_count": 0,
            "ipv6_addresses": [],
            "key_name": "Terraform_key_pair",
            "launch_template": [],
            "maintenance_options": [
              {
                "auto_recovery": "default"
              }
            ],
            "metadata_options": [
              {
                "http_endpoint": "enabled",
                "http_protocol_ipv6": "disabled",
                "http_put_response_hop_limit": 1,
                "http_tokens": "required",
                "instance_metadata_tags": "disabled"
              }
            ],
            "monitoring": false,
            "network_interface": [],
            "outpost_arn": "",
            "password_data": "",
            "placement_group": "",
            "placement_group_id": "",
            "placement_partition_number": 0,
            "primary_network_interface": [
              {
                "delete_on_termination": true,
                "network_interface_id": "eni-0408952a0e6b742f7"
              }
            ],
            "primary_network_interface_id": "eni-0408952a0e6b742f7",
            "private_dns": "ip-10-0-101-203.ec2.internal",
            "private_dns_name_options": [
              {
                "enable_resource_name_dns_a_record": false,
                "enable_resource_name_dns_aaaa_record": false,
                "hostname_type": "ip-name"
              }
            ],
            "private_ip": "10.0.101.203",
            "public_dns": "ec2-100-24-90-191.compute-1.amazonaws.com",
            "public_ip": "100.24.90.191",
            "region": "us-east-1",
            "root_block_device": [
              {
                "delete_on_termination": true,
                "device_name": "/dev/xvda",
                "encrypted": false,
                "iops": 3000,
                "kms_key_id": "",
                "tags": {},
                "tags_all": {},
                "throughput": 125,
                "volume_id": "vol-0050b64e05bbeb19f",
                "volume_size": 8,
                "volume_type": "gp3"
              }
            ],
            "secondary_private_ips": [],
            "security_groups": [],
            "source_dest_check": true,
            "spot_instance_request_id": "",
            "subnet_id": "subnet-00b11d58bb56760dd",
            "tags": {
              "Name": "test-Bastion_Host",
              "environment": "test",
              "owners": "HR"
            },
            "tags_all": {
              "Name": "test-Bastion_Host",
              "environment": "test",
              "owners": "HR"
            },
            "tenancy": "default",
            "timeouts": null,
            "user_data": null,
            "user_data_base64": null,
            "user_data_replace_on_change": false,
            "volume_tags": {
              "Name": "test-Bastion_Host",
              "environment": "test",
              "owners": "HR"
            },
            "vpc_security_group_ids": [
              "sg-0635151f7391d75b0",
              "sg-0fbd7257bbc0d693d"
            ]
          },
          "sensitive_attributes": [],
          "identity_schema_version": 0,
          "identity": {
            "account_id": "072951074420",
            "id": "i-0a86956080e7dec55",
            "region": "us-east-1"
          },
          "private": "eyJlMmJmYjczMC1lY2FhLTExZTYtOGY4OC0zNDM2M2JjN2M0YzAiOnsiY3JlYXRlIjo2MDAwMDAwMDAwMDAsImRlbGV0ZSI6MTIwMDAwMDAwMDAwMCwicmVhZCI6OTAwMDAwMDAwMDAwLCJ1cGRhdGUiOjYwMDAwMDAwMDAwMH0sInNjaGVtYV92ZXJzaW9uIjoiMiJ9",
          "dependencies": [
            "data.aws_ami.amznlinux2",
            "module.ec2_public_bastion.aws_iam_instance_profile.this",
            "module.ec2_public_bastion.aws_iam_role.this",
            "module.ec2_public_bastion.aws_security_group.this",
            "module.ec2_public_bastion.data.aws_iam_policy_document.assume_role_policy",
            "module.ec2_public_bastion.data.aws_partition.current",
            "module.ec2_public_bastion.data.aws_ssm_parameter.this",
            "module.ec2_public_bastion.data.aws_subnet.this",
            "module.security_group_bastion.aws_security_group.this",
            "module.security_group_bastion.aws_security_group.this_name_prefix",
            "module.vpc.aws_subnet.public",
            "module.vpc.aws_vpc.this",
            "module.vpc.aws_vpc_ipv4_cidr_block_association.this"
          ]
        }
      ]
    },
    {
      "module": "module.ec2_public_bastion[\"1\"]",
      "mode": "managed",
      "type": "aws_security_group",
      "name": "this",
      "provider": "provider[\"registry.terraform.io/hashicorp/aws\"]",
      "instances": [
        {
          "index_key": 0,
          "schema_version": 1,
          "attributes": {
            "arn": "arn:aws:ec2:us-east-1:072951074420:security-group/sg-0635151f7391d75b0",
            "description": "Managed by Terraform",
            "egress": [
              {
                "cidr_blocks": [
                  "0.0.0.0/0"
                ],
                "description": "Allow all IPv4 traffic",
                "from_port": 0,
                "ipv6_cidr_blocks": [],
                "prefix_list_ids": [],
                "protocol": "-1",
                "security_groups": [],
                "self": false,
                "to_port": 0
              },
              {
                "cidr_blocks": [],
                "description": "Allow all IPv6 traffic",
                "from_port": 0,
                "ipv6_cidr_blocks": [
                  "::/0"
                ],
                "prefix_list_ids": [],
                "protocol": "-1",
                "security_groups": [],
                "self": false,
                "to_port": 0
              }
            ],
            "id": "sg-0635151f7391d75b0",
            "ingress": [],
            "name": "test-Bastion_Host-2026030209083919410000000b",
            "name_prefix": "test-Bastion_Host-",
            "owner_id": "072951074420",
            "region": "us-east-1",
            "revoke_rules_on_delete": false,
            "tags": {
              "Name": "test-Bastion_Host",
              "environment": "test",
              "owners": "HR"
            },
            "tags_all": {
              "Name": "test-Bastion_Host",
              "environment": "test",
              "owners": "HR"
            },
            "timeouts": null,
            "vpc_id": "vpc-05a07f92180aa2b16"
          },
          "sensitive_attributes": [],
          "identity_schema_version": 0,
          "identity": {
            "account_id": "072951074420",
            "id": "sg-0635151f7391d75b0",
            "region": "us-east-1"
          },
          "private": "eyJlMmJmYjczMC1lY2FhLTExZTYtOGY4OC0zNDM2M2JjN2M0YzAiOnsiY3JlYXRlIjo2MDAwMDAwMDAwMDAsImRlbGV0ZSI6OTAwMDAwMDAwMDAwfSwic2NoZW1hX3ZlcnNpb24iOiIxIn0=",
          "dependencies": [
            "module.ec2_public_bastion.data.aws_subnet.this",
            "module.vpc.aws_subnet.public",
            "module.vpc.aws_vpc.this",
            "module.vpc.aws_vpc_ipv4_cidr_block_association.this"
          ],
          "create_before_destroy": true
        }
      ]
    },
    {
      "module": "module.ec2_public_bastion[\"1\"]",
      "mode": "managed",
      "type": "aws_vpc_security_group_egress_rule",
      "name": "this",
      "provider": "provider[\"registry.terraform.io/hashicorp/aws\"]",
      "instances": [
        {
          "index_key": "ipv4_default",
          "schema_version": 0,
          "attributes": {
            "arn": "arn:aws:ec2:us-east-1:072951074420:security-group-rule/sgr-0e1082f8b50577d8e",
            "cidr_ipv4": "0.0.0.0/0",
            "cidr_ipv6": null,
            "description": "Allow all IPv4 traffic",
            "from_port": null,
            "id": "sgr-0e1082f8b50577d8e",
            "ip_protocol": "-1",
            "prefix_list_id": null,
            "referenced_security_group_id": null,
            "region": "us-east-1",
            "security_group_id": "sg-0635151f7391d75b0",
            "security_group_rule_id": "sgr-0e1082f8b50577d8e",
            "tags": {
              "Name": "test-Bastion_Host-ipv4_default",
              "environment": "test",
              "owners": "HR"
            },
            "tags_all": {
              "Name": "test-Bastion_Host-ipv4_default",
              "environment": "test",
              "owners": "HR"
            },
            "to_port": null
          },
          "sensitive_attributes": [],
          "identity_schema_version": 0,
          "identity": {
            "account_id": "072951074420",
            "id": "sgr-0e1082f8b50577d8e",
            "region": "us-east-1"
          },
          "dependencies": [
            "module.ec2_public_bastion.aws_security_group.this",
            "module.ec2_public_bastion.data.aws_subnet.this",
            "module.vpc.aws_subnet.public",
            "module.vpc.aws_vpc.this",
            "module.vpc.aws_vpc_ipv4_cidr_block_association.this"
          ]
        },
        {
          "index_key": "ipv6_default",
          "schema_version": 0,
          "attributes": {
            "arn": "arn:aws:ec2:us-east-1:072951074420:security-group-rule/sgr-033e5fb78f212e36a",
            "cidr_ipv4": null,
            "cidr_ipv6": "::/0",
            "description": "Allow all IPv6 traffic",
            "from_port": null,
            "id": "sgr-033e5fb78f212e36a",
            "ip_protocol": "-1",
            "prefix_list_id": null,
            "referenced_security_group_id": null,
            "region": "us-east-1",
            "security_group_id": "sg-0635151f7391d75b0",
            "security_group_rule_id": "sgr-033e5fb78f212e36a",
            "tags": {
              "Name": "test-Bastion_Host-ipv6_default",
              "environment": "test",
              "owners": "HR"
            },
            "tags_all": {
              "Name": "test-Bastion_Host-ipv6_default",
              "environment": "test",
              "owners": "HR"
            },
            "to_port": null
          },
          "sensitive_attributes": [],
          "identity_schema_version": 0,
          "identity": {
            "account_id": "072951074420",
            "id": "sgr-033e5fb78f212e36a",
            "region": "us-east-1"
          },
          "dependencies": [
            "module.ec2_public_bastion.aws_security_group.this",
            "module.ec2_public_bastion.data.aws_subnet.this",
            "module.vpc.aws_subnet.public",
            "module.vpc.aws_vpc.this",
            "module.vpc.aws_vpc_ipv4_cidr_block_association.this"
          ]
        }
      ]
    },
    {
      "module": "module.security_group_applicationLB",
      "mode": "managed",
      "type": "aws_security_group",
      "name": "this_name_prefix",
      "provider": "provider[\"registry.terraform.io/hashicorp/aws\"]",
      "instances": [
        {
          "index_key": 0,
          "schema_version": 1,
          "attributes": {
            "arn": "arn:aws:ec2:us-east-1:072951074420:security-group/sg-0c7e7b4284d528bfa",
            "description": "Security group for Application Load balancer",
            "egress": [
              {
                "cidr_blocks": [
                  "0.0.0.0/0"
                ],
                "description": "All protocols",
                "from_port": 0,
                "ipv6_cidr_blocks": [
                  "::/0"
                ],
                "prefix_list_ids": [],
                "protocol": "-1",
                "security_groups": [],
                "self": false,
                "to_port": 0
              }
            ],
            "id": "sg-0c7e7b4284d528bfa",
            "ingress": [
              {
                "cidr_blocks": [
                  "0.0.0.0/0"
                ],
                "description": "HTTP",
                "from_port": 80,
                "ipv6_cidr_blocks": [],
                "prefix_list_ids": [],
                "protocol": "tcp",
                "security_groups": [],
                "self": false,
                "to_port": 80
              },
              {
                "cidr_blocks": [
                  "0.0.0.0/0"
                ],
                "description": "HTTPS",
                "from_port": 443,
                "ipv6_cidr_blocks": [],
                "prefix_list_ids": [],
                "protocol": "tcp",
                "security_groups": [],
                "self": false,
                "to_port": 443
              }
            ],
            "name": "ALB_SG-20260302090830153600000002",
            "name_prefix": "ALB_SG-",
            "owner_id": "072951074420",
            "region": "us-east-1",
            "revoke_rules_on_delete": false,
            "tags": {
              "Name": "ALB_SG",
              "environment": "test",
              "owners": "HR"
            },
            "tags_all": {
              "Name": "ALB_SG",
              "environment": "test",
              "owners": "HR"
            },
            "timeouts": {
              "create": "10m",
              "delete": "15m"
            },
            "vpc_id": "vpc-05a07f92180aa2b16"
          },
          "sensitive_attributes": [],
          "identity_schema_version": 0,
          "identity": {
            "account_id": "072951074420",
            "id": "sg-0c7e7b4284d528bfa",
            "region": "us-east-1"
          },
          "private": "eyJlMmJmYjczMC1lY2FhLTExZTYtOGY4OC0zNDM2M2JjN2M0YzAiOnsiY3JlYXRlIjo2MDAwMDAwMDAwMDAsImRlbGV0ZSI6OTAwMDAwMDAwMDAwfSwic2NoZW1hX3ZlcnNpb24iOiIxIn0=",
          "dependencies": [
            "module.vpc.aws_vpc.this"
          ],
          "create_before_destroy": true
        }
      ]
    },
    {
      "module": "module.security_group_applicationLB",
      "mode": "managed",
      "type": "aws_security_group_rule",
      "name": "egress_rules",
      "provider": "provider[\"registry.terraform.io/hashicorp/aws\"]",
      "instances": [
        {
          "index_key": 0,
          "schema_version": 2,
          "attributes": {
            "cidr_blocks": [
              "0.0.0.0/0"
            ],
            "description": "All protocols",
            "from_port": 0,
            "id": "sgrule-1236792590",
            "ipv6_cidr_blocks": [
              "::/0"
            ],
            "prefix_list_ids": [],
            "protocol": "-1",
            "region": "us-east-1",
            "security_group_id": "sg-0c7e7b4284d528bfa",
            "security_group_rule_id": "",
            "self": false,
            "source_security_group_id": null,
            "timeouts": null,
            "to_port": 0,
            "type": "egress"
          },
          "sensitive_attributes": [],
          "identity_schema_version": 0,
          "private": "eyJlMmJmYjczMC1lY2FhLTExZTYtOGY4OC0zNDM2M2JjN2M0YzAiOnsiY3JlYXRlIjozMDAwMDAwMDAwMDB9LCJzY2hlbWFfdmVyc2lvbiI6IjIifQ==",
          "dependencies": [
            "module.security_group_applicationLB.aws_security_group.this",
            "module.security_group_applicationLB.aws_security_group.this_name_prefix",
            "module.vpc.aws_vpc.this"
          ]
        }
      ]
    },
    {
      "module": "module.security_group_applicationLB",
      "mode": "managed",
      "type": "aws_security_group_rule",
      "name": "ingress_rules",
      "provider": "provider[\"registry.terraform.io/hashicorp/aws\"]",
      "instances": [
        {
          "index_key": 0,
          "schema_version": 2,
          "attributes": {
            "cidr_blocks": [
              "0.0.0.0/0"
            ],
            "description": "HTTP",
            "from_port": 80,
            "id": "sgrule-1248694779",
            "ipv6_cidr_blocks": [],
            "prefix_list_ids": [],
            "protocol": "tcp",
            "region": "us-east-1",
            "security_group_id": "sg-0c7e7b4284d528bfa",
            "security_group_rule_id": "sgr-0a80e724fb5a56864",
            "self": false,
            "source_security_group_id": null,
            "timeouts": null,
            "to_port": 80,
            "type": "ingress"
          },
          "sensitive_attributes": [],
          "identity_schema_version": 0,
          "private": "eyJlMmJmYjczMC1lY2FhLTExZTYtOGY4OC0zNDM2M2JjN2M0YzAiOnsiY3JlYXRlIjozMDAwMDAwMDAwMDB9LCJzY2hlbWFfdmVyc2lvbiI6IjIifQ==",
          "dependencies": [
            "module.security_group_applicationLB.aws_security_group.this",
            "module.security_group_applicationLB.aws_security_group.this_name_prefix",
            "module.vpc.aws_vpc.this"
          ]
        },
        {
          "index_key": 1,
          "schema_version": 2,
          "attributes": {
            "cidr_blocks": [
              "0.0.0.0/0"
            ],
            "description": "HTTPS",
            "from_port": 443,
            "id": "sgrule-698109125",
            "ipv6_cidr_blocks": [],
            "prefix_list_ids": [],
            "protocol": "tcp",
            "region": "us-east-1",
            "security_group_id": "sg-0c7e7b4284d528bfa",
            "security_group_rule_id": "sgr-014ce82d4b3ccd66d",
            "self": false,
            "source_security_group_id": null,
            "timeouts": null,
            "to_port": 443,
            "type": "ingress"
          },
          "sensitive_attributes": [],
          "identity_schema_version": 0,
          "private": "eyJlMmJmYjczMC1lY2FhLTExZTYtOGY4OC0zNDM2M2JjN2M0YzAiOnsiY3JlYXRlIjozMDAwMDAwMDAwMDB9LCJzY2hlbWFfdmVyc2lvbiI6IjIifQ==",
          "dependencies": [
            "module.security_group_applicationLB.aws_security_group.this",
            "module.security_group_applicationLB.aws_security_group.this_name_prefix",
            "module.vpc.aws_vpc.this"
          ]
        }
      ]
    },
    {
      "module": "module.security_group_bastion",
      "mode": "managed",
      "type": "aws_security_group",
      "name": "this_name_prefix",
      "provider": "provider[\"registry.terraform.io/hashicorp/aws\"]",
      "instances": [
        {
          "index_key": 0,
          "schema_version": 1,
          "attributes": {
            "arn": "arn:aws:ec2:us-east-1:072951074420:security-group/sg-0fbd7257bbc0d693d",
            "description": "Security group for Bastion instance with SSH",
            "egress": [
              {
                "cidr_blocks": [
                  "0.0.0.0/0"
                ],
                "description": "All protocols",
                "from_port": 0,
                "ipv6_cidr_blocks": [
                  "::/0"
                ],
                "prefix_list_ids": [],
                "protocol": "-1",
                "security_groups": [],
                "self": false,
                "to_port": 0
              }
            ],
            "id": "sg-0fbd7257bbc0d693d",
            "ingress": [
              {
                "cidr_blocks": [
                  "0.0.0.0/0"
                ],
                "description": "SSH",
                "from_port": 22,
                "ipv6_cidr_blocks": [],
                "prefix_list_ids": [],
                "protocol": "tcp",
                "security_groups": [],
                "self": false,
                "to_port": 22
              }
            ],
            "name": "Public_bastion_SG-20260302090832968900000004",
            "name_prefix": "Public_bastion_SG-",
            "owner_id": "072951074420",
            "region": "us-east-1",
            "revoke_rules_on_delete": false,
            "tags": {
              "Name": "Public_bastion_SG",
              "environment": "test",
              "owners": "HR"
            },
            "tags_all": {
              "Name": "Public_bastion_SG",
              "environment": "test",
              "owners": "HR"
            },
            "timeouts": {
              "create": "10m",
              "delete": "15m"
            },
            "vpc_id": "vpc-05a07f92180aa2b16"
          },
          "sensitive_attributes": [],
          "identity_schema_version": 0,
          "identity": {
            "account_id": "072951074420",
            "id": "sg-0fbd7257bbc0d693d",
            "region": "us-east-1"
          },
          "private": "eyJlMmJmYjczMC1lY2FhLTExZTYtOGY4OC0zNDM2M2JjN2M0YzAiOnsiY3JlYXRlIjo2MDAwMDAwMDAwMDAsImRlbGV0ZSI6OTAwMDAwMDAwMDAwfSwic2NoZW1hX3ZlcnNpb24iOiIxIn0=",
          "dependencies": [
            "module.vpc.aws_vpc.this"
          ],
          "create_before_destroy": true
        }
      ]
    },
    {
      "module": "module.security_group_bastion",
      "mode": "managed",
      "type": "aws_security_group_rule",
      "name": "egress_rules",
      "provider": "provider[\"registry.terraform.io/hashicorp/aws\"]",
      "instances": [
        {
          "index_key": 0,
          "schema_version": 2,
          "attributes": {
            "cidr_blocks": [
              "0.0.0.0/0"
            ],
            "description": "All protocols",
            "from_port": 0,
            "id": "sgrule-667851665",
            "ipv6_cidr_blocks": [
              "::/0"
            ],
            "prefix_list_ids": [],
            "protocol": "-1",
            "region": "us-east-1",
            "security_group_id": "sg-0fbd7257bbc0d693d",
            "security_group_rule_id": "",
            "self": false,
            "source_security_group_id": null,
            "timeouts": null,
            "to_port": 0,
            "type": "egress"
          },
          "sensitive_attributes": [],
          "identity_schema_version": 0,
          "private": "eyJlMmJmYjczMC1lY2FhLTExZTYtOGY4OC0zNDM2M2JjN2M0YzAiOnsiY3JlYXRlIjozMDAwMDAwMDAwMDB9LCJzY2hlbWFfdmVyc2lvbiI6IjIifQ==",
          "dependencies": [
            "module.security_group_bastion.aws_security_group.this",
            "module.security_group_bastion.aws_security_group.this_name_prefix",
            "module.vpc.aws_vpc.this"
          ]
        }
      ]
    },
    {
      "module": "module.security_group_bastion",
      "mode": "managed",
      "type": "aws_security_group_rule",
      "name": "ingress_rules",
      "provider": "provider[\"registry.terraform.io/hashicorp/aws\"]",
      "instances": [
        {
          "index_key": 0,
          "schema_version": 2,
          "attributes": {
            "cidr_blocks": [
              "0.0.0.0/0"
            ],
            "description": "SSH",
            "from_port": 22,
            "id": "sgrule-670057380",
            "ipv6_cidr_blocks": [],
            "prefix_list_ids": [],
            "protocol": "tcp",
            "region": "us-east-1",
            "security_group_id": "sg-0fbd7257bbc0d693d",
            "security_group_rule_id": "sgr-0529ff95b2d95dfb0",
            "self": false,
            "source_security_group_id": null,
            "timeouts": null,
            "to_port": 22,
            "type": "ingress"
          },
          "sensitive_attributes": [],
          "identity_schema_version": 0,
          "private": "eyJlMmJmYjczMC1lY2FhLTExZTYtOGY4OC0zNDM2M2JjN2M0YzAiOnsiY3JlYXRlIjozMDAwMDAwMDAwMDB9LCJzY2hlbWFfdmVyc2lvbiI6IjIifQ==",
          "dependencies": [
            "module.security_group_bastion.aws_security_group.this",
            "module.security_group_bastion.aws_security_group.this_name_prefix",
            "module.vpc.aws_vpc.this"
          ]
        }
      ]
    },
    {
      "module": "module.security_group_private",
      "mode": "managed",
      "type": "aws_security_group",
      "name": "this_name_prefix",
      "provider": "provider[\"registry.terraform.io/hashicorp/aws\"]",
      "instances": [
        {
          "index_key": 0,
          "schema_version": 1,
          "attributes": {
            "arn": "arn:aws:ec2:us-east-1:072951074420:security-group/sg-035399390df60bbb6",
            "description": "Security group for Bastion instance with SSH",
            "egress": [
              {
                "cidr_blocks": [
                  "0.0.0.0/0"
                ],
                "description": "All protocols",
                "from_port": 0,
                "ipv6_cidr_blocks": [
                  "::/0"
                ],
                "prefix_list_ids": [],
                "protocol": "-1",
                "security_groups": [],
                "self": false,
                "to_port": 0
              }
            ],
            "id": "sg-035399390df60bbb6",
            "ingress": [
              {
                "cidr_blocks": [
                  "10.0.0.0/16"
                ],
                "description": "HTTP",
                "from_port": 80,
                "ipv6_cidr_blocks": [],
                "prefix_list_ids": [],
                "protocol": "tcp",
                "security_groups": [],
                "self": false,
                "to_port": 80
              },
              {
                "cidr_blocks": [
                  "10.0.0.0/16"
                ],
                "description": "SSH",
                "from_port": 22,
                "ipv6_cidr_blocks": [],
                "prefix_list_ids": [],
                "protocol": "tcp",
                "security_groups": [],
                "self": false,
                "to_port": 22
              }
            ],
            "name": "Private_bastion_SG-20260302090835445600000009",
            "name_prefix": "Private_bastion_SG-",
            "owner_id": "072951074420",
            "region": "us-east-1",
            "revoke_rules_on_delete": false,
            "tags": {
              "Name": "Private_bastion_SG",
              "environment": "test",
              "owners": "HR"
            },
            "tags_all": {
              "Name": "Private_bastion_SG",
              "environment": "test",
              "owners": "HR"
            },
            "timeouts": {
              "create": "10m",
              "delete": "15m"
            },
            "vpc_id": "vpc-05a07f92180aa2b16"
          },
          "sensitive_attributes": [],
          "identity_schema_version": 0,
          "identity": {
            "account_id": "072951074420",
            "id": "sg-035399390df60bbb6",
            "region": "us-east-1"
          },
          "private": "eyJlMmJmYjczMC1lY2FhLTExZTYtOGY4OC0zNDM2M2JjN2M0YzAiOnsiY3JlYXRlIjo2MDAwMDAwMDAwMDAsImRlbGV0ZSI6OTAwMDAwMDAwMDAwfSwic2NoZW1hX3ZlcnNpb24iOiIxIn0=",
          "dependencies": [
            "module.vpc.aws_vpc.this"
          ],
          "create_before_destroy": true
        }
      ]
    },
    {
      "module": "module.security_group_private",
      "mode": "managed",
      "type": "aws_security_group_rule",
      "name": "egress_rules",
      "provider": "provider[\"registry.terraform.io/hashicorp/aws\"]",
      "instances": [
        {
          "index_key": 0,
          "schema_version": 2,
          "attributes": {
            "cidr_blocks": [
              "0.0.0.0/0"
            ],
            "description": "All protocols",
            "from_port": 0,
            "id": "sgrule-1472529234",
            "ipv6_cidr_blocks": [
              "::/0"
            ],
            "prefix_list_ids": [],
            "protocol": "-1",
            "region": "us-east-1",
            "security_group_id": "sg-035399390df60bbb6",
            "security_group_rule_id": "",
            "self": false,
            "source_security_group_id": null,
            "timeouts": null,
            "to_port": 0,
            "type": "egress"
          },
          "sensitive_attributes": [],
          "identity_schema_version": 0,
          "private": "eyJlMmJmYjczMC1lY2FhLTExZTYtOGY4OC0zNDM2M2JjN2M0YzAiOnsiY3JlYXRlIjozMDAwMDAwMDAwMDB9LCJzY2hlbWFfdmVyc2lvbiI6IjIifQ==",
          "dependencies": [
            "module.security_group_private.aws_security_group.this",
            "module.security_group_private.aws_security_group.this_name_prefix",
            "module.vpc.aws_vpc.this"
          ]
        }
      ]
    },
    {
      "module": "module.security_group_private",
      "mode": "managed",
      "type": "aws_security_group_rule",
      "name": "ingress_rules",
      "provider": "provider[\"registry.terraform.io/hashicorp/aws\"]",
      "instances": [
        {
          "index_key": 0,
          "schema_version": 2,
          "attributes": {
            "cidr_blocks": [
              "10.0.0.0/16"
            ],
            "description": "SSH",
            "from_port": 22,
            "id": "sgrule-1882154143",
            "ipv6_cidr_blocks": [],
            "prefix_list_ids": [],
            "protocol": "tcp",
            "region": "us-east-1",
            "security_group_id": "sg-035399390df60bbb6",
            "security_group_rule_id": "sgr-0c5653a34cf7e889f",
            "self": false,
            "source_security_group_id": null,
            "timeouts": null,
            "to_port": 22,
            "type": "ingress"
          },
          "sensitive_attributes": [],
          "identity_schema_version": 0,
          "private": "eyJlMmJmYjczMC1lY2FhLTExZTYtOGY4OC0zNDM2M2JjN2M0YzAiOnsiY3JlYXRlIjozMDAwMDAwMDAwMDB9LCJzY2hlbWFfdmVyc2lvbiI6IjIifQ==",
          "dependencies": [
            "module.security_group_private.aws_security_group.this",
            "module.security_group_private.aws_security_group.this_name_prefix",
            "module.vpc.aws_vpc.this"
          ]
        },
        {
          "index_key": 1,
          "schema_version": 2,
          "attributes": {
            "cidr_blocks": [
              "10.0.0.0/16"
            ],
            "description": "HTTP",
            "from_port": 80,
            "id": "sgrule-62413407",
            "ipv6_cidr_blocks": [],
            "prefix_list_ids": [],
            "protocol": "tcp",
            "region": "us-east-1",
            "security_group_id": "sg-035399390df60bbb6",
            "security_group_rule_id": "sgr-04551aa0743f4caac",
            "self": false,
            "source_security_group_id": null,
            "timeouts": null,
            "to_port": 80,
            "type": "ingress"
          },
          "sensitive_attributes": [],
          "identity_schema_version": 0,
          "private": "eyJlMmJmYjczMC1lY2FhLTExZTYtOGY4OC0zNDM2M2JjN2M0YzAiOnsiY3JlYXRlIjozMDAwMDAwMDAwMDB9LCJzY2hlbWFfdmVyc2lvbiI6IjIifQ==",
          "dependencies": [
            "module.security_group_private.aws_security_group.this",
            "module.security_group_private.aws_security_group.this_name_prefix",
            "module.vpc.aws_vpc.this"
          ]
        }
      ]
    },
    {
      "module": "module.vpc",
      "mode": "managed",
      "type": "aws_db_subnet_group",
      "name": "database",
      "provider": "provider[\"registry.terraform.io/hashicorp/aws\"]",
      "instances": [
        {
          "index_key": 0,
          "schema_version": 0,
          "attributes": {
            "arn": "arn:aws:rds:us-east-1:072951074420:subgrp:hr-test-test_vpc",
            "description": "Database subnet group for HR-test-Test_VPC",
            "id": "hr-test-test_vpc",
            "name": "hr-test-test_vpc",
            "name_prefix": "",
            "region": "us-east-1",
            "subnet_ids": [
              "subnet-045f85a4d1424a70e",
              "subnet-0b6603cfb45268023"
            ],
            "supported_network_types": [
              "IPV4"
            ],
            "tags": {
              "Environment": "Test",
              "Name": "hr-test-test_vpc",
              "Owner": "Surya"
            },
            "tags_all": {
              "Environment": "Test",
              "Name": "hr-test-test_vpc",
              "Owner": "Surya"
            },
            "vpc_id": "vpc-05a07f92180aa2b16"
          },
          "sensitive_attributes": [],
          "identity_schema_version": 0,
          "private": "bnVsbA==",
          "dependencies": [
            "module.vpc.aws_subnet.database",
            "module.vpc.aws_vpc.this",
            "module.vpc.aws_vpc_ipv4_cidr_block_association.this"
          ],
          "create_before_destroy": true
        }
      ]
    },
    {
      "module": "module.vpc",
      "mode": "managed",
      "type": "aws_default_network_acl",
      "name": "this",
      "provider": "provider[\"registry.terraform.io/hashicorp/aws\"]",
      "instances": [
        {
          "index_key": 0,
          "schema_version": 0,
          "attributes": {
            "arn": "arn:aws:ec2:us-east-1:072951074420:network-acl/acl-0189be6a57b1f6d12",
            "default_network_acl_id": "acl-0189be6a57b1f6d12",
            "egress": [
              {
                "action": "allow",
                "cidr_block": "",
                "from_port": 0,
                "icmp_code": 0,
                "icmp_type": 0,
                "ipv6_cidr_block": "::/0",
                "protocol": "-1",
                "rule_no": 101,
                "to_port": 0
              },
              {
                "action": "allow",
                "cidr_block": "0.0.0.0/0",
                "from_port": 0,
                "icmp_code": 0,
                "icmp_type": 0,
                "ipv6_cidr_block": "",
                "protocol": "-1",
                "rule_no": 100,
                "to_port": 0
              }
            ],
            "id": "acl-0189be6a57b1f6d12",
            "ingress": [
              {
                "action": "allow",
                "cidr_block": "",
                "from_port": 0,
                "icmp_code": 0,
                "icmp_type": 0,
                "ipv6_cidr_block": "::/0",
                "protocol": "-1",
                "rule_no": 101,
                "to_port": 0
              },
              {
                "action": "allow",
                "cidr_block": "0.0.0.0/0",
                "from_port": 0,
                "icmp_code": 0,
                "icmp_type": 0,
                "ipv6_cidr_block": "",
                "protocol": "-1",
                "rule_no": 100,
                "to_port": 0
              }
            ],
            "owner_id": "072951074420",
            "region": "us-east-1",
            "subnet_ids": [
              "subnet-00b11d58bb56760dd",
              "subnet-045f85a4d1424a70e",
              "subnet-0b6603cfb45268023",
              "subnet-0c37eec27708566ac",
              "subnet-0f27970ce69edda4a",
              "subnet-0f2d90dac1bef9a7f"
            ],
            "tags": {
              "Environment": "Test",
              "Name": "HR-test-Test_VPC-default",
              "Owner": "Surya"
            },
            "tags_all": {
              "Environment": "Test",
              "Name": "HR-test-Test_VPC-default",
              "Owner": "Surya"
            },
            "vpc_id": "vpc-05a07f92180aa2b16"
          },
          "sensitive_attributes": [],
          "identity_schema_version": 0,
          "private": "bnVsbA==",
          "dependencies": [
            "module.vpc.aws_vpc.this"
          ],
          "create_before_destroy": true
        }
      ]
    },
    {
      "module": "module.vpc",
      "mode": "managed",
      "type": "aws_default_route_table",
      "name": "default",
      "provider": "provider[\"registry.terraform.io/hashicorp/aws\"]",
      "instances": [
        {
          "index_key": 0,
          "schema_version": 0,
          "attributes": {
            "arn": "arn:aws:ec2:us-east-1:072951074420:route-table/rtb-0f475ddf45945886d",
            "default_route_table_id": "rtb-0f475ddf45945886d",
            "id": "rtb-0f475ddf45945886d",
            "owner_id": "072951074420",
            "propagating_vgws": [],
            "region": "us-east-1",
            "route": [],
            "tags": {
              "Environment": "Test",
              "Name": "HR-test-Test_VPC-default",
              "Owner": "Surya"
            },
            "tags_all": {
              "Environment": "Test",
              "Name": "HR-test-Test_VPC-default",
              "Owner": "Surya"
            },
            "timeouts": {
              "create": "5m",
              "update": "5m"
            },
            "vpc_id": "vpc-05a07f92180aa2b16"
          },
          "sensitive_attributes": [],
          "identity_schema_version": 0,
          "private": "eyJlMmJmYjczMC1lY2FhLTExZTYtOGY4OC0zNDM2M2JjN2M0YzAiOnsiY3JlYXRlIjozMDAwMDAwMDAwMDAsInVwZGF0ZSI6MzAwMDAwMDAwMDAwfX0=",
          "dependencies": [
            "module.vpc.aws_vpc.this"
          ],
          "create_before_destroy": true
        }
      ]
    },
    {
      "module": "module.vpc",
      "mode": "managed",
      "type": "aws_default_security_group",
      "name": "this",
      "provider": "provider[\"registry.terraform.io/hashicorp/aws\"]",
      "instances": [
        {
          "index_key": 0,
          "schema_version": 1,
          "attributes": {
            "arn": "arn:aws:ec2:us-east-1:072951074420:security-group/sg-000e981f299b4e576",
            "description": "default VPC security group",
            "egress": [],
            "id": "sg-000e981f299b4e576",
            "ingress": [],
            "name": "default",
            "name_prefix": "",
            "owner_id": "072951074420",
            "region": "us-east-1",
            "revoke_rules_on_delete": false,
            "tags": {
              "Environment": "Test",
              "Name": "HR-test-Test_VPC-default",
              "Owner": "Surya"
            },
            "tags_all": {
              "Environment": "Test",
              "Name": "HR-test-Test_VPC-default",
              "Owner": "Surya"
            },
            "vpc_id": "vpc-05a07f92180aa2b16"
          },
          "sensitive_attributes": [],
          "identity_schema_version": 0,
          "private": "eyJzY2hlbWFfdmVyc2lvbiI6IjEifQ==",
          "dependencies": [
            "module.vpc.aws_vpc.this"
          ],
          "create_before_destroy": true
        }
      ]
    },
    {
      "module": "module.vpc",
      "mode": "managed",
      "type": "aws_eip",
      "name": "nat",
      "provider": "provider[\"registry.terraform.io/hashicorp/aws\"]",
      "instances": [
        {
          "index_key": 0,
          "schema_version": 0,
          "attributes": {
            "address": null,
            "allocation_id": "eipalloc-091dbbd47320b7c1b",
            "arn": "arn:aws:ec2:us-east-1:072951074420:elastic-ip/eipalloc-091dbbd47320b7c1b",
            "associate_with_private_ip": null,
            "association_id": "eipassoc-04a64582e1e6163bc",
            "carrier_ip": "",
            "customer_owned_ip": "",
            "customer_owned_ipv4_pool": "",
            "domain": "vpc",
            "id": "eipalloc-091dbbd47320b7c1b",
            "instance": "",
            "ipam_pool_id": null,
            "network_border_group": "us-east-1",
            "network_interface": "eni-08af51f990419ec67",
            "private_dns": "ip-10-0-101-222.ec2.internal",
            "private_ip": "10.0.101.222",
            "ptr_record": "",
            "public_dns": "ec2-3-215-0-173.compute-1.amazonaws.com",
            "public_ip": "3.215.0.173",
            "public_ipv4_pool": "amazon",
            "region": "us-east-1",
            "tags": {
              "Environment": "Test",
              "Name": "HR-test-Test_VPC-us-east-1a",
              "Owner": "Surya"
            },
            "tags_all": {
              "Environment": "Test",
              "Name": "HR-test-Test_VPC-us-east-1a",
              "Owner": "Surya"
            },
            "timeouts": null
          },
          "sensitive_attributes": [],
          "identity_schema_version": 0,
          "private": "eyJlMmJmYjczMC1lY2FhLTExZTYtOGY4OC0zNDM2M2JjN2M0YzAiOnsiZGVsZXRlIjoxODAwMDAwMDAwMDAsInJlYWQiOjkwMDAwMDAwMDAwMCwidXBkYXRlIjozMDAwMDAwMDAwMDB9fQ==",
          "dependencies": [
            "module.vpc.aws_internet_gateway.this",
            "module.vpc.aws_vpc.this",
            "module.vpc.aws_vpc_ipv4_cidr_block_association.this"
          ],
          "create_before_destroy": true
        }
      ]
    },
    {
      "module": "module.vpc",
      "mode": "managed",
      "type": "aws_internet_gateway",
      "name": "this",
      "provider": "provider[\"registry.terraform.io/hashicorp/aws\"]",
      "instances": [
        {
          "index_key": 0,
          "schema_version": 0,
          "attributes": {
            "arn": "arn:aws:ec2:us-east-1:072951074420:internet-gateway/igw-0148a035590922fbd",
            "id": "igw-0148a035590922fbd",
            "owner_id": "072951074420",
            "region": "us-east-1",
            "tags": {
              "Environment": "Test",
              "Name": "HR-test-Test_VPC",
              "Owner": "Surya"
            },
            "tags_all": {
              "Environment": "Test",
              "Name": "HR-test-Test_VPC",
              "Owner": "Surya"
            },
            "timeouts": null,
            "vpc_id": "vpc-05a07f92180aa2b16"
          },
          "sensitive_attributes": [],
          "identity_schema_version": 0,
          "private": "eyJlMmJmYjczMC1lY2FhLTExZTYtOGY4OC0zNDM2M2JjN2M0YzAiOnsiY3JlYXRlIjoxMjAwMDAwMDAwMDAwLCJkZWxldGUiOjEyMDAwMDAwMDAwMDAsInVwZGF0ZSI6MTIwMDAwMDAwMDAwMH19",
          "dependencies": [
            "module.vpc.aws_vpc.this",
            "module.vpc.aws_vpc_ipv4_cidr_block_association.this"
          ],
          "create_before_destroy": true
        }
      ]
    },
    {
      "module": "module.vpc",
      "mode": "managed",
      "type": "aws_nat_gateway",
      "name": "this",
      "provider": "provider[\"registry.terraform.io/hashicorp/aws\"]",
      "instances": [
        {
          "index_key": 0,
          "schema_version": 0,
          "attributes": {
            "allocation_id": "eipalloc-091dbbd47320b7c1b",
            "association_id": "eipassoc-04a64582e1e6163bc",
            "auto_provision_zones": null,
            "auto_scaling_ips": null,
            "availability_mode": "zonal",
            "availability_zone_address": [],
            "connectivity_type": "public",
            "id": "nat-069cf6a46287cfa19",
            "network_interface_id": "eni-08af51f990419ec67",
            "private_ip": "10.0.101.222",
            "public_ip": "3.215.0.173",
            "region": "us-east-1",
            "regional_nat_gateway_address": [],
            "regional_nat_gateway_auto_mode": null,
            "route_table_id": null,
            "secondary_allocation_ids": [],
            "secondary_private_ip_address_count": 0,
            "secondary_private_ip_addresses": [],
            "subnet_id": "subnet-00b11d58bb56760dd",
            "tags": {
              "Environment": "Test",
              "Name": "HR-test-Test_VPC-us-east-1a",
              "Owner": "Surya"
            },
            "tags_all": {
              "Environment": "Test",
              "Name": "HR-test-Test_VPC-us-east-1a",
              "Owner": "Surya"
            },
            "timeouts": null,
            "vpc_id": "vpc-05a07f92180aa2b16"
          },
          "sensitive_attributes": [],
          "identity_schema_version": 0,
          "private": "eyJlMmJmYjczMC1lY2FhLTExZTYtOGY4OC0zNDM2M2JjN2M0YzAiOnsiY3JlYXRlIjo2MDAwMDAwMDAwMDAsImRlbGV0ZSI6MTgwMDAwMDAwMDAwMCwidXBkYXRlIjo2MDAwMDAwMDAwMDB9fQ==",
          "dependencies": [
            "module.vpc.aws_eip.nat",
            "module.vpc.aws_internet_gateway.this",
            "module.vpc.aws_subnet.public",
            "module.vpc.aws_vpc.this",
            "module.vpc.aws_vpc_ipv4_cidr_block_association.this"
          ],
          "create_before_destroy": true
        }
      ]
    },
    {
      "module": "module.vpc",
      "mode": "managed",
      "type": "aws_route",
      "name": "private_nat_gateway",
      "provider": "provider[\"registry.terraform.io/hashicorp/aws\"]",
      "instances": [
        {
          "index_key": 0,
          "schema_version": 0,
          "attributes": {
            "carrier_gateway_id": "",
            "core_network_arn": "",
            "destination_cidr_block": "0.0.0.0/0",
            "destination_ipv6_cidr_block": "",
            "destination_prefix_list_id": "",
            "egress_only_gateway_id": "",
            "gateway_id": "",
            "id": "r-rtb-0222febc8ee1d1d291080289494",
            "instance_id": "",
            "instance_owner_id": "",
            "local_gateway_id": "",
            "nat_gateway_id": "nat-069cf6a46287cfa19",
            "network_interface_id": "",
            "origin": "CreateRoute",
            "region": "us-east-1",
            "route_table_id": "rtb-0222febc8ee1d1d29",
            "state": "active",
            "timeouts": {
              "create": "5m",
              "delete": null,
              "update": null
            },
            "transit_gateway_id": "",
            "vpc_endpoint_id": "",
            "vpc_peering_connection_id": ""
          },
          "sensitive_attributes": [],
          "identity_schema_version": 0,
          "identity": {
            "account_id": "072951074420",
            "destination_cidr_block": "0.0.0.0/0",
            "destination_ipv6_cidr_block": null,
            "destination_prefix_list_id": null,
            "region": "us-east-1",
            "route_table_id": "rtb-0222febc8ee1d1d29"
          },
          "private": "eyJlMmJmYjczMC1lY2FhLTExZTYtOGY4OC0zNDM2M2JjN2M0YzAiOnsiY3JlYXRlIjozMDAwMDAwMDAwMDAsImRlbGV0ZSI6MzAwMDAwMDAwMDAwLCJ1cGRhdGUiOjEyMDAwMDAwMDAwMH19",
          "dependencies": [
            "module.vpc.aws_eip.nat",
            "module.vpc.aws_internet_gateway.this",
            "module.vpc.aws_nat_gateway.this",
            "module.vpc.aws_route_table.private",
            "module.vpc.aws_subnet.public",
            "module.vpc.aws_vpc.this",
            "module.vpc.aws_vpc_ipv4_cidr_block_association.this"
          ],
          "create_before_destroy": true
        }
      ]
    },
    {
      "module": "module.vpc",
      "mode": "managed",
      "type": "aws_route",
      "name": "public_internet_gateway",
      "provider": "provider[\"registry.terraform.io/hashicorp/aws\"]",
      "instances": [
        {
          "index_key": 0,
          "schema_version": 0,
          "attributes": {
            "carrier_gateway_id": "",
            "core_network_arn": "",
            "destination_cidr_block": "0.0.0.0/0",
            "destination_ipv6_cidr_block": "",
            "destination_prefix_list_id": "",
            "egress_only_gateway_id": "",
            "gateway_id": "igw-0148a035590922fbd",
            "id": "r-rtb-02262ab58fd43c36c1080289494",
            "instance_id": "",
            "instance_owner_id": "",
            "local_gateway_id": "",
            "nat_gateway_id": "",
            "network_interface_id": "",
            "origin": "CreateRoute",
            "region": "us-east-1",
            "route_table_id": "rtb-02262ab58fd43c36c",
            "state": "active",
            "timeouts": {
              "create": "5m",
              "delete": null,
              "update": null
            },
            "transit_gateway_id": "",
            "vpc_endpoint_id": "",
            "vpc_peering_connection_id": ""
          },
          "sensitive_attributes": [],
          "identity_schema_version": 0,
          "identity": {
            "account_id": "072951074420",
            "destination_cidr_block": "0.0.0.0/0",
            "destination_ipv6_cidr_block": null,
            "destination_prefix_list_id": null,
            "region": "us-east-1",
            "route_table_id": "rtb-02262ab58fd43c36c"
          },
          "private": "eyJlMmJmYjczMC1lY2FhLTExZTYtOGY4OC0zNDM2M2JjN2M0YzAiOnsiY3JlYXRlIjozMDAwMDAwMDAwMDAsImRlbGV0ZSI6MzAwMDAwMDAwMDAwLCJ1cGRhdGUiOjEyMDAwMDAwMDAwMH19",
          "dependencies": [
            "module.vpc.aws_internet_gateway.this",
            "module.vpc.aws_route_table.public",
            "module.vpc.aws_vpc.this",
            "module.vpc.aws_vpc_ipv4_cidr_block_association.this"
          ],
          "create_before_destroy": true
        }
      ]
    },
    {
      "module": "module.vpc",
      "mode": "managed",
      "type": "aws_route_table",
      "name": "private",
      "provider": "provider[\"registry.terraform.io/hashicorp/aws\"]",
      "instances": [
        {
          "index_key": 0,
          "schema_version": 0,
          "attributes": {
            "arn": "arn:aws:ec2:us-east-1:072951074420:route-table/rtb-0222febc8ee1d1d29",
            "id": "rtb-0222febc8ee1d1d29",
            "owner_id": "072951074420",
            "propagating_vgws": [],
            "region": "us-east-1",
            "route": [
              {
                "carrier_gateway_id": "",
                "cidr_block": "0.0.0.0/0",
                "core_network_arn": "",
                "destination_prefix_list_id": "",
                "egress_only_gateway_id": "",
                "gateway_id": "",
                "ipv6_cidr_block": "",
                "local_gateway_id": "",
                "nat_gateway_id": "nat-069cf6a46287cfa19",
                "network_interface_id": "",
                "transit_gateway_id": "",
                "vpc_endpoint_id": "",
                "vpc_peering_connection_id": ""
              }
            ],
            "tags": {
              "Environment": "Test",
              "Name": "HR-test-Test_VPC-private",
              "Owner": "Surya"
            },
            "tags_all": {
              "Environment": "Test",
              "Name": "HR-test-Test_VPC-private",
              "Owner": "Surya"
            },
            "timeouts": null,
            "vpc_id": "vpc-05a07f92180aa2b16"
          },
          "sensitive_attributes": [],
          "identity_schema_version": 0,
          "identity": {
            "account_id": "072951074420",
            "id": "rtb-0222febc8ee1d1d29",
            "region": "us-east-1"
          },
          "private": "eyJlMmJmYjczMC1lY2FhLTExZTYtOGY4OC0zNDM2M2JjN2M0YzAiOnsiY3JlYXRlIjozMDAwMDAwMDAwMDAsImRlbGV0ZSI6MzAwMDAwMDAwMDAwLCJ1cGRhdGUiOjEyMDAwMDAwMDAwMH19",
          "dependencies": [
            "module.vpc.aws_vpc.this",
            "module.vpc.aws_vpc_ipv4_cidr_block_association.this"
          ],
          "create_before_destroy": true
        }
      ]
    },
    {
      "module": "module.vpc",
      "mode": "managed",
      "type": "aws_route_table",
      "name": "public",
      "provider": "provider[\"registry.terraform.io/hashicorp/aws\"]",
      "instances": [
        {
          "index_key": 0,
          "schema_version": 0,
          "attributes": {
            "arn": "arn:aws:ec2:us-east-1:072951074420:route-table/rtb-02262ab58fd43c36c",
            "id": "rtb-02262ab58fd43c36c",
            "owner_id": "072951074420",
            "propagating_vgws": [],
            "region": "us-east-1",
            "route": [
              {
                "carrier_gateway_id": "",
                "cidr_block": "0.0.0.0/0",
                "core_network_arn": "",
                "destination_prefix_list_id": "",
                "egress_only_gateway_id": "",
                "gateway_id": "igw-0148a035590922fbd",
                "ipv6_cidr_block": "",
                "local_gateway_id": "",
                "nat_gateway_id": "",
                "network_interface_id": "",
                "transit_gateway_id": "",
                "vpc_endpoint_id": "",
                "vpc_peering_connection_id": ""
              }
            ],
            "tags": {
              "Environment": "Test",
              "Name": "HR-test-Test_VPC-public",
              "Owner": "Surya"
            },
            "tags_all": {
              "Environment": "Test",
              "Name": "HR-test-Test_VPC-public",
              "Owner": "Surya"
            },
            "timeouts": null,
            "vpc_id": "vpc-05a07f92180aa2b16"
          },
          "sensitive_attributes": [],
          "identity_schema_version": 0,
          "identity": {
            "account_id": "072951074420",
            "id": "rtb-02262ab58fd43c36c",
            "region": "us-east-1"
          },
          "private": "eyJlMmJmYjczMC1lY2FhLTExZTYtOGY4OC0zNDM2M2JjN2M0YzAiOnsiY3JlYXRlIjozMDAwMDAwMDAwMDAsImRlbGV0ZSI6MzAwMDAwMDAwMDAwLCJ1cGRhdGUiOjEyMDAwMDAwMDAwMH19",
          "dependencies": [
            "module.vpc.aws_vpc.this",
            "module.vpc.aws_vpc_ipv4_cidr_block_association.this"
          ],
          "create_before_destroy": true
        }
      ]
    },
    {
      "module": "module.vpc",
      "mode": "managed",
      "type": "aws_route_table_association",
      "name": "database",
      "provider": "provider[\"registry.terraform.io/hashicorp/aws\"]",
      "instances": [
        {
          "index_key": 0,
          "schema_version": 0,
          "attributes": {
            "gateway_id": "",
            "id": "rtbassoc-0583374904a0d4204",
            "region": "us-east-1",
            "route_table_id": "rtb-0222febc8ee1d1d29",
            "subnet_id": "subnet-0b6603cfb45268023",
            "timeouts": null
          },
          "sensitive_attributes": [],
          "identity_schema_version": 0,
          "private": "eyJlMmJmYjczMC1lY2FhLTExZTYtOGY4OC0zNDM2M2JjN2M0YzAiOnsiY3JlYXRlIjozMDAwMDAwMDAwMDAsImRlbGV0ZSI6MzAwMDAwMDAwMDAwLCJ1cGRhdGUiOjEyMDAwMDAwMDAwMH19",
          "dependencies": [
            "module.vpc.aws_route_table.database",
            "module.vpc.aws_route_table.private",
            "module.vpc.aws_subnet.database",
            "module.vpc.aws_vpc.this",
            "module.vpc.aws_vpc_ipv4_cidr_block_association.this"
          ],
          "create_before_destroy": true
        },
        {
          "index_key": 1,
          "schema_version": 0,
          "attributes": {
            "gateway_id": "",
            "id": "rtbassoc-0bffaf81a09f34df6",
            "region": "us-east-1",
            "route_table_id": "rtb-0222febc8ee1d1d29",
            "subnet_id": "subnet-045f85a4d1424a70e",
            "timeouts": null
          },
          "sensitive_attributes": [],
          "identity_schema_version": 0,
          "private": "eyJlMmJmYjczMC1lY2FhLTExZTYtOGY4OC0zNDM2M2JjN2M0YzAiOnsiY3JlYXRlIjozMDAwMDAwMDAwMDAsImRlbGV0ZSI6MzAwMDAwMDAwMDAwLCJ1cGRhdGUiOjEyMDAwMDAwMDAwMH19",
          "dependencies": [
            "module.vpc.aws_route_table.database",
            "module.vpc.aws_route_table.private",
            "module.vpc.aws_subnet.database",
            "module.vpc.aws_vpc.this",
            "module.vpc.aws_vpc_ipv4_cidr_block_association.this"
          ],
          "create_before_destroy": true
        }
      ]
    },
    {
      "module": "module.vpc",
      "mode": "managed",
      "type": "aws_route_table_association",
      "name": "private",
      "provider": "provider[\"registry.terraform.io/hashicorp/aws\"]",
      "instances": [
        {
          "index_key": 0,
          "schema_version": 0,
          "attributes": {
            "gateway_id": "",
            "id": "rtbassoc-0581376d280098568",
            "region": "us-east-1",
            "route_table_id": "rtb-0222febc8ee1d1d29",
            "subnet_id": "subnet-0f2d90dac1bef9a7f",
            "timeouts": null
          },
          "sensitive_attributes": [],
          "identity_schema_version": 0,
          "private": "eyJlMmJmYjczMC1lY2FhLTExZTYtOGY4OC0zNDM2M2JjN2M0YzAiOnsiY3JlYXRlIjozMDAwMDAwMDAwMDAsImRlbGV0ZSI6MzAwMDAwMDAwMDAwLCJ1cGRhdGUiOjEyMDAwMDAwMDAwMH19",
          "dependencies": [
            "module.vpc.aws_route_table.private",
            "module.vpc.aws_subnet.private",
            "module.vpc.aws_vpc.this",
            "module.vpc.aws_vpc_ipv4_cidr_block_association.this"
          ],
          "create_before_destroy": true
        },
        {
          "index_key": 1,
          "schema_version": 0,
          "attributes": {
            "gateway_id": "",
            "id": "rtbassoc-011442f7da7032615",
            "region": "us-east-1",
            "route_table_id": "rtb-0222febc8ee1d1d29",
            "subnet_id": "subnet-0c37eec27708566ac",
            "timeouts": null
          },
          "sensitive_attributes": [],
          "identity_schema_version": 0,
          "private": "eyJlMmJmYjczMC1lY2FhLTExZTYtOGY4OC0zNDM2M2JjN2M0YzAiOnsiY3JlYXRlIjozMDAwMDAwMDAwMDAsImRlbGV0ZSI6MzAwMDAwMDAwMDAwLCJ1cGRhdGUiOjEyMDAwMDAwMDAwMH19",
          "dependencies": [
            "module.vpc.aws_route_table.private",
            "module.vpc.aws_subnet.private",
            "module.vpc.aws_vpc.this",
            "module.vpc.aws_vpc_ipv4_cidr_block_association.this"
          ],
          "create_before_destroy": true
        }
      ]
    },
    {
      "module": "module.vpc",
      "mode": "managed",
      "type": "aws_route_table_association",
      "name": "public",
      "provider": "provider[\"registry.terraform.io/hashicorp/aws\"]",
      "instances": [
        {
          "index_key": 0,
          "schema_version": 0,
          "attributes": {
            "gateway_id": "",
            "id": "rtbassoc-08d3dad6fbe92c462",
            "region": "us-east-1",
            "route_table_id": "rtb-02262ab58fd43c36c",
            "subnet_id": "subnet-00b11d58bb56760dd",
            "timeouts": null
          },
          "sensitive_attributes": [],
          "identity_schema_version": 0,
          "private": "eyJlMmJmYjczMC1lY2FhLTExZTYtOGY4OC0zNDM2M2JjN2M0YzAiOnsiY3JlYXRlIjozMDAwMDAwMDAwMDAsImRlbGV0ZSI6MzAwMDAwMDAwMDAwLCJ1cGRhdGUiOjEyMDAwMDAwMDAwMH19",
          "dependencies": [
            "module.vpc.aws_route_table.public",
            "module.vpc.aws_subnet.public",
            "module.vpc.aws_vpc.this",
            "module.vpc.aws_vpc_ipv4_cidr_block_association.this"
          ],
          "create_before_destroy": true
        },
        {
          "index_key": 1,
          "schema_version": 0,
          "attributes": {
            "gateway_id": "",
            "id": "rtbassoc-0fd0c07170e0b9fc5",
            "region": "us-east-1",
            "route_table_id": "rtb-02262ab58fd43c36c",
            "subnet_id": "subnet-0f27970ce69edda4a",
            "timeouts": null
          },
          "sensitive_attributes": [],
          "identity_schema_version": 0,
          "private": "eyJlMmJmYjczMC1lY2FhLTExZTYtOGY4OC0zNDM2M2JjN2M0YzAiOnsiY3JlYXRlIjozMDAwMDAwMDAwMDAsImRlbGV0ZSI6MzAwMDAwMDAwMDAwLCJ1cGRhdGUiOjEyMDAwMDAwMDAwMH19",
          "dependencies": [
            "module.vpc.aws_route_table.public",
            "module.vpc.aws_subnet.public",
            "module.vpc.aws_vpc.this",
            "module.vpc.aws_vpc_ipv4_cidr_block_association.this"
          ],
          "create_before_destroy": true
        }
      ]
    },
    {
      "module": "module.vpc",
      "mode": "managed",
      "type": "aws_subnet",
      "name": "database",
      "provider": "provider[\"registry.terraform.io/hashicorp/aws\"]",
      "instances": [
        {
          "index_key": 0,
          "schema_version": 1,
          "attributes": {
            "arn": "arn:aws:ec2:us-east-1:072951074420:subnet/subnet-0b6603cfb45268023",
            "assign_ipv6_address_on_creation": false,
            "availability_zone": "us-east-1a",
            "availability_zone_id": "use1-az1",
            "cidr_block": "10.0.151.0/24",
            "customer_owned_ipv4_pool": "",
            "enable_dns64": false,
            "enable_lni_at_device_index": 0,
            "enable_resource_name_dns_a_record_on_launch": false,
            "enable_resource_name_dns_aaaa_record_on_launch": false,
            "id": "subnet-0b6603cfb45268023",
            "ipv6_cidr_block": "",
            "ipv6_cidr_block_association_id": "",
            "ipv6_native": false,
            "map_customer_owned_ip_on_launch": false,
            "map_public_ip_on_launch": false,
            "outpost_arn": "",
            "owner_id": "072951074420",
            "private_dns_hostname_type_on_launch": "ip-name",
            "region": "us-east-1",
            "tags": {
              "Environment": "Test",
              "Name": "Database Subnet tags",
              "Owner": "Surya"
            },
            "tags_all": {
              "Environment": "Test",
              "Name": "Database Subnet tags",
              "Owner": "Surya"
            },
            "timeouts": null,
            "vpc_id": "vpc-05a07f92180aa2b16"
          },
          "sensitive_attributes": [],
          "identity_schema_version": 0,
          "identity": {
            "account_id": "072951074420",
            "id": "subnet-0b6603cfb45268023",
            "region": "us-east-1"
          },
          "private": "eyJlMmJmYjczMC1lY2FhLTExZTYtOGY4OC0zNDM2M2JjN2M0YzAiOnsiY3JlYXRlIjo2MDAwMDAwMDAwMDAsImRlbGV0ZSI6MTIwMDAwMDAwMDAwMH0sInNjaGVtYV92ZXJzaW9uIjoiMSJ9",
          "dependencies": [
            "module.vpc.aws_vpc.this",
            "module.vpc.aws_vpc_ipv4_cidr_block_association.this"
          ],
          "create_before_destroy": true
        },
        {
          "index_key": 1,
          "schema_version": 1,
          "attributes": {
            "arn": "arn:aws:ec2:us-east-1:072951074420:subnet/subnet-045f85a4d1424a70e",
            "assign_ipv6_address_on_creation": false,
            "availability_zone": "us-east-1b",
            "availability_zone_id": "use1-az2",
            "cidr_block": "10.0.152.0/24",
            "customer_owned_ipv4_pool": "",
            "enable_dns64": false,
            "enable_lni_at_device_index": 0,
            "enable_resource_name_dns_a_record_on_launch": false,
            "enable_resource_name_dns_aaaa_record_on_launch": false,
            "id": "subnet-045f85a4d1424a70e",
            "ipv6_cidr_block": "",
            "ipv6_cidr_block_association_id": "",
            "ipv6_native": false,
            "map_customer_owned_ip_on_launch": false,
            "map_public_ip_on_launch": false,
            "outpost_arn": "",
            "owner_id": "072951074420",
            "private_dns_hostname_type_on_launch": "ip-name",
            "region": "us-east-1",
            "tags": {
              "Environment": "Test",
              "Name": "Database Subnet tags",
              "Owner": "Surya"
            },
            "tags_all": {
              "Environment": "Test",
              "Name": "Database Subnet tags",
              "Owner": "Surya"
            },
            "timeouts": null,
            "vpc_id": "vpc-05a07f92180aa2b16"
          },
          "sensitive_attributes": [],
          "identity_schema_version": 0,
          "identity": {
            "account_id": "072951074420",
            "id": "subnet-045f85a4d1424a70e",
            "region": "us-east-1"
          },
          "private": "eyJlMmJmYjczMC1lY2FhLTExZTYtOGY4OC0zNDM2M2JjN2M0YzAiOnsiY3JlYXRlIjo2MDAwMDAwMDAwMDAsImRlbGV0ZSI6MTIwMDAwMDAwMDAwMH0sInNjaGVtYV92ZXJzaW9uIjoiMSJ9",
          "dependencies": [
            "module.vpc.aws_vpc.this",
            "module.vpc.aws_vpc_ipv4_cidr_block_association.this"
          ],
          "create_before_destroy": true
        }
      ]
    },
    {
      "module": "module.vpc",
      "mode": "managed",
      "type": "aws_subnet",
      "name": "private",
      "provider": "provider[\"registry.terraform.io/hashicorp/aws\"]",
      "instances": [
        {
          "index_key": 0,
          "schema_version": 1,
          "attributes": {
            "arn": "arn:aws:ec2:us-east-1:072951074420:subnet/subnet-0f2d90dac1bef9a7f",
            "assign_ipv6_address_on_creation": false,
            "availability_zone": "us-east-1a",
            "availability_zone_id": "use1-az1",
            "cidr_block": "10.0.1.0/24",
            "customer_owned_ipv4_pool": "",
            "enable_dns64": false,
            "enable_lni_at_device_index": 0,
            "enable_resource_name_dns_a_record_on_launch": false,
            "enable_resource_name_dns_aaaa_record_on_launch": false,
            "id": "subnet-0f2d90dac1bef9a7f",
            "ipv6_cidr_block": "",
            "ipv6_cidr_block_association_id": "",
            "ipv6_native": false,
            "map_customer_owned_ip_on_launch": false,
            "map_public_ip_on_launch": false,
            "outpost_arn": "",
            "owner_id": "072951074420",
            "private_dns_hostname_type_on_launch": "ip-name",
            "region": "us-east-1",
            "tags": {
              "Environment": "Test",
              "Name": "Private Subnet tags",
              "Owner": "Surya"
            },
            "tags_all": {
              "Environment": "Test",
              "Name": "Private Subnet tags",
              "Owner": "Surya"
            },
            "timeouts": null,
            "vpc_id": "vpc-05a07f92180aa2b16"
          },
          "sensitive_attributes": [],
          "identity_schema_version": 0,
          "identity": {
            "account_id": "072951074420",
            "id": "subnet-0f2d90dac1bef9a7f",
            "region": "us-east-1"
          },
          "private": "eyJlMmJmYjczMC1lY2FhLTExZTYtOGY4OC0zNDM2M2JjN2M0YzAiOnsiY3JlYXRlIjo2MDAwMDAwMDAwMDAsImRlbGV0ZSI6MTIwMDAwMDAwMDAwMH0sInNjaGVtYV92ZXJzaW9uIjoiMSJ9",
          "dependencies": [
            "module.vpc.aws_vpc.this",
            "module.vpc.aws_vpc_ipv4_cidr_block_association.this"
          ],
          "create_before_destroy": true
        },
        {
          "index_key": 1,
          "schema_version": 1,
          "attributes": {
            "arn": "arn:aws:ec2:us-east-1:072951074420:subnet/subnet-0c37eec27708566ac",
            "assign_ipv6_address_on_creation": false,
            "availability_zone": "us-east-1b",
            "availability_zone_id": "use1-az2",
            "cidr_block": "10.0.2.0/24",
            "customer_owned_ipv4_pool": "",
            "enable_dns64": false,
            "enable_lni_at_device_index": 0,
            "enable_resource_name_dns_a_record_on_launch": false,
            "enable_resource_name_dns_aaaa_record_on_launch": false,
            "id": "subnet-0c37eec27708566ac",
            "ipv6_cidr_block": "",
            "ipv6_cidr_block_association_id": "",
            "ipv6_native": false,
            "map_customer_owned_ip_on_launch": false,
            "map_public_ip_on_launch": false,
            "outpost_arn": "",
            "owner_id": "072951074420",
            "private_dns_hostname_type_on_launch": "ip-name",
            "region": "us-east-1",
            "tags": {
              "Environment": "Test",
              "Name": "Private Subnet tags",
              "Owner": "Surya"
            },
            "tags_all": {
              "Environment": "Test",
              "Name": "Private Subnet tags",
              "Owner": "Surya"
            },
            "timeouts": null,
            "vpc_id": "vpc-05a07f92180aa2b16"
          },
          "sensitive_attributes": [],
          "identity_schema_version": 0,
          "identity": {
            "account_id": "072951074420",
            "id": "subnet-0c37eec27708566ac",
            "region": "us-east-1"
          },
          "private": "eyJlMmJmYjczMC1lY2FhLTExZTYtOGY4OC0zNDM2M2JjN2M0YzAiOnsiY3JlYXRlIjo2MDAwMDAwMDAwMDAsImRlbGV0ZSI6MTIwMDAwMDAwMDAwMH0sInNjaGVtYV92ZXJzaW9uIjoiMSJ9",
          "dependencies": [
            "module.vpc.aws_vpc.this",
            "module.vpc.aws_vpc_ipv4_cidr_block_association.this"
          ],
          "create_before_destroy": true
        }
      ]
    },
    {
      "module": "module.vpc",
      "mode": "managed",
      "type": "aws_subnet",
      "name": "public",
      "provider": "provider[\"registry.terraform.io/hashicorp/aws\"]",
      "instances": [
        {
          "index_key": 0,
          "schema_version": 1,
          "attributes": {
            "arn": "arn:aws:ec2:us-east-1:072951074420:subnet/subnet-00b11d58bb56760dd",
            "assign_ipv6_address_on_creation": false,
            "availability_zone": "us-east-1a",
            "availability_zone_id": "use1-az1",
            "cidr_block": "10.0.101.0/24",
            "customer_owned_ipv4_pool": "",
            "enable_dns64": false,
            "enable_lni_at_device_index": 0,
            "enable_resource_name_dns_a_record_on_launch": false,
            "enable_resource_name_dns_aaaa_record_on_launch": false,
            "id": "subnet-00b11d58bb56760dd",
            "ipv6_cidr_block": "",
            "ipv6_cidr_block_association_id": "",
            "ipv6_native": false,
            "map_customer_owned_ip_on_launch": false,
            "map_public_ip_on_launch": false,
            "outpost_arn": "",
            "owner_id": "072951074420",
            "private_dns_hostname_type_on_launch": "ip-name",
            "region": "us-east-1",
            "tags": {
              "Environment": "Test",
              "Name": "Public Subnet tags",
              "Owner": "Surya"
            },
            "tags_all": {
              "Environment": "Test",
              "Name": "Public Subnet tags",
              "Owner": "Surya"
            },
            "timeouts": null,
            "vpc_id": "vpc-05a07f92180aa2b16"
          },
          "sensitive_attributes": [],
          "identity_schema_version": 0,
          "identity": {
            "account_id": "072951074420",
            "id": "subnet-00b11d58bb56760dd",
            "region": "us-east-1"
          },
          "private": "eyJlMmJmYjczMC1lY2FhLTExZTYtOGY4OC0zNDM2M2JjN2M0YzAiOnsiY3JlYXRlIjo2MDAwMDAwMDAwMDAsImRlbGV0ZSI6MTIwMDAwMDAwMDAwMH0sInNjaGVtYV92ZXJzaW9uIjoiMSJ9",
          "dependencies": [
            "module.vpc.aws_vpc.this",
            "module.vpc.aws_vpc_ipv4_cidr_block_association.this"
          ],
          "create_before_destroy": true
        },
        {
          "index_key": 1,
          "schema_version": 1,
          "attributes": {
            "arn": "arn:aws:ec2:us-east-1:072951074420:subnet/subnet-0f27970ce69edda4a",
            "assign_ipv6_address_on_creation": false,
            "availability_zone": "us-east-1b",
            "availability_zone_id": "use1-az2",
            "cidr_block": "10.0.102.0/24",
            "customer_owned_ipv4_pool": "",
            "enable_dns64": false,
            "enable_lni_at_device_index": 0,
            "enable_resource_name_dns_a_record_on_launch": false,
            "enable_resource_name_dns_aaaa_record_on_launch": false,
            "id": "subnet-0f27970ce69edda4a",
            "ipv6_cidr_block": "",
            "ipv6_cidr_block_association_id": "",
            "ipv6_native": false,
            "map_customer_owned_ip_on_launch": false,
            "map_public_ip_on_launch": false,
            "outpost_arn": "",
            "owner_id": "072951074420",
            "private_dns_hostname_type_on_launch": "ip-name",
            "region": "us-east-1",
            "tags": {
              "Environment": "Test",
              "Name": "Public Subnet tags",
              "Owner": "Surya"
            },
            "tags_all": {
              "Environment": "Test",
              "Name": "Public Subnet tags",
              "Owner": "Surya"
            },
            "timeouts": null,
            "vpc_id": "vpc-05a07f92180aa2b16"
          },
          "sensitive_attributes": [],
          "identity_schema_version": 0,
          "identity": {
            "account_id": "072951074420",
            "id": "subnet-0f27970ce69edda4a",
            "region": "us-east-1"
          },
          "private": "eyJlMmJmYjczMC1lY2FhLTExZTYtOGY4OC0zNDM2M2JjN2M0YzAiOnsiY3JlYXRlIjo2MDAwMDAwMDAwMDAsImRlbGV0ZSI6MTIwMDAwMDAwMDAwMH0sInNjaGVtYV92ZXJzaW9uIjoiMSJ9",
          "dependencies": [
            "module.vpc.aws_vpc.this",
            "module.vpc.aws_vpc_ipv4_cidr_block_association.this"
          ],
          "create_before_destroy": true
        }
      ]
    },
    {
      "module": "module.vpc",
      "mode": "managed",
      "type": "aws_vpc",
      "name": "this",
      "provider": "provider[\"registry.terraform.io/hashicorp/aws\"]",
      "instances": [
        {
          "index_key": 0,
          "schema_version": 1,
          "attributes": {
            "arn": "arn:aws:ec2:us-east-1:072951074420:vpc/vpc-05a07f92180aa2b16",
            "assign_generated_ipv6_cidr_block": false,
            "cidr_block": "10.0.0.0/16",
            "default_network_acl_id": "acl-0189be6a57b1f6d12",
            "default_route_table_id": "rtb-0f475ddf45945886d",
            "default_security_group_id": "sg-000e981f299b4e576",
            "dhcp_options_id": "dopt-0db0c3b3aac44ddd2",
            "enable_dns_hostnames": true,
            "enable_dns_support": true,
            "enable_network_address_usage_metrics": false,
            "id": "vpc-05a07f92180aa2b16",
            "instance_tenancy": "default",
            "ipv4_ipam_pool_id": null,
            "ipv4_netmask_length": null,
            "ipv6_association_id": "",
            "ipv6_cidr_block": "",
            "ipv6_cidr_block_network_border_group": "",
            "ipv6_ipam_pool_id": "",
            "ipv6_netmask_length": 0,
            "main_route_table_id": "rtb-0f475ddf45945886d",
            "owner_id": "072951074420",
            "region": "us-east-1",
            "tags": {
              "Environment": "Test",
              "Name": "vpc-test",
              "Owner": "Surya"
            },
            "tags_all": {
              "Environment": "Test",
              "Name": "vpc-test",
              "Owner": "Surya"
            }
          },
          "sensitive_attributes": [],
          "identity_schema_version": 0,
          "identity": {
            "account_id": "072951074420",
            "id": "vpc-05a07f92180aa2b16",
            "region": "us-east-1"
          },
          "private": "eyJzY2hlbWFfdmVyc2lvbiI6IjEifQ==",
          "create_before_destroy": true
        }
      ]
    }
  ],
  "check_results": [
    {
      "object_kind": "var",
      "config_addr": "module.acm.var.validation_method",
      "status": "pass",
      "objects": [
        {
          "object_addr": "module.acm.var.validation_method",
          "status": "pass"
        }
      ]
    }
  ]
}
